<?xml version="1.0" encoding="utf-8"?>
<Project ToolsVersion="4.0" xmlns="http://schemas.microsoft.com/developer/msbuild/2003">
  <ItemGroup>
    <Filter Include="Ghastly">
      <UniqueIdentifier>{3d2b6a65-6098-4c66-9f51-349d5567ba19}</UniqueIdentifier>
    </Filter>
    <Filter Include="Ghastly\Base">
      <UniqueIdentifier>{6b4b9337-c6b3-4704-b7fb-17b62339b484}</UniqueIdentifier>
    </Filter>
    <Filter Include="Ghastly\Resource">
      <UniqueIdentifier>{ae3fb482-5550-48fc-b085-ca2e0382e266}</UniqueIdentifier>
    </Filter>
    <Filter Include="Ghastly\Box2D">
      <UniqueIdentifier>{d4185f84-b83c-47a2-b1bd-ba212e348e04}</UniqueIdentifier>
    </Filter>
    <Filter Include="Ghastly\Render">
      <UniqueIdentifier>{654321d7-f110-4138-ab33-51c249bb09d9}</UniqueIdentifier>
    </Filter>
    <Filter Include="Ghastly\Engine">
      <UniqueIdentifier>{9b1b7f54-28a5-42cc-ac5e-689ccae0a796}</UniqueIdentifier>
    </Filter>
    <Filter Include="Game">
      <UniqueIdentifier>{d72d2403-c03b-4437-ba43-b69cfcfd30a7}</UniqueIdentifier>
    </Filter>
    <Filter Include="Game\Game Objects">
      <UniqueIdentifier>{a62b6ba9-01b8-4a88-80c7-5af24159bfed}</UniqueIdentifier>
    </Filter>
    <Filter Include="Game\States">
      <UniqueIdentifier>{3b2d4583-e5e3-4c4a-9835-29f63758854f}</UniqueIdentifier>
    </Filter>
    <Filter Include="Game\Cores">
      <UniqueIdentifier>{3011f223-0ae9-486b-9ee2-552ecba263ad}</UniqueIdentifier>
    </Filter>
    <Filter Include="Game\Controllers">
      <UniqueIdentifier>{c5d07884-ca64-4c2d-86a8-3f5ef9138ce8}</UniqueIdentifier>
    </Filter>
    <Filter Include="Ghastly\Network">
      <UniqueIdentifier>{9172ae3f-e5d5-4782-9f81-e6ab73145f22}</UniqueIdentifier>
    </Filter>
    <Filter Include="Ghastly\Network\Ghastly">
      <UniqueIdentifier>{39152687-3a7a-4e3f-b77f-46741aca8f1b}</UniqueIdentifier>
    </Filter>
    <Filter Include="Ghastly\Network\Buffers">
      <UniqueIdentifier>{9a90b682-e585-4139-9770-3db52b6cd194}</UniqueIdentifier>
    </Filter>
    <Filter Include="Ghastly\Network\Sockets">
      <UniqueIdentifier>{ce01fbdc-db4c-47c5-b062-f8a5ce6dff2d}</UniqueIdentifier>
    </Filter>
    <Filter Include="Ghastly\Network\Providers">
      <UniqueIdentifier>{ec55952d-bc0c-489e-956a-11457f9c4280}</UniqueIdentifier>
    </Filter>
    <Filter Include="Ghastly\UI">
      <UniqueIdentifier>{1056dcbf-6c96-4801-b4aa-718bf645cd91}</UniqueIdentifier>
    </Filter>
  </ItemGroup>
  <ItemGroup>
    <ClCompile Include="..\Ghastly\Base\AABB2.cpp">
      <Filter>Ghastly\Base</Filter>
    </ClCompile>
    <ClCompile Include="..\Ghastly\Base\AABB3.cpp">
      <Filter>Ghastly\Base</Filter>
    </ClCompile>
    <ClCompile Include="..\Ghastly\Base\FileSystem.cpp">
      <Filter>Ghastly\Base</Filter>
    </ClCompile>
    <ClCompile Include="..\Ghastly\Base\Log.cpp">
      <Filter>Ghastly\Base</Filter>
    </ClCompile>
    <ClCompile Include="..\Ghastly\Base\Matrix4.cpp">
      <Filter>Ghastly\Base</Filter>
    </ClCompile>
    <ClCompile Include="..\Ghastly\Base\PropertyMap.cpp">
      <Filter>Ghastly\Base</Filter>
    </ClCompile>
    <ClCompile Include="..\Ghastly\Base\Vector2.cpp">
      <Filter>Ghastly\Base</Filter>
    </ClCompile>
    <ClCompile Include="..\Ghastly\Base\Vector3.cpp">
      <Filter>Ghastly\Base</Filter>
    </ClCompile>
    <ClCompile Include="..\Ghastly\Base\Vector4.cpp">
      <Filter>Ghastly\Base</Filter>
    </ClCompile>
    <ClCompile Include="..\Ghastly\Box2D\Collision\b2BroadPhase.cpp">
      <Filter>Ghastly\Box2D</Filter>
    </ClCompile>
    <ClCompile Include="..\Ghastly\Box2D\Collision\b2CollideCircle.cpp">
      <Filter>Ghastly\Box2D</Filter>
    </ClCompile>
    <ClCompile Include="..\Ghastly\Box2D\Collision\b2CollideEdge.cpp">
      <Filter>Ghastly\Box2D</Filter>
    </ClCompile>
    <ClCompile Include="..\Ghastly\Box2D\Collision\b2CollidePolygon.cpp">
      <Filter>Ghastly\Box2D</Filter>
    </ClCompile>
    <ClCompile Include="..\Ghastly\Box2D\Collision\b2Collision.cpp">
      <Filter>Ghastly\Box2D</Filter>
    </ClCompile>
    <ClCompile Include="..\Ghastly\Box2D\Collision\b2Distance.cpp">
      <Filter>Ghastly\Box2D</Filter>
    </ClCompile>
    <ClCompile Include="..\Ghastly\Box2D\Collision\b2DynamicTree.cpp">
      <Filter>Ghastly\Box2D</Filter>
    </ClCompile>
    <ClCompile Include="..\Ghastly\Box2D\Collision\b2TimeOfImpact.cpp">
      <Filter>Ghastly\Box2D</Filter>
    </ClCompile>
    <ClCompile Include="..\Ghastly\Box2D\Collision\Shapes\b2ChainShape.cpp">
      <Filter>Ghastly\Box2D</Filter>
    </ClCompile>
    <ClCompile Include="..\Ghastly\Box2D\Collision\Shapes\b2CircleShape.cpp">
      <Filter>Ghastly\Box2D</Filter>
    </ClCompile>
    <ClCompile Include="..\Ghastly\Box2D\Collision\Shapes\b2EdgeShape.cpp">
      <Filter>Ghastly\Box2D</Filter>
    </ClCompile>
    <ClCompile Include="..\Ghastly\Box2D\Collision\Shapes\b2PolygonShape.cpp">
      <Filter>Ghastly\Box2D</Filter>
    </ClCompile>
    <ClCompile Include="..\Ghastly\Box2D\Common\b2BlockAllocator.cpp">
      <Filter>Ghastly\Box2D</Filter>
    </ClCompile>
    <ClCompile Include="..\Ghastly\Box2D\Common\b2Draw.cpp">
      <Filter>Ghastly\Box2D</Filter>
    </ClCompile>
    <ClCompile Include="..\Ghastly\Box2D\Common\b2Math.cpp">
      <Filter>Ghastly\Box2D</Filter>
    </ClCompile>
    <ClCompile Include="..\Ghastly\Box2D\Common\b2Settings.cpp">
      <Filter>Ghastly\Box2D</Filter>
    </ClCompile>
    <ClCompile Include="..\Ghastly\Box2D\Common\b2StackAllocator.cpp">
      <Filter>Ghastly\Box2D</Filter>
    </ClCompile>
    <ClCompile Include="..\Ghastly\Box2D\Common\b2Timer.cpp">
      <Filter>Ghastly\Box2D</Filter>
    </ClCompile>
    <ClCompile Include="..\Ghastly\Box2D\Dynamics\b2Body.cpp">
      <Filter>Ghastly\Box2D</Filter>
    </ClCompile>
    <ClCompile Include="..\Ghastly\Box2D\Dynamics\b2ContactManager.cpp">
      <Filter>Ghastly\Box2D</Filter>
    </ClCompile>
    <ClCompile Include="..\Ghastly\Box2D\Dynamics\b2Fixture.cpp">
      <Filter>Ghastly\Box2D</Filter>
    </ClCompile>
    <ClCompile Include="..\Ghastly\Box2D\Dynamics\b2Island.cpp">
      <Filter>Ghastly\Box2D</Filter>
    </ClCompile>
    <ClCompile Include="..\Ghastly\Box2D\Dynamics\b2World.cpp">
      <Filter>Ghastly\Box2D</Filter>
    </ClCompile>
    <ClCompile Include="..\Ghastly\Box2D\Dynamics\b2WorldCallbacks.cpp">
      <Filter>Ghastly\Box2D</Filter>
    </ClCompile>
    <ClCompile Include="..\Ghastly\Box2D\Dynamics\Contacts\b2ChainAndCircleContact.cpp">
      <Filter>Ghastly\Box2D</Filter>
    </ClCompile>
    <ClCompile Include="..\Ghastly\Box2D\Dynamics\Contacts\b2ChainAndPolygonContact.cpp">
      <Filter>Ghastly\Box2D</Filter>
    </ClCompile>
    <ClCompile Include="..\Ghastly\Box2D\Dynamics\Contacts\b2CircleContact.cpp">
      <Filter>Ghastly\Box2D</Filter>
    </ClCompile>
    <ClCompile Include="..\Ghastly\Box2D\Dynamics\Contacts\b2Contact.cpp">
      <Filter>Ghastly\Box2D</Filter>
    </ClCompile>
    <ClCompile Include="..\Ghastly\Box2D\Dynamics\Contacts\b2ContactSolver.cpp">
      <Filter>Ghastly\Box2D</Filter>
    </ClCompile>
    <ClCompile Include="..\Ghastly\Box2D\Dynamics\Contacts\b2EdgeAndCircleContact.cpp">
      <Filter>Ghastly\Box2D</Filter>
    </ClCompile>
    <ClCompile Include="..\Ghastly\Box2D\Dynamics\Contacts\b2EdgeAndPolygonContact.cpp">
      <Filter>Ghastly\Box2D</Filter>
    </ClCompile>
    <ClCompile Include="..\Ghastly\Box2D\Dynamics\Contacts\b2PolygonAndCircleContact.cpp">
      <Filter>Ghastly\Box2D</Filter>
    </ClCompile>
    <ClCompile Include="..\Ghastly\Box2D\Dynamics\Contacts\b2PolygonContact.cpp">
      <Filter>Ghastly\Box2D</Filter>
    </ClCompile>
    <ClCompile Include="..\Ghastly\Box2D\Dynamics\Joints\b2DistanceJoint.cpp">
      <Filter>Ghastly\Box2D</Filter>
    </ClCompile>
    <ClCompile Include="..\Ghastly\Box2D\Dynamics\Joints\b2FrictionJoint.cpp">
      <Filter>Ghastly\Box2D</Filter>
    </ClCompile>
    <ClCompile Include="..\Ghastly\Box2D\Dynamics\Joints\b2GearJoint.cpp">
      <Filter>Ghastly\Box2D</Filter>
    </ClCompile>
    <ClCompile Include="..\Ghastly\Box2D\Dynamics\Joints\b2Joint.cpp">
      <Filter>Ghastly\Box2D</Filter>
    </ClCompile>
    <ClCompile Include="..\Ghastly\Box2D\Dynamics\Joints\b2MouseJoint.cpp">
      <Filter>Ghastly\Box2D</Filter>
    </ClCompile>
    <ClCompile Include="..\Ghastly\Box2D\Dynamics\Joints\b2PrismaticJoint.cpp">
      <Filter>Ghastly\Box2D</Filter>
    </ClCompile>
    <ClCompile Include="..\Ghastly\Box2D\Dynamics\Joints\b2PulleyJoint.cpp">
      <Filter>Ghastly\Box2D</Filter>
    </ClCompile>
    <ClCompile Include="..\Ghastly\Box2D\Dynamics\Joints\b2RevoluteJoint.cpp">
      <Filter>Ghastly\Box2D</Filter>
    </ClCompile>
    <ClCompile Include="..\Ghastly\Box2D\Dynamics\Joints\b2RopeJoint.cpp">
      <Filter>Ghastly\Box2D</Filter>
    </ClCompile>
    <ClCompile Include="..\Ghastly\Box2D\Dynamics\Joints\b2WeldJoint.cpp">
      <Filter>Ghastly\Box2D</Filter>
    </ClCompile>
    <ClCompile Include="..\Ghastly\Box2D\Dynamics\Joints\b2WheelJoint.cpp">
      <Filter>Ghastly\Box2D</Filter>
    </ClCompile>
    <ClCompile Include="..\Ghastly\Box2D\Rope\b2Rope.cpp">
      <Filter>Ghastly\Box2D</Filter>
    </ClCompile>
    <ClCompile Include="..\Ghastly\Engine\Camera.cpp">
      <Filter>Ghastly\Engine</Filter>
    </ClCompile>
    <ClCompile Include="..\Ghastly\Engine\ContactListener.cpp">
      <Filter>Ghastly\Engine</Filter>
    </ClCompile>
    <ClCompile Include="..\Ghastly\Engine\Controller.cpp">
      <Filter>Ghastly\Engine</Filter>
    </ClCompile>
    <ClCompile Include="..\Ghastly\Engine\Core.cpp">
      <Filter>Ghastly\Engine</Filter>
    </ClCompile>
    <ClCompile Include="..\Ghastly\Engine\Entity.cpp">
      <Filter>Ghastly\Engine</Filter>
    </ClCompile>
    <ClCompile Include="..\Ghastly\Engine\EventHandler.cpp">
      <Filter>Ghastly\Engine</Filter>
    </ClCompile>
    <ClCompile Include="..\Ghastly\Engine\Frustum.cpp">
      <Filter>Ghastly\Engine</Filter>
    </ClCompile>
    <ClCompile Include="..\Ghastly\Engine\IsoCamera.cpp">
      <Filter>Ghastly\Engine</Filter>
    </ClCompile>
    <ClCompile Include="..\Ghastly\Engine\KeyboardListener.cpp">
      <Filter>Ghastly\Engine</Filter>
    </ClCompile>
    <ClCompile Include="..\Ghastly\Engine\Mob.cpp">
      <Filter>Ghastly\Engine</Filter>
    </ClCompile>
    <ClCompile Include="..\Ghastly\Engine\OrthoCamera.cpp">
      <Filter>Ghastly\Engine</Filter>
    </ClCompile>
    <ClCompile Include="..\Ghastly\Engine\ParentState.cpp">
      <Filter>Ghastly\Engine</Filter>
    </ClCompile>
    <ClCompile Include="..\Ghastly\Engine\PhysicsController.cpp">
      <Filter>Ghastly\Engine</Filter>
    </ClCompile>
    <ClCompile Include="..\Ghastly\Engine\PhysicsEngine.cpp">
      <Filter>Ghastly\Engine</Filter>
    </ClCompile>
    <ClCompile Include="..\Ghastly\Engine\SceneManager.cpp">
      <Filter>Ghastly\Engine</Filter>
    </ClCompile>
    <ClCompile Include="..\Ghastly\Engine\SceneNode.cpp">
      <Filter>Ghastly\Engine</Filter>
    </ClCompile>
    <ClCompile Include="..\Ghastly\Engine\State.cpp">
      <Filter>Ghastly\Engine</Filter>
    </ClCompile>
    <ClCompile Include="..\Ghastly\Engine\Window.cpp">
      <Filter>Ghastly\Engine</Filter>
    </ClCompile>
    <ClCompile Include="..\Ghastly\Engine\WindowListener.cpp">
      <Filter>Ghastly\Engine</Filter>
    </ClCompile>
    <ClCompile Include="..\Ghastly\Render\Font.cpp">
      <Filter>Ghastly\Render</Filter>
    </ClCompile>
    <ClCompile Include="..\Ghastly\Render\Material.cpp">
      <Filter>Ghastly\Render</Filter>
    </ClCompile>
    <ClCompile Include="..\Ghastly\Render\Renderable.cpp">
      <Filter>Ghastly\Render</Filter>
    </ClCompile>
    <ClCompile Include="..\Ghastly\Render\RenderContext.cpp">
      <Filter>Ghastly\Render</Filter>
    </ClCompile>
    <ClCompile Include="..\Ghastly\Render\Texture.cpp">
      <Filter>Ghastly\Render</Filter>
    </ClCompile>
    <ClCompile Include="..\Ghastly\Render\Viewport.cpp">
      <Filter>Ghastly\Render</Filter>
    </ClCompile>
    <ClCompile Include="..\Ghastly\Resource\MaterialManager.cpp">
      <Filter>Ghastly\Resource</Filter>
    </ClCompile>
    <ClCompile Include="..\Ghastly\Resource\TextureManager.cpp">
      <Filter>Ghastly\Resource</Filter>
    </ClCompile>
    <ClCompile Include="..\Ghastly\Resource\ThreadedResourceManager.cpp">
      <Filter>Ghastly\Resource</Filter>
    </ClCompile>
    <ClCompile Include="..\Ghastly\Resource\TTFManager.cpp">
      <Filter>Ghastly\Resource</Filter>
    </ClCompile>
    <ClCompile Include="..\Ghastly\Resource\WorldManager.cpp">
      <Filter>Ghastly\Resource</Filter>
    </ClCompile>
    <ClCompile Include="..\Game\main.cpp">
      <Filter>Game</Filter>
    </ClCompile>
    <ClCompile Include="..\Game\Wall.cpp">
      <Filter>Game\Game Objects</Filter>
    </ClCompile>
    <ClCompile Include="..\Game\Player.cpp">
      <Filter>Game\Game Objects</Filter>
    </ClCompile>
    <ClCompile Include="..\Game\Platform.cpp">
      <Filter>Game\Game Objects</Filter>
    </ClCompile>
    <ClCompile Include="..\Game\DebugVolume.cpp">
      <Filter>Game\Game Objects</Filter>
    </ClCompile>
    <ClCompile Include="..\Game\GameState.cpp">
      <Filter>Game\States</Filter>
    </ClCompile>
    <ClCompile Include="..\Game\LoadingState.cpp">
      <Filter>Game\States</Filter>
    </ClCompile>
    <ClCompile Include="..\Game\PlayingState.cpp">
      <Filter>Game\States</Filter>
    </ClCompile>
    <ClCompile Include="..\Game\StartingState.cpp">
      <Filter>Game\States</Filter>
    </ClCompile>
    <ClCompile Include="..\Game\GhostCore.cpp">
      <Filter>Game\Cores</Filter>
    </ClCompile>
    <ClCompile Include="..\Game\PlayerController.cpp">
      <Filter>Game\Controllers</Filter>
    </ClCompile>
    <ClCompile Include="..\Ghastly\Engine\World.cpp">
      <Filter>Ghastly\Engine</Filter>
    </ClCompile>
    <ClCompile Include="..\Game\GhostWorld.cpp">
      <Filter>Game\Game Objects</Filter>
    </ClCompile>
    <ClCompile Include="..\Ghastly\Engine\QuadTreeSceneManager.cpp">
      <Filter>Ghastly\Engine</Filter>
    </ClCompile>
    <ClCompile Include="..\Ghastly\Base\Timestamp.cpp">
      <Filter>Ghastly\Base</Filter>
    </ClCompile>
    <ClCompile Include="..\Ghastly\Network\GhastlyClient.cpp">
      <Filter>Ghastly\Network\Ghastly</Filter>
    </ClCompile>
    <ClCompile Include="..\Ghastly\Network\GhastlyServer.cpp">
      <Filter>Ghastly\Network\Ghastly</Filter>
    </ClCompile>
    <ClCompile Include="..\Ghastly\Network\ConnectionBuffer.cpp">
      <Filter>Ghastly\Network\Buffers</Filter>
    </ClCompile>
    <ClCompile Include="..\Ghastly\Network\TCPBuffer.cpp">
      <Filter>Ghastly\Network\Buffers</Filter>
    </ClCompile>
    <ClCompile Include="..\Ghastly\Network\UDPBuffer.cpp">
      <Filter>Ghastly\Network\Buffers</Filter>
    </ClCompile>
    <ClCompile Include="..\Ghastly\Network\ListenSocket.cpp">
      <Filter>Ghastly\Network\Sockets</Filter>
    </ClCompile>
    <ClCompile Include="..\Ghastly\Network\Socket.cpp">
      <Filter>Ghastly\Network\Sockets</Filter>
    </ClCompile>
    <ClCompile Include="..\Ghastly\Network\TCPSocket.cpp">
      <Filter>Ghastly\Network\Sockets</Filter>
    </ClCompile>
    <ClCompile Include="..\Ghastly\Network\UDPSocket.cpp">
      <Filter>Ghastly\Network\Sockets</Filter>
    </ClCompile>
    <ClCompile Include="..\Ghastly\Network\ClientProvider.cpp">
      <Filter>Ghastly\Network\Providers</Filter>
    </ClCompile>
    <ClCompile Include="..\Ghastly\Network\MultiConnectionProvider.cpp">
      <Filter>Ghastly\Network\Providers</Filter>
    </ClCompile>
    <ClCompile Include="..\Ghastly\Network\SimpleUDPProvider.cpp">
      <Filter>Ghastly\Network\Providers</Filter>
    </ClCompile>
    <ClCompile Include="..\Ghastly\Network\SocketedUDPProvider.cpp">
      <Filter>Ghastly\Network\Providers</Filter>
    </ClCompile>
    <ClCompile Include="..\Ghastly\Network\ServerProvider.cpp">
      <Filter>Ghastly\Network\Providers</Filter>
    </ClCompile>
    <ClCompile Include="..\Ghastly\Network\NetAddress.cpp">
      <Filter>Ghastly\Network</Filter>
    </ClCompile>
    <ClCompile Include="..\Ghastly\Network\Packet.cpp">
      <Filter>Ghastly\Network</Filter>
    </ClCompile>
    <ClCompile Include="..\Ghastly\Base\IndexPool.cpp">
      <Filter>Ghastly\Base</Filter>
    </ClCompile>
    <ClCompile Include="..\Ghastly\UI\UIElement.cpp">
      <Filter>Ghastly\UI</Filter>
    </ClCompile>
    <ClCompile Include="..\Ghastly\UI\UIManager.cpp">
      <Filter>Ghastly\UI</Filter>
    </ClCompile>
    <ClCompile Include="..\Ghastly\Network\GhastlyHost.cpp">
      <Filter>Ghastly\Network\Ghastly</Filter>
    </ClCompile>
    <ClCompile Include="..\Ghastly\UI\Text.cpp">
      <Filter>Ghastly\UI</Filter>
    </ClCompile>
    <ClCompile Include="..\Ghastly\UI\UIBox.cpp">
      <Filter>Ghastly\UI</Filter>
    </ClCompile>
    <ClCompile Include="..\Ghastly\Render\GLHelper.cpp">
      <Filter>Ghastly\Render</Filter>
    </ClCompile>
    <ClCompile Include="..\Game\MenuState.cpp">
      <Filter>Game\States</Filter>
    </ClCompile>
    <ClCompile Include="..\Ghastly\UI\UIButton.cpp">
      <Filter>Ghastly\UI</Filter>
    </ClCompile>
    <ClCompile Include="..\Ghastly\Base\Debug.cpp">
      <Filter>Ghastly\Base</Filter>
    </ClCompile>
  </ItemGroup>
  <ItemGroup>
    <ClInclude Include="..\Ghastly\Base\AABB2.h">
      <Filter>Ghastly\Base</Filter>
    </ClInclude>
    <ClInclude Include="..\Ghastly\Base\AABB3.h">
      <Filter>Ghastly\Base</Filter>
    </ClInclude>
    <ClInclude Include="..\Ghastly\Base\Base.h">
      <Filter>Ghastly\Base</Filter>
    </ClInclude>
    <ClInclude Include="..\Ghastly\Base\Color.h">
      <Filter>Ghastly\Base</Filter>
    </ClInclude>
    <ClInclude Include="..\Ghastly\Base\FileSystem.h">
      <Filter>Ghastly\Base</Filter>
    </ClInclude>
    <ClInclude Include="..\Ghastly\Base\Log.h">
      <Filter>Ghastly\Base</Filter>
    </ClInclude>
    <ClInclude Include="..\Ghastly\Base\Matrix4.h">
      <Filter>Ghastly\Base</Filter>
    </ClInclude>
    <ClInclude Include="..\Ghastly\Base\PropertyMap.h">
      <Filter>Ghastly\Base</Filter>
    </ClInclude>
    <ClInclude Include="..\Ghastly\Base\ResourcePool.h">
      <Filter>Ghastly\Base</Filter>
    </ClInclude>
    <ClInclude Include="..\Ghastly\Base\Vector2.h">
      <Filter>Ghastly\Base</Filter>
    </ClInclude>
    <ClInclude Include="..\Ghastly\Base\Vector3.h">
      <Filter>Ghastly\Base</Filter>
    </ClInclude>
    <ClInclude Include="..\Ghastly\Base\Vector4.h">
      <Filter>Ghastly\Base</Filter>
    </ClInclude>
    <ClInclude Include="..\Ghastly\Box2D\Collision\b2BroadPhase.h">
      <Filter>Ghastly\Box2D</Filter>
    </ClInclude>
    <ClInclude Include="..\Ghastly\Box2D\Collision\b2Collision.h">
      <Filter>Ghastly\Box2D</Filter>
    </ClInclude>
    <ClInclude Include="..\Ghastly\Box2D\Collision\b2Distance.h">
      <Filter>Ghastly\Box2D</Filter>
    </ClInclude>
    <ClInclude Include="..\Ghastly\Box2D\Collision\b2DynamicTree.h">
      <Filter>Ghastly\Box2D</Filter>
    </ClInclude>
    <ClInclude Include="..\Ghastly\Box2D\Collision\b2TimeOfImpact.h">
      <Filter>Ghastly\Box2D</Filter>
    </ClInclude>
    <ClInclude Include="..\Ghastly\Box2D\Collision\Shapes\b2ChainShape.h">
      <Filter>Ghastly\Box2D</Filter>
    </ClInclude>
    <ClInclude Include="..\Ghastly\Box2D\Collision\Shapes\b2CircleShape.h">
      <Filter>Ghastly\Box2D</Filter>
    </ClInclude>
    <ClInclude Include="..\Ghastly\Box2D\Collision\Shapes\b2EdgeShape.h">
      <Filter>Ghastly\Box2D</Filter>
    </ClInclude>
    <ClInclude Include="..\Ghastly\Box2D\Collision\Shapes\b2PolygonShape.h">
      <Filter>Ghastly\Box2D</Filter>
    </ClInclude>
    <ClInclude Include="..\Ghastly\Box2D\Collision\Shapes\b2Shape.h">
      <Filter>Ghastly\Box2D</Filter>
    </ClInclude>
    <ClInclude Include="..\Ghastly\Box2D\Common\b2BlockAllocator.h">
      <Filter>Ghastly\Box2D</Filter>
    </ClInclude>
    <ClInclude Include="..\Ghastly\Box2D\Common\b2Draw.h">
      <Filter>Ghastly\Box2D</Filter>
    </ClInclude>
    <ClInclude Include="..\Ghastly\Box2D\Common\b2GrowableStack.h">
      <Filter>Ghastly\Box2D</Filter>
    </ClInclude>
    <ClInclude Include="..\Ghastly\Box2D\Common\b2Math.h">
      <Filter>Ghastly\Box2D</Filter>
    </ClInclude>
    <ClInclude Include="..\Ghastly\Box2D\Common\b2Settings.h">
      <Filter>Ghastly\Box2D</Filter>
    </ClInclude>
    <ClInclude Include="..\Ghastly\Box2D\Common\b2StackAllocator.h">
      <Filter>Ghastly\Box2D</Filter>
    </ClInclude>
    <ClInclude Include="..\Ghastly\Box2D\Common\b2Timer.h">
      <Filter>Ghastly\Box2D</Filter>
    </ClInclude>
    <ClInclude Include="..\Ghastly\Box2D\Dynamics\b2Body.h">
      <Filter>Ghastly\Box2D</Filter>
    </ClInclude>
    <ClInclude Include="..\Ghastly\Box2D\Dynamics\b2ContactManager.h">
      <Filter>Ghastly\Box2D</Filter>
    </ClInclude>
    <ClInclude Include="..\Ghastly\Box2D\Dynamics\b2Fixture.h">
      <Filter>Ghastly\Box2D</Filter>
    </ClInclude>
    <ClInclude Include="..\Ghastly\Box2D\Dynamics\b2Island.h">
      <Filter>Ghastly\Box2D</Filter>
    </ClInclude>
    <ClInclude Include="..\Ghastly\Box2D\Dynamics\b2TimeStep.h">
      <Filter>Ghastly\Box2D</Filter>
    </ClInclude>
    <ClInclude Include="..\Ghastly\Box2D\Dynamics\b2World.h">
      <Filter>Ghastly\Box2D</Filter>
    </ClInclude>
    <ClInclude Include="..\Ghastly\Box2D\Dynamics\b2WorldCallbacks.h">
      <Filter>Ghastly\Box2D</Filter>
    </ClInclude>
    <ClInclude Include="..\Ghastly\Box2D\Dynamics\Contacts\b2ChainAndCircleContact.h">
      <Filter>Ghastly\Box2D</Filter>
    </ClInclude>
    <ClInclude Include="..\Ghastly\Box2D\Dynamics\Contacts\b2ChainAndPolygonContact.h">
      <Filter>Ghastly\Box2D</Filter>
    </ClInclude>
    <ClInclude Include="..\Ghastly\Box2D\Dynamics\Contacts\b2CircleContact.h">
      <Filter>Ghastly\Box2D</Filter>
    </ClInclude>
    <ClInclude Include="..\Ghastly\Box2D\Dynamics\Contacts\b2Contact.h">
      <Filter>Ghastly\Box2D</Filter>
    </ClInclude>
    <ClInclude Include="..\Ghastly\Box2D\Dynamics\Contacts\b2ContactSolver.h">
      <Filter>Ghastly\Box2D</Filter>
    </ClInclude>
    <ClInclude Include="..\Ghastly\Box2D\Dynamics\Contacts\b2EdgeAndCircleContact.h">
      <Filter>Ghastly\Box2D</Filter>
    </ClInclude>
    <ClInclude Include="..\Ghastly\Box2D\Dynamics\Contacts\b2EdgeAndPolygonContact.h">
      <Filter>Ghastly\Box2D</Filter>
    </ClInclude>
    <ClInclude Include="..\Ghastly\Box2D\Dynamics\Contacts\b2PolygonAndCircleContact.h">
      <Filter>Ghastly\Box2D</Filter>
    </ClInclude>
    <ClInclude Include="..\Ghastly\Box2D\Dynamics\Contacts\b2PolygonContact.h">
      <Filter>Ghastly\Box2D</Filter>
    </ClInclude>
    <ClInclude Include="..\Ghastly\Box2D\Dynamics\Joints\b2DistanceJoint.h">
      <Filter>Ghastly\Box2D</Filter>
    </ClInclude>
    <ClInclude Include="..\Ghastly\Box2D\Dynamics\Joints\b2FrictionJoint.h">
      <Filter>Ghastly\Box2D</Filter>
    </ClInclude>
    <ClInclude Include="..\Ghastly\Box2D\Dynamics\Joints\b2GearJoint.h">
      <Filter>Ghastly\Box2D</Filter>
    </ClInclude>
    <ClInclude Include="..\Ghastly\Box2D\Dynamics\Joints\b2Joint.h">
      <Filter>Ghastly\Box2D</Filter>
    </ClInclude>
    <ClInclude Include="..\Ghastly\Box2D\Dynamics\Joints\b2MouseJoint.h">
      <Filter>Ghastly\Box2D</Filter>
    </ClInclude>
    <ClInclude Include="..\Ghastly\Box2D\Dynamics\Joints\b2PrismaticJoint.h">
      <Filter>Ghastly\Box2D</Filter>
    </ClInclude>
    <ClInclude Include="..\Ghastly\Box2D\Dynamics\Joints\b2PulleyJoint.h">
      <Filter>Ghastly\Box2D</Filter>
    </ClInclude>
    <ClInclude Include="..\Ghastly\Box2D\Dynamics\Joints\b2RevoluteJoint.h">
      <Filter>Ghastly\Box2D</Filter>
    </ClInclude>
    <ClInclude Include="..\Ghastly\Box2D\Dynamics\Joints\b2RopeJoint.h">
      <Filter>Ghastly\Box2D</Filter>
    </ClInclude>
    <ClInclude Include="..\Ghastly\Box2D\Dynamics\Joints\b2WeldJoint.h">
      <Filter>Ghastly\Box2D</Filter>
    </ClInclude>
    <ClInclude Include="..\Ghastly\Box2D\Dynamics\Joints\b2WheelJoint.h">
      <Filter>Ghastly\Box2D</Filter>
    </ClInclude>
    <ClInclude Include="..\Ghastly\Box2D\Rope\b2Rope.h">
      <Filter>Ghastly\Box2D</Filter>
    </ClInclude>
    <ClInclude Include="..\Ghastly\Box2D\Box2D.h">
      <Filter>Ghastly\Box2D</Filter>
    </ClInclude>
    <ClInclude Include="..\Ghastly\Engine\Camera.h">
      <Filter>Ghastly\Engine</Filter>
    </ClInclude>
    <ClInclude Include="..\Ghastly\Engine\ContactListener.h">
      <Filter>Ghastly\Engine</Filter>
    </ClInclude>
    <ClInclude Include="..\Ghastly\Engine\Controller.h">
      <Filter>Ghastly\Engine</Filter>
    </ClInclude>
    <ClInclude Include="..\Ghastly\Engine\Core.h">
      <Filter>Ghastly\Engine</Filter>
    </ClInclude>
    <ClInclude Include="..\Ghastly\Engine\Entity.h">
      <Filter>Ghastly\Engine</Filter>
    </ClInclude>
    <ClInclude Include="..\Ghastly\Engine\EventHandler.h">
      <Filter>Ghastly\Engine</Filter>
    </ClInclude>
    <ClInclude Include="..\Ghastly\Engine\Frustum.h">
      <Filter>Ghastly\Engine</Filter>
    </ClInclude>
    <ClInclude Include="..\Ghastly\Engine\IsoCamera.h">
      <Filter>Ghastly\Engine</Filter>
    </ClInclude>
    <ClInclude Include="..\Ghastly\Engine\KeyboardListener.h">
      <Filter>Ghastly\Engine</Filter>
    </ClInclude>
    <ClInclude Include="..\Ghastly\Engine\Mob.h">
      <Filter>Ghastly\Engine</Filter>
    </ClInclude>
    <ClInclude Include="..\Ghastly\Engine\OrthoCamera.h">
      <Filter>Ghastly\Engine</Filter>
    </ClInclude>
    <ClInclude Include="..\Ghastly\Engine\ParentState.h">
      <Filter>Ghastly\Engine</Filter>
    </ClInclude>
    <ClInclude Include="..\Ghastly\Engine\PhysicsController.h">
      <Filter>Ghastly\Engine</Filter>
    </ClInclude>
    <ClInclude Include="..\Ghastly\Engine\PhysicsEngine.h">
      <Filter>Ghastly\Engine</Filter>
    </ClInclude>
    <ClInclude Include="..\Ghastly\Engine\SceneManager.h">
      <Filter>Ghastly\Engine</Filter>
    </ClInclude>
    <ClInclude Include="..\Ghastly\Engine\SceneNode.h">
      <Filter>Ghastly\Engine</Filter>
    </ClInclude>
    <ClInclude Include="..\Ghastly\Engine\State.h">
      <Filter>Ghastly\Engine</Filter>
    </ClInclude>
    <ClInclude Include="..\Ghastly\Engine\Window.h">
      <Filter>Ghastly\Engine</Filter>
    </ClInclude>
    <ClInclude Include="..\Ghastly\Engine\WindowListener.h">
      <Filter>Ghastly\Engine</Filter>
    </ClInclude>
    <ClInclude Include="..\Ghastly\Render\Font.h">
      <Filter>Ghastly\Render</Filter>
    </ClInclude>
    <ClInclude Include="..\Ghastly\Render\Material.h">
      <Filter>Ghastly\Render</Filter>
    </ClInclude>
    <ClInclude Include="..\Ghastly\Render\Renderable.h">
      <Filter>Ghastly\Render</Filter>
    </ClInclude>
    <ClInclude Include="..\Ghastly\Render\RenderContext.h">
      <Filter>Ghastly\Render</Filter>
    </ClInclude>
    <ClInclude Include="..\Ghastly\Render\Texture.h">
      <Filter>Ghastly\Render</Filter>
    </ClInclude>
    <ClInclude Include="..\Ghastly\Render\Viewport.h">
      <Filter>Ghastly\Render</Filter>
    </ClInclude>
    <ClInclude Include="..\Ghastly\Resource\MaterialManager.h">
      <Filter>Ghastly\Resource</Filter>
    </ClInclude>
    <ClInclude Include="..\Ghastly\Resource\ResourceManager.h">
      <Filter>Ghastly\Resource</Filter>
    </ClInclude>
    <ClInclude Include="..\Ghastly\Resource\TextureManager.h">
      <Filter>Ghastly\Resource</Filter>
    </ClInclude>
    <ClInclude Include="..\Ghastly\Resource\ThreadedResourceManager.h">
      <Filter>Ghastly\Resource</Filter>
    </ClInclude>
    <ClInclude Include="..\Ghastly\Resource\TTFManager.h">
      <Filter>Ghastly\Resource</Filter>
    </ClInclude>
    <ClInclude Include="..\Ghastly\Resource\WorldManager.h">
      <Filter>Ghastly\Resource</Filter>
    </ClInclude>
    <ClInclude Include="..\Game\Wall.h">
      <Filter>Game\Game Objects</Filter>
    </ClInclude>
    <ClInclude Include="..\Game\Player.h">
      <Filter>Game\Game Objects</Filter>
    </ClInclude>
    <ClInclude Include="..\Game\Platform.h">
      <Filter>Game\Game Objects</Filter>
    </ClInclude>
    <ClInclude Include="..\Game\DebugVolume.h">
      <Filter>Game\Game Objects</Filter>
    </ClInclude>
    <ClInclude Include="..\Game\GameState.h">
      <Filter>Game\States</Filter>
    </ClInclude>
    <ClInclude Include="..\Game\LoadingState.h">
      <Filter>Game\States</Filter>
    </ClInclude>
    <ClInclude Include="..\Game\PlayingState.h">
      <Filter>Game\States</Filter>
    </ClInclude>
    <ClInclude Include="..\Game\StartingState.h">
      <Filter>Game\States</Filter>
    </ClInclude>
    <ClInclude Include="..\Game\GhostCore.h">
      <Filter>Game\Cores</Filter>
    </ClInclude>
    <ClInclude Include="..\Game\PlayerController.h">
      <Filter>Game\Controllers</Filter>
    </ClInclude>
    <ClInclude Include="..\Ghastly\Engine\World.h">
      <Filter>Ghastly\Engine</Filter>
    </ClInclude>
    <ClInclude Include="..\Game\GhostWorld.h">
      <Filter>Game\Game Objects</Filter>
    </ClInclude>
    <ClInclude Include="..\Ghastly\Engine\QuadTreeSceneManager.h">
      <Filter>Ghastly\Engine</Filter>
    </ClInclude>
    <ClInclude Include="..\Ghastly\Base\Assertion.h">
      <Filter>Ghastly\Base</Filter>
    </ClInclude>
    <ClInclude Include="..\Ghastly\Base\Timestamp.h">
      <Filter>Ghastly\Base</Filter>
    </ClInclude>
    <ClInclude Include="..\Ghastly\Network\GhastlyServer.h">
      <Filter>Ghastly\Network\Ghastly</Filter>
    </ClInclude>
    <ClInclude Include="..\Ghastly\Network\GhastlyClient.h">
      <Filter>Ghastly\Network\Ghastly</Filter>
    </ClInclude>
    <ClInclude Include="..\Ghastly\Network\GhastlyProtocol.h">
      <Filter>Ghastly\Network\Ghastly</Filter>
    </ClInclude>
    <ClInclude Include="..\Ghastly\Network\Packet.h">
      <Filter>Ghastly\Network</Filter>
    </ClInclude>
    <ClInclude Include="..\Ghastly\Network\ConnectionBuffer.h">
      <Filter>Ghastly\Network\Buffers</Filter>
    </ClInclude>
    <ClInclude Include="..\Ghastly\Network\TCPBuffer.h">
      <Filter>Ghastly\Network\Buffers</Filter>
    </ClInclude>
    <ClInclude Include="..\Ghastly\Network\UDPBuffer.h">
      <Filter>Ghastly\Network\Buffers</Filter>
    </ClInclude>
    <ClInclude Include="..\Ghastly\Network\ListenSocket.h">
      <Filter>Ghastly\Network\Sockets</Filter>
    </ClInclude>
    <ClInclude Include="..\Ghastly\Network\Socket.h">
      <Filter>Ghastly\Network\Sockets</Filter>
    </ClInclude>
    <ClInclude Include="..\Ghastly\Network\TCPSocket.h">
      <Filter>Ghastly\Network\Sockets</Filter>
    </ClInclude>
    <ClInclude Include="..\Ghastly\Network\UDPSocket.h">
      <Filter>Ghastly\Network\Sockets</Filter>
    </ClInclude>
    <ClInclude Include="..\Ghastly\Network\ClientProvider.h">
      <Filter>Ghastly\Network\Providers</Filter>
    </ClInclude>
    <ClInclude Include="..\Ghastly\Network\ConnectionProvider.h">
      <Filter>Ghastly\Network\Providers</Filter>
    </ClInclude>
    <ClInclude Include="..\Ghastly\Network\MultiConnectionProvider.h">
      <Filter>Ghastly\Network\Providers</Filter>
    </ClInclude>
    <ClInclude Include="..\Ghastly\Network\SimpleUDPProvider.h">
      <Filter>Ghastly\Network\Providers</Filter>
    </ClInclude>
    <ClInclude Include="..\Ghastly\Network\SocketedUDPProvider.h">
      <Filter>Ghastly\Network\Providers</Filter>
    </ClInclude>
    <ClInclude Include="..\Ghastly\Network\ServerProvider.h">
      <Filter>Ghastly\Network\Providers</Filter>
    </ClInclude>
    <ClInclude Include="..\Ghastly\Network\NetAddress.h">
      <Filter>Ghastly\Network</Filter>
    </ClInclude>
    <ClInclude Include="..\Ghastly\Base\IndexPool.h">
      <Filter>Ghastly\Base</Filter>
    </ClInclude>
    <ClInclude Include="..\Ghastly\UI\UIElement.h">
      <Filter>Ghastly\UI</Filter>
    </ClInclude>
    <ClInclude Include="..\Ghastly\UI\UIManager.h">
      <Filter>Ghastly\UI</Filter>
    </ClInclude>
    <ClInclude Include="..\Ghastly\Network\GhastlyHost.h">
      <Filter>Ghastly\Network\Ghastly</Filter>
    </ClInclude>
    <ClInclude Include="..\Ghastly\Engine\ResizeListener.h">
      <Filter>Ghastly\Engine</Filter>
    </ClInclude>
    <ClInclude Include="..\Ghastly\UI\Text.h">
      <Filter>Ghastly\UI</Filter>
    </ClInclude>
    <ClInclude Include="..\Ghastly\UI\UIBox.h">
      <Filter>Ghastly\UI</Filter>
    </ClInclude>
    <ClInclude Include="..\Ghastly\Render\GLHelper.h">
      <Filter>Ghastly\Render</Filter>
    </ClInclude>
    <ClInclude Include="..\Game\MenuState.h">
      <Filter>Game\States</Filter>
    </ClInclude>
    <ClInclude Include="..\Ghastly\UI\UIButton.h">
      <Filter>Ghastly\UI</Filter>
    </ClInclude>
    <ClInclude Include="..\Ghastly\Base\Debug.h">
      <Filter>Ghastly\Base</Filter>
    </ClInclude>
  </ItemGroup>
  <ItemGroup>
    <None Include="..\Ghastly\Box2D\Box2DConfig.cmake">
      <Filter>Ghastly\Box2D</Filter>
    </None>
    <None Include="..\Ghastly\Box2D\CMakeLists.txt">
      <Filter>Ghastly\Box2D</Filter>
    </None>
  </ItemGroup>
</Project>