<?xml version="1.0" encoding="utf-8"?>
<Project ToolsVersion="4.0" xmlns="http://schemas.microsoft.com/developer/msbuild/2003">
  <ItemGroup>
    <Filter Include="Resource Files">
      <UniqueIdentifier>{67DA6AB6-F800-4c08-8B7A-83BB121AAD01}</UniqueIdentifier>
      <Extensions>rc;ico;cur;bmp;dlg;rc2;rct;bin;rgs;gif;jpg;jpeg;jpe;resx;tiff;tif;png;wav;mfcribbon-ms</Extensions>
    </Filter>
    <Filter Include="Engine">
      <UniqueIdentifier>{03685c9d-09be-4953-9d90-3166e4bcd083}</UniqueIdentifier>
    </Filter>
    <Filter Include="GitM">
      <UniqueIdentifier>{d72d2403-c03b-4437-ba43-b69cfcfd30a7}</UniqueIdentifier>
    </Filter>
    <Filter Include="Engine\State Management">
      <UniqueIdentifier>{e8196291-1b6b-42d0-bf93-4ff8685ec082}</UniqueIdentifier>
    </Filter>
    <Filter Include="Engine\Scene Management">
      <UniqueIdentifier>{039b222d-0a1e-46cc-9201-2c9e94946936}</UniqueIdentifier>
    </Filter>
    <Filter Include="Base">
      <UniqueIdentifier>{0398eccb-ac26-409f-acb8-a84674443e2d}</UniqueIdentifier>
    </Filter>
    <Filter Include="GitM\States">
      <UniqueIdentifier>{93f05665-51dd-4274-b352-3c6371dfd7d7}</UniqueIdentifier>
    </Filter>
    <Filter Include="Engine\Event Handling">
      <UniqueIdentifier>{a80683b5-1795-4a0f-8e89-67d2607220dd}</UniqueIdentifier>
    </Filter>
    <Filter Include="Engine\Cameras">
      <UniqueIdentifier>{6304265b-eaa4-4c43-acbe-fce5d435bf10}</UniqueIdentifier>
    </Filter>
    <Filter Include="Render">
      <UniqueIdentifier>{367c79f7-652d-4d6c-9a1b-347167ba9d3e}</UniqueIdentifier>
    </Filter>
    <Filter Include="Resource">
      <UniqueIdentifier>{573ee846-065b-4972-9bef-2c3fd2072dbc}</UniqueIdentifier>
    </Filter>
    <Filter Include="Physics">
      <UniqueIdentifier>{e45bb8bc-59dd-4ab0-9124-0b13404bc3da}</UniqueIdentifier>
    </Filter>
  </ItemGroup>
  <ItemGroup>
    <ClCompile Include="..\GitM\main.cpp">
      <Filter>GitM</Filter>
    </ClCompile>
    <ClCompile Include="..\Engine\ParentState.cpp">
      <Filter>Engine\State Management</Filter>
    </ClCompile>
    <ClCompile Include="..\Engine\Core.cpp">
      <Filter>Engine\State Management</Filter>
    </ClCompile>
    <ClCompile Include="..\Engine\State.cpp">
      <Filter>Engine\State Management</Filter>
    </ClCompile>
    <ClCompile Include="..\Engine\Entity.cpp">
      <Filter>Engine\Scene Management</Filter>
    </ClCompile>
    <ClCompile Include="..\Engine\SceneManager.cpp">
      <Filter>Engine\Scene Management</Filter>
    </ClCompile>
    <ClCompile Include="..\Render\RenderContext.cpp">
      <Filter>Render</Filter>
    </ClCompile>
    <ClCompile Include="..\GitM\QuadTreeSceneManager.cpp">
      <Filter>GitM</Filter>
    </ClCompile>
    <ClCompile Include="..\GitM\World.cpp">
      <Filter>GitM</Filter>
    </ClCompile>
    <ClCompile Include="..\Engine\SceneNode.cpp">
      <Filter>Engine\Scene Management</Filter>
    </ClCompile>
    <ClCompile Include="..\GitM\Player.cpp">
      <Filter>GitM</Filter>
    </ClCompile>
    <ClCompile Include="..\Render\Renderable.cpp">
      <Filter>Render</Filter>
    </ClCompile>
    <ClCompile Include="..\Base\Log.cpp">
      <Filter>Base</Filter>
    </ClCompile>
    <ClCompile Include="..\GitM\GhostCore.cpp">
      <Filter>GitM</Filter>
    </ClCompile>
    <ClCompile Include="..\GitM\GameState.cpp">
      <Filter>GitM\States</Filter>
    </ClCompile>
    <ClCompile Include="..\GitM\LoadingState.cpp">
      <Filter>GitM\States</Filter>
    </ClCompile>
    <ClCompile Include="..\GitM\PlayingState.cpp">
      <Filter>GitM\States</Filter>
    </ClCompile>
    <ClCompile Include="..\Engine\Window.cpp">
      <Filter>Engine</Filter>
    </ClCompile>
    <ClCompile Include="..\Base\Matrix4.cpp">
      <Filter>Base</Filter>
    </ClCompile>
    <ClCompile Include="..\Engine\Frustum.cpp">
      <Filter>Engine</Filter>
    </ClCompile>
    <ClCompile Include="..\Render\Viewport.cpp">
      <Filter>Render</Filter>
    </ClCompile>
    <ClCompile Include="..\Engine\WindowListener.cpp">
      <Filter>Engine\Event Handling</Filter>
    </ClCompile>
    <ClCompile Include="..\Engine\EventHandler.cpp">
      <Filter>Engine\Event Handling</Filter>
    </ClCompile>
    <ClCompile Include="..\Engine\Camera.cpp">
      <Filter>Engine\Cameras</Filter>
    </ClCompile>
    <ClCompile Include="..\Engine\OrthoCamera.cpp">
      <Filter>Engine\Cameras</Filter>
    </ClCompile>
    <ClCompile Include="..\Render\Material.cpp">
      <Filter>Render</Filter>
    </ClCompile>
    <ClCompile Include="..\Render\Texture.cpp">
      <Filter>Render</Filter>
    </ClCompile>
    <ClCompile Include="..\Render\Font.cpp">
      <Filter>Render</Filter>
    </ClCompile>
    <ClCompile Include="..\Resource\MaterialManager.cpp">
      <Filter>Resource</Filter>
    </ClCompile>
    <ClCompile Include="..\Resource\TextureManager.cpp">
      <Filter>Resource</Filter>
    </ClCompile>
    <ClCompile Include="..\Resource\ThreadedResourceManager.cpp">
      <Filter>Resource</Filter>
    </ClCompile>
    <ClCompile Include="..\Resource\TTFManager.cpp">
      <Filter>Resource</Filter>
    </ClCompile>
    <ClCompile Include="..\Resource\WorldManager.cpp">
      <Filter>Resource</Filter>
    </ClCompile>
    <ClCompile Include="..\Base\Vector2.cpp">
      <Filter>Base</Filter>
    </ClCompile>
    <ClCompile Include="..\Engine\KeyboardListener.cpp">
      <Filter>Engine\Event Handling</Filter>
    </ClCompile>
    <ClCompile Include="..\Physics\AABB.cpp">
      <Filter>Physics</Filter>
    </ClCompile>
    <ClCompile Include="..\Physics\PhysicsBody.cpp">
      <Filter>Physics</Filter>
    </ClCompile>
    <ClCompile Include="..\Physics\PhysicsSystem.cpp">
      <Filter>Physics</Filter>
    </ClCompile>
    <ClCompile Include="..\Physics\BroadPhase.cpp">
      <Filter>Physics</Filter>
    </ClCompile>
    <ClCompile Include="..\Physics\Island.cpp">
      <Filter>Physics</Filter>
    </ClCompile>
    <ClCompile Include="..\Physics\Contact.cpp">
      <Filter>Physics</Filter>
    </ClCompile>
    <ClCompile Include="..\Physics\Solver.cpp">
      <Filter>Physics</Filter>
    </ClCompile>
  </ItemGroup>
  <ItemGroup>
    <ClInclude Include="..\Engine\ParentState.h">
      <Filter>Engine\State Management</Filter>
    </ClInclude>
    <ClInclude Include="..\Engine\Core.h">
      <Filter>Engine\State Management</Filter>
    </ClInclude>
    <ClInclude Include="..\Engine\State.h">
      <Filter>Engine\State Management</Filter>
    </ClInclude>
    <ClInclude Include="..\Engine\SceneManager.h">
      <Filter>Engine\Scene Management</Filter>
    </ClInclude>
    <ClInclude Include="..\Engine\Entity.h">
      <Filter>Engine\Scene Management</Filter>
    </ClInclude>
    <ClInclude Include="..\Render\RenderContext.h">
      <Filter>Render</Filter>
    </ClInclude>
    <ClInclude Include="..\GitM\QuadTreeSceneManager.h">
      <Filter>GitM</Filter>
    </ClInclude>
    <ClInclude Include="..\GitM\World.h">
      <Filter>GitM</Filter>
    </ClInclude>
    <ClInclude Include="..\Base\Base.h">
      <Filter>Base</Filter>
    </ClInclude>
    <ClInclude Include="..\Engine\SceneNode.h">
      <Filter>Engine\Scene Management</Filter>
    </ClInclude>
    <ClInclude Include="..\GitM\Player.h">
      <Filter>GitM</Filter>
    </ClInclude>
    <ClInclude Include="..\Render\Renderable.h">
      <Filter>Render</Filter>
    </ClInclude>
    <ClInclude Include="..\Base\Log.h">
      <Filter>Base</Filter>
    </ClInclude>
    <ClInclude Include="..\GitM\GhostCore.h">
      <Filter>GitM</Filter>
    </ClInclude>
    <ClInclude Include="..\GitM\GameState.h">
      <Filter>GitM\States</Filter>
    </ClInclude>
    <ClInclude Include="..\GitM\LoadingState.h">
      <Filter>GitM\States</Filter>
    </ClInclude>
    <ClInclude Include="..\GitM\PlayingState.h">
      <Filter>GitM\States</Filter>
    </ClInclude>
    <ClInclude Include="..\Base\Vector2.h">
      <Filter>Base</Filter>
    </ClInclude>
    <ClInclude Include="..\Engine\Window.h">
      <Filter>Engine</Filter>
    </ClInclude>
    <ClInclude Include="..\Base\Matrix4.h">
      <Filter>Base</Filter>
    </ClInclude>
    <ClInclude Include="..\Engine\Frustum.h">
      <Filter>Engine</Filter>
    </ClInclude>
    <ClInclude Include="..\Render\Viewport.h">
      <Filter>Render</Filter>
    </ClInclude>
    <ClInclude Include="..\Engine\WindowListener.h">
      <Filter>Engine\Event Handling</Filter>
    </ClInclude>
    <ClInclude Include="..\Engine\EventHandler.h">
      <Filter>Engine\Event Handling</Filter>
    </ClInclude>
    <ClInclude Include="..\Engine\Camera.h">
      <Filter>Engine\Cameras</Filter>
    </ClInclude>
    <ClInclude Include="..\Engine\OrthoCamera.h">
      <Filter>Engine\Cameras</Filter>
    </ClInclude>
    <ClInclude Include="..\Render\Material.h">
      <Filter>Render</Filter>
    </ClInclude>
    <ClInclude Include="..\Render\Texture.h">
      <Filter>Render</Filter>
    </ClInclude>
    <ClInclude Include="..\Render\Font.h">
      <Filter>Render</Filter>
    </ClInclude>
    <ClInclude Include="..\Resource\MaterialManager.h">
      <Filter>Resource</Filter>
    </ClInclude>
    <ClInclude Include="..\Resource\ResourceManager.h">
      <Filter>Resource</Filter>
    </ClInclude>
    <ClInclude Include="..\Resource\TextureManager.h">
      <Filter>Resource</Filter>
    </ClInclude>
    <ClInclude Include="..\Resource\ThreadedResourceManager.h">
      <Filter>Resource</Filter>
    </ClInclude>
    <ClInclude Include="..\Resource\TTFManager.h">
      <Filter>Resource</Filter>
    </ClInclude>
    <ClInclude Include="..\Resource\WorldManager.h">
      <Filter>Resource</Filter>
    </ClInclude>
    <ClInclude Include="..\Engine\KeyboardListener.h">
      <Filter>Engine\Event Handling</Filter>
    </ClInclude>
    <ClInclude Include="..\Base\ResourcePool.h">
      <Filter>Base</Filter>
    </ClInclude>
    <ClInclude Include="..\Physics\PhysicsSystem.h">
      <Filter>Physics</Filter>
    </ClInclude>
    <ClInclude Include="..\Physics\AABB.h">
      <Filter>Physics</Filter>
    </ClInclude>
    <ClInclude Include="..\Physics\AABBTree.h">
      <Filter>Physics</Filter>
    </ClInclude>
    <ClInclude Include="..\Physics\PhysicsBody.h">
      <Filter>Physics</Filter>
    </ClInclude>
    <ClInclude Include="..\Physics\BroadPhase.h">
      <Filter>Physics</Filter>
    </ClInclude>
    <ClInclude Include="..\Physics\Island.h">
      <Filter>Physics</Filter>
    </ClInclude>
    <ClInclude Include="..\Physics\Contact.h">
      <Filter>Physics</Filter>
    </ClInclude>
    <ClInclude Include="..\Physics\Solver.h">
      <Filter>Physics</Filter>
    </ClInclude>
  </ItemGroup>
</Project>