// !$*UTF8*$!
{
	archiveVersion = 1;
	classes = {
	};
	objectVersion = 46;
	objects = {

/* Begin PBXBuildFile section */
		E146AA38143BAB6F00DA17E9 /* SDL_ttf.framework in Frameworks */ = {isa = PBXBuildFile; fileRef = E146AA37143BAB6F00DA17E9 /* SDL_ttf.framework */; };
		E152C6441434C75E00D83C44 /* Window.cpp in Sources */ = {isa = PBXBuildFile; fileRef = E152C6421434C75E00D83C44 /* Window.cpp */; };
		E152C6501434C8E100D83C44 /* SDL.framework in Frameworks */ = {isa = PBXBuildFile; fileRef = E152C64F1434C8E100D83C44 /* SDL.framework */; };
		E152C6541434C8F800D83C44 /* SDLMain.m in Sources */ = {isa = PBXBuildFile; fileRef = E152C6531434C8F800D83C44 /* SDLMain.m */; };
		E15FA1EA142BDF1C00CC6CE2 /* Cocoa.framework in Frameworks */ = {isa = PBXBuildFile; fileRef = E13A3FF6142A79C700D7EA2A /* Cocoa.framework */; };
		E16C5AF1143A43910063EE8C /* OrthoCamera.cpp in Sources */ = {isa = PBXBuildFile; fileRef = E16C5AEF143A43910063EE8C /* OrthoCamera.cpp */; };
		E16C5AF8143A43AD0063EE8C /* EventHandler.cpp in Sources */ = {isa = PBXBuildFile; fileRef = E16C5AF4143A43AD0063EE8C /* EventHandler.cpp */; };
		E16C5AF9143A43AD0063EE8C /* WindowListener.cpp in Sources */ = {isa = PBXBuildFile; fileRef = E16C5AF6143A43AD0063EE8C /* WindowListener.cpp */; };
		E16C5AFD143A54000063EE8C /* Material.cpp in Sources */ = {isa = PBXBuildFile; fileRef = E16C5AFB143A54000063EE8C /* Material.cpp */; };
		E1A471BA142BDF5B0062C09B /* main.cpp in Sources */ = {isa = PBXBuildFile; fileRef = E13A3FE3142A76DC00D7EA2A /* main.cpp */; };
		E1A471BB142BDF5B0062C09B /* GameState.cpp in Sources */ = {isa = PBXBuildFile; fileRef = E13A3FE5142A76DC00D7EA2A /* GameState.cpp */; };
		E1A471C4142BE5130062C09B /* Entity.cpp in Sources */ = {isa = PBXBuildFile; fileRef = E121B0BB142BD11800719A82 /* Entity.cpp */; };
		E1A471C5142BE5130062C09B /* SceneManager.cpp in Sources */ = {isa = PBXBuildFile; fileRef = E121B0BD142BD11800719A82 /* SceneManager.cpp */; };
		E1A471C6142BE5130062C09B /* Core.cpp in Sources */ = {isa = PBXBuildFile; fileRef = E13A3FE1142A76C000D7EA2A /* Core.cpp */; };
		E1A471C7142BE5130062C09B /* ParentState.cpp in Sources */ = {isa = PBXBuildFile; fileRef = E121B0B7142BD0F500719A82 /* ParentState.cpp */; };
		E1A471C8142BE5130062C09B /* State.cpp in Sources */ = {isa = PBXBuildFile; fileRef = E13A3FDF142A76C000D7EA2A /* State.cpp */; };
		E1B4F31D1430D67A00A87C70 /* Player.cpp in Sources */ = {isa = PBXBuildFile; fileRef = E1B4F3171430D67A00A87C70 /* Player.cpp */; };
		E1B4F31E1430D67A00A87C70 /* QuadTreeSceneManager.cpp in Sources */ = {isa = PBXBuildFile; fileRef = E1B4F3191430D67A00A87C70 /* QuadTreeSceneManager.cpp */; };
		E1B4F31F1430D67A00A87C70 /* World.cpp in Sources */ = {isa = PBXBuildFile; fileRef = E1B4F31B1430D67A00A87C70 /* World.cpp */; };
		E1B4F3271430D69200A87C70 /* Renderable.cpp in Sources */ = {isa = PBXBuildFile; fileRef = E1B4F3211430D69200A87C70 /* Renderable.cpp */; };
		E1B4F3281430D69200A87C70 /* RenderContext.cpp in Sources */ = {isa = PBXBuildFile; fileRef = E1B4F3231430D69200A87C70 /* RenderContext.cpp */; };
		E1B4F32C1430D6E300A87C70 /* SceneNode.cpp in Sources */ = {isa = PBXBuildFile; fileRef = E1B4F32A1430D6E300A87C70 /* SceneNode.cpp */; };
		E1B4F32F1430D91400A87C70 /* LoadingState.cpp in Sources */ = {isa = PBXBuildFile; fileRef = E1B4F32D1430D91400A87C70 /* LoadingState.cpp */; };
		E1B4F3321430DC7F00A87C70 /* PlayingState.cpp in Sources */ = {isa = PBXBuildFile; fileRef = E1B4F3301430DC7F00A87C70 /* PlayingState.cpp */; };
		E1B4F3351431178D00A87C70 /* Log.cpp in Sources */ = {isa = PBXBuildFile; fileRef = E1B4F3331431178D00A87C70 /* Log.cpp */; };
		E1B4F3381431267800A87C70 /* GhostCore.cpp in Sources */ = {isa = PBXBuildFile; fileRef = E1B4F3361431267800A87C70 /* GhostCore.cpp */; };
		E1BAD36314364A8F00D7430C /* Matrix4.cpp in Sources */ = {isa = PBXBuildFile; fileRef = E1BAD36114364A8F00D7430C /* Matrix4.cpp */; };
		E1BAD36514364B0900D7430C /* OpenGL.framework in Frameworks */ = {isa = PBXBuildFile; fileRef = E1BAD36414364B0900D7430C /* OpenGL.framework */; };
		E1BAD36914366A4C00D7430C /* Viewport.cpp in Sources */ = {isa = PBXBuildFile; fileRef = E1BAD36714366A4C00D7430C /* Viewport.cpp */; };
		E1BAD36E14366A6000D7430C /* Camera.cpp in Sources */ = {isa = PBXBuildFile; fileRef = E1BAD36A14366A6000D7430C /* Camera.cpp */; };
		E1BAD36F14366A6000D7430C /* Frustum.cpp in Sources */ = {isa = PBXBuildFile; fileRef = E1BAD36C14366A6000D7430C /* Frustum.cpp */; };
		E1ED2730143CB53100D6FFBC /* Font.cpp in Sources */ = {isa = PBXBuildFile; fileRef = E1ED272E143CB53000D6FFBC /* Font.cpp */; };
		E1ED2734143CB53800D6FFBC /* Texture.cpp in Sources */ = {isa = PBXBuildFile; fileRef = E1ED2732143CB53800D6FFBC /* Texture.cpp */; };
		E1ED273C143CB59000D6FFBC /* SDL_image.framework in Frameworks */ = {isa = PBXBuildFile; fileRef = E1ED273B143CB59000D6FFBC /* SDL_image.framework */; };
		E1ED2745143CEB5F00D6FFBC /* TextureManager.cpp in Sources */ = {isa = PBXBuildFile; fileRef = E1ED273D143CEB5F00D6FFBC /* TextureManager.cpp */; };
		E1ED2746143CEB5F00D6FFBC /* ThreadedResourceManager.cpp in Sources */ = {isa = PBXBuildFile; fileRef = E1ED273F143CEB5F00D6FFBC /* ThreadedResourceManager.cpp */; };
		E1ED2747143CEB5F00D6FFBC /* TTFManager.cpp in Sources */ = {isa = PBXBuildFile; fileRef = E1ED2741143CEB5F00D6FFBC /* TTFManager.cpp */; };
		E1ED2748143CEB5F00D6FFBC /* WorldManager.cpp in Sources */ = {isa = PBXBuildFile; fileRef = E1ED2743143CEB5F00D6FFBC /* WorldManager.cpp */; };
/* End PBXBuildFile section */

/* Begin PBXFileReference section */
		E121B0B7142BD0F500719A82 /* ParentState.cpp */ = {isa = PBXFileReference; fileEncoding = 4; lastKnownFileType = sourcecode.cpp.cpp; name = ParentState.cpp; path = ../Engine/ParentState.cpp; sourceTree = "<group>"; };
		E121B0B8142BD0F500719A82 /* ParentState.h */ = {isa = PBXFileReference; fileEncoding = 4; lastKnownFileType = sourcecode.c.h; name = ParentState.h; path = ../Engine/ParentState.h; sourceTree = "<group>"; };
		E121B0BB142BD11800719A82 /* Entity.cpp */ = {isa = PBXFileReference; fileEncoding = 4; lastKnownFileType = sourcecode.cpp.cpp; name = Entity.cpp; path = ../Engine/Entity.cpp; sourceTree = "<group>"; };
		E121B0BC142BD11800719A82 /* Entity.h */ = {isa = PBXFileReference; fileEncoding = 4; lastKnownFileType = sourcecode.c.h; name = Entity.h; path = ../Engine/Entity.h; sourceTree = "<group>"; };
		E121B0BD142BD11800719A82 /* SceneManager.cpp */ = {isa = PBXFileReference; fileEncoding = 4; lastKnownFileType = sourcecode.cpp.cpp; name = SceneManager.cpp; path = ../Engine/SceneManager.cpp; sourceTree = "<group>"; };
		E121B0BE142BD11800719A82 /* SceneManager.h */ = {isa = PBXFileReference; fileEncoding = 4; lastKnownFileType = sourcecode.c.h; name = SceneManager.h; path = ../Engine/SceneManager.h; sourceTree = "<group>"; };
		E13A3FDE142A76C000D7EA2A /* State.h */ = {isa = PBXFileReference; lastKnownFileType = sourcecode.c.h; name = State.h; path = ../Engine/State.h; sourceTree = "<group>"; };
		E13A3FDF142A76C000D7EA2A /* State.cpp */ = {isa = PBXFileReference; lastKnownFileType = sourcecode.cpp.cpp; name = State.cpp; path = ../Engine/State.cpp; sourceTree = "<group>"; };
		E13A3FE0142A76C000D7EA2A /* Core.h */ = {isa = PBXFileReference; lastKnownFileType = sourcecode.c.h; name = Core.h; path = ../Engine/Core.h; sourceTree = "<group>"; };
		E13A3FE1142A76C000D7EA2A /* Core.cpp */ = {isa = PBXFileReference; lastKnownFileType = sourcecode.cpp.cpp; name = Core.cpp; path = ../Engine/Core.cpp; sourceTree = "<group>"; };
		E13A3FE3142A76DC00D7EA2A /* main.cpp */ = {isa = PBXFileReference; lastKnownFileType = sourcecode.cpp.cpp; name = main.cpp; path = ../GitM/main.cpp; sourceTree = "<group>"; };
		E13A3FE4142A76DC00D7EA2A /* GameState.h */ = {isa = PBXFileReference; lastKnownFileType = sourcecode.c.h; name = GameState.h; path = ../GitM/GameState.h; sourceTree = "<group>"; };
		E13A3FE5142A76DC00D7EA2A /* GameState.cpp */ = {isa = PBXFileReference; lastKnownFileType = sourcecode.cpp.cpp; name = GameState.cpp; path = ../GitM/GameState.cpp; sourceTree = "<group>"; };
		E13A3FF6142A79C700D7EA2A /* Cocoa.framework */ = {isa = PBXFileReference; lastKnownFileType = wrapper.framework; name = Cocoa.framework; path = System/Library/Frameworks/Cocoa.framework; sourceTree = SDKROOT; };
		E13A3FF9142A79C700D7EA2A /* AppKit.framework */ = {isa = PBXFileReference; lastKnownFileType = wrapper.framework; name = AppKit.framework; path = System/Library/Frameworks/AppKit.framework; sourceTree = SDKROOT; };
		E13A3FFA142A79C700D7EA2A /* CoreData.framework */ = {isa = PBXFileReference; lastKnownFileType = wrapper.framework; name = CoreData.framework; path = System/Library/Frameworks/CoreData.framework; sourceTree = SDKROOT; };
		E13A3FFB142A79C700D7EA2A /* Foundation.framework */ = {isa = PBXFileReference; lastKnownFileType = wrapper.framework; name = Foundation.framework; path = System/Library/Frameworks/Foundation.framework; sourceTree = SDKROOT; };
		E146AA37143BAB6F00DA17E9 /* SDL_ttf.framework */ = {isa = PBXFileReference; lastKnownFileType = wrapper.framework; name = SDL_ttf.framework; path = Frameworks/SDL_ttf.framework; sourceTree = "<group>"; };
		E152C6421434C75E00D83C44 /* Window.cpp */ = {isa = PBXFileReference; fileEncoding = 4; lastKnownFileType = sourcecode.cpp.cpp; name = Window.cpp; path = ../Engine/Window.cpp; sourceTree = "<group>"; };
		E152C6431434C75E00D83C44 /* Window.h */ = {isa = PBXFileReference; fileEncoding = 4; lastKnownFileType = sourcecode.c.h; name = Window.h; path = ../Engine/Window.h; sourceTree = "<group>"; };
		E152C64F1434C8E100D83C44 /* SDL.framework */ = {isa = PBXFileReference; lastKnownFileType = wrapper.framework; name = SDL.framework; path = Frameworks/SDL.framework; sourceTree = "<group>"; };
		E152C6521434C8F800D83C44 /* SDLMain.h */ = {isa = PBXFileReference; fileEncoding = 4; lastKnownFileType = sourcecode.c.h; path = SDLMain.h; sourceTree = "<group>"; };
		E152C6531434C8F800D83C44 /* SDLMain.m */ = {isa = PBXFileReference; fileEncoding = 4; lastKnownFileType = sourcecode.c.objc; path = SDLMain.m; sourceTree = "<group>"; };
		E15FA1E8142BDF1C00CC6CE2 /* GitM.app */ = {isa = PBXFileReference; explicitFileType = wrapper.application; includeInIndex = 0; path = GitM.app; sourceTree = BUILT_PRODUCTS_DIR; };
		E16C5AEF143A43910063EE8C /* OrthoCamera.cpp */ = {isa = PBXFileReference; fileEncoding = 4; lastKnownFileType = sourcecode.cpp.cpp; name = OrthoCamera.cpp; path = ../Engine/OrthoCamera.cpp; sourceTree = "<group>"; };
		E16C5AF0143A43910063EE8C /* OrthoCamera.h */ = {isa = PBXFileReference; fileEncoding = 4; lastKnownFileType = sourcecode.c.h; name = OrthoCamera.h; path = ../Engine/OrthoCamera.h; sourceTree = "<group>"; };
		E16C5AF4143A43AD0063EE8C /* EventHandler.cpp */ = {isa = PBXFileReference; fileEncoding = 4; lastKnownFileType = sourcecode.cpp.cpp; name = EventHandler.cpp; path = ../Engine/EventHandler.cpp; sourceTree = "<group>"; };
		E16C5AF5143A43AD0063EE8C /* EventHandler.h */ = {isa = PBXFileReference; fileEncoding = 4; lastKnownFileType = sourcecode.c.h; name = EventHandler.h; path = ../Engine/EventHandler.h; sourceTree = "<group>"; };
		E16C5AF6143A43AD0063EE8C /* WindowListener.cpp */ = {isa = PBXFileReference; fileEncoding = 4; lastKnownFileType = sourcecode.cpp.cpp; name = WindowListener.cpp; path = ../Engine/WindowListener.cpp; sourceTree = "<group>"; };
		E16C5AF7143A43AD0063EE8C /* WindowListener.h */ = {isa = PBXFileReference; fileEncoding = 4; lastKnownFileType = sourcecode.c.h; name = WindowListener.h; path = ../Engine/WindowListener.h; sourceTree = "<group>"; };
		E16C5AFB143A54000063EE8C /* Material.cpp */ = {isa = PBXFileReference; fileEncoding = 4; lastKnownFileType = sourcecode.cpp.cpp; name = Material.cpp; path = ../Render/Material.cpp; sourceTree = "<group>"; };
		E16C5AFC143A54000063EE8C /* Material.h */ = {isa = PBXFileReference; fileEncoding = 4; lastKnownFileType = sourcecode.c.h; name = Material.h; path = ../Render/Material.h; sourceTree = "<group>"; };
		E18169D41433B1E40030B8BA /* Vector2.h */ = {isa = PBXFileReference; fileEncoding = 4; lastKnownFileType = sourcecode.c.h; name = Vector2.h; path = ../Base/Vector2.h; sourceTree = "<group>"; };
		E1B4F3131430D66800A87C70 /* Base.h */ = {isa = PBXFileReference; fileEncoding = 4; lastKnownFileType = sourcecode.c.h; name = Base.h; path = ../Base/Base.h; sourceTree = "<group>"; };
		E1B4F3171430D67A00A87C70 /* Player.cpp */ = {isa = PBXFileReference; fileEncoding = 4; lastKnownFileType = sourcecode.cpp.cpp; name = Player.cpp; path = ../GitM/Player.cpp; sourceTree = "<group>"; };
		E1B4F3181430D67A00A87C70 /* Player.h */ = {isa = PBXFileReference; fileEncoding = 4; lastKnownFileType = sourcecode.c.h; name = Player.h; path = ../GitM/Player.h; sourceTree = "<group>"; };
		E1B4F3191430D67A00A87C70 /* QuadTreeSceneManager.cpp */ = {isa = PBXFileReference; fileEncoding = 4; lastKnownFileType = sourcecode.cpp.cpp; name = QuadTreeSceneManager.cpp; path = ../GitM/QuadTreeSceneManager.cpp; sourceTree = "<group>"; };
		E1B4F31A1430D67A00A87C70 /* QuadTreeSceneManager.h */ = {isa = PBXFileReference; fileEncoding = 4; lastKnownFileType = sourcecode.c.h; name = QuadTreeSceneManager.h; path = ../GitM/QuadTreeSceneManager.h; sourceTree = "<group>"; };
		E1B4F31B1430D67A00A87C70 /* World.cpp */ = {isa = PBXFileReference; fileEncoding = 4; lastKnownFileType = sourcecode.cpp.cpp; name = World.cpp; path = ../GitM/World.cpp; sourceTree = "<group>"; };
		E1B4F31C1430D67A00A87C70 /* World.h */ = {isa = PBXFileReference; fileEncoding = 4; lastKnownFileType = sourcecode.c.h; name = World.h; path = ../GitM/World.h; sourceTree = "<group>"; };
		E1B4F3211430D69200A87C70 /* Renderable.cpp */ = {isa = PBXFileReference; fileEncoding = 4; lastKnownFileType = sourcecode.cpp.cpp; name = Renderable.cpp; path = ../Render/Renderable.cpp; sourceTree = "<group>"; };
		E1B4F3221430D69200A87C70 /* Renderable.h */ = {isa = PBXFileReference; fileEncoding = 4; lastKnownFileType = sourcecode.c.h; name = Renderable.h; path = ../Render/Renderable.h; sourceTree = "<group>"; };
		E1B4F3231430D69200A87C70 /* RenderContext.cpp */ = {isa = PBXFileReference; fileEncoding = 4; lastKnownFileType = sourcecode.cpp.cpp; name = RenderContext.cpp; path = ../Render/RenderContext.cpp; sourceTree = "<group>"; };
		E1B4F3241430D69200A87C70 /* RenderContext.h */ = {isa = PBXFileReference; fileEncoding = 4; lastKnownFileType = sourcecode.c.h; name = RenderContext.h; path = ../Render/RenderContext.h; sourceTree = "<group>"; };
		E1B4F32A1430D6E300A87C70 /* SceneNode.cpp */ = {isa = PBXFileReference; fileEncoding = 4; lastKnownFileType = sourcecode.cpp.cpp; name = SceneNode.cpp; path = ../Engine/SceneNode.cpp; sourceTree = "<group>"; };
		E1B4F32B1430D6E300A87C70 /* SceneNode.h */ = {isa = PBXFileReference; fileEncoding = 4; lastKnownFileType = sourcecode.c.h; name = SceneNode.h; path = ../Engine/SceneNode.h; sourceTree = "<group>"; };
		E1B4F32D1430D91400A87C70 /* LoadingState.cpp */ = {isa = PBXFileReference; fileEncoding = 4; lastKnownFileType = sourcecode.cpp.cpp; name = LoadingState.cpp; path = ../GitM/LoadingState.cpp; sourceTree = "<group>"; };
		E1B4F32E1430D91400A87C70 /* LoadingState.h */ = {isa = PBXFileReference; fileEncoding = 4; lastKnownFileType = sourcecode.c.h; name = LoadingState.h; path = ../GitM/LoadingState.h; sourceTree = "<group>"; };
		E1B4F3301430DC7F00A87C70 /* PlayingState.cpp */ = {isa = PBXFileReference; fileEncoding = 4; lastKnownFileType = sourcecode.cpp.cpp; name = PlayingState.cpp; path = ../GitM/PlayingState.cpp; sourceTree = "<group>"; };
		E1B4F3311430DC7F00A87C70 /* PlayingState.h */ = {isa = PBXFileReference; fileEncoding = 4; lastKnownFileType = sourcecode.c.h; name = PlayingState.h; path = ../GitM/PlayingState.h; sourceTree = "<group>"; };
		E1B4F3331431178D00A87C70 /* Log.cpp */ = {isa = PBXFileReference; fileEncoding = 4; lastKnownFileType = sourcecode.cpp.cpp; name = Log.cpp; path = ../Base/Log.cpp; sourceTree = "<group>"; };
		E1B4F3341431178D00A87C70 /* Log.h */ = {isa = PBXFileReference; fileEncoding = 4; lastKnownFileType = sourcecode.c.h; name = Log.h; path = ../Base/Log.h; sourceTree = "<group>"; };
		E1B4F3361431267800A87C70 /* GhostCore.cpp */ = {isa = PBXFileReference; fileEncoding = 4; lastKnownFileType = sourcecode.cpp.cpp; name = GhostCore.cpp; path = ../GitM/GhostCore.cpp; sourceTree = "<group>"; };
		E1B4F3371431267800A87C70 /* GhostCore.h */ = {isa = PBXFileReference; fileEncoding = 4; lastKnownFileType = sourcecode.c.h; name = GhostCore.h; path = ../GitM/GhostCore.h; sourceTree = "<group>"; };
		E1BAD36114364A8F00D7430C /* Matrix4.cpp */ = {isa = PBXFileReference; fileEncoding = 4; lastKnownFileType = sourcecode.cpp.cpp; name = Matrix4.cpp; path = ../Base/Matrix4.cpp; sourceTree = "<group>"; };
		E1BAD36214364A8F00D7430C /* Matrix4.h */ = {isa = PBXFileReference; fileEncoding = 4; lastKnownFileType = sourcecode.c.h; name = Matrix4.h; path = ../Base/Matrix4.h; sourceTree = "<group>"; };
		E1BAD36414364B0900D7430C /* OpenGL.framework */ = {isa = PBXFileReference; lastKnownFileType = wrapper.framework; name = OpenGL.framework; path = SDKs/MacOSX10.6.sdk/System/Library/Frameworks/OpenGL.framework; sourceTree = DEVELOPER_DIR; };
		E1BAD36714366A4C00D7430C /* Viewport.cpp */ = {isa = PBXFileReference; fileEncoding = 4; lastKnownFileType = sourcecode.cpp.cpp; name = Viewport.cpp; path = ../Render/Viewport.cpp; sourceTree = "<group>"; };
		E1BAD36814366A4C00D7430C /* Viewport.h */ = {isa = PBXFileReference; fileEncoding = 4; lastKnownFileType = sourcecode.c.h; name = Viewport.h; path = ../Render/Viewport.h; sourceTree = "<group>"; };
		E1BAD36A14366A6000D7430C /* Camera.cpp */ = {isa = PBXFileReference; fileEncoding = 4; lastKnownFileType = sourcecode.cpp.cpp; name = Camera.cpp; path = ../Engine/Camera.cpp; sourceTree = "<group>"; };
		E1BAD36B14366A6000D7430C /* Camera.h */ = {isa = PBXFileReference; fileEncoding = 4; lastKnownFileType = sourcecode.c.h; name = Camera.h; path = ../Engine/Camera.h; sourceTree = "<group>"; };
		E1BAD36C14366A6000D7430C /* Frustum.cpp */ = {isa = PBXFileReference; fileEncoding = 4; lastKnownFileType = sourcecode.cpp.cpp; name = Frustum.cpp; path = ../Engine/Frustum.cpp; sourceTree = "<group>"; };
		E1BAD36D14366A6000D7430C /* Frustum.h */ = {isa = PBXFileReference; fileEncoding = 4; lastKnownFileType = sourcecode.c.h; name = Frustum.h; path = ../Engine/Frustum.h; sourceTree = "<group>"; };
		E1ED272E143CB53000D6FFBC /* Font.cpp */ = {isa = PBXFileReference; fileEncoding = 4; lastKnownFileType = sourcecode.cpp.cpp; name = Font.cpp; path = ../Render/Font.cpp; sourceTree = "<group>"; };
		E1ED272F143CB53100D6FFBC /* Font.h */ = {isa = PBXFileReference; fileEncoding = 4; lastKnownFileType = sourcecode.c.h; name = Font.h; path = ../Render/Font.h; sourceTree = "<group>"; };
		E1ED2732143CB53800D6FFBC /* Texture.cpp */ = {isa = PBXFileReference; fileEncoding = 4; lastKnownFileType = sourcecode.cpp.cpp; name = Texture.cpp; path = ../Render/Texture.cpp; sourceTree = "<group>"; };
		E1ED2733143CB53800D6FFBC /* Texture.h */ = {isa = PBXFileReference; fileEncoding = 4; lastKnownFileType = sourcecode.c.h; name = Texture.h; path = ../Render/Texture.h; sourceTree = "<group>"; };
		E1ED273B143CB59000D6FFBC /* SDL_image.framework */ = {isa = PBXFileReference; lastKnownFileType = wrapper.framework; name = SDL_image.framework; path = Frameworks/SDL_image.framework; sourceTree = "<group>"; };
		E1ED273D143CEB5F00D6FFBC /* TextureManager.cpp */ = {isa = PBXFileReference; fileEncoding = 4; lastKnownFileType = sourcecode.cpp.cpp; name = TextureManager.cpp; path = ../Resource/TextureManager.cpp; sourceTree = "<group>"; };
		E1ED273E143CEB5F00D6FFBC /* TextureManager.h */ = {isa = PBXFileReference; fileEncoding = 4; lastKnownFileType = sourcecode.c.h; name = TextureManager.h; path = ../Resource/TextureManager.h; sourceTree = "<group>"; };
		E1ED273F143CEB5F00D6FFBC /* ThreadedResourceManager.cpp */ = {isa = PBXFileReference; fileEncoding = 4; lastKnownFileType = sourcecode.cpp.cpp; name = ThreadedResourceManager.cpp; path = ../Resource/ThreadedResourceManager.cpp; sourceTree = "<group>"; };
		E1ED2740143CEB5F00D6FFBC /* ThreadedResourceManager.h */ = {isa = PBXFileReference; fileEncoding = 4; lastKnownFileType = sourcecode.c.h; name = ThreadedResourceManager.h; path = ../Resource/ThreadedResourceManager.h; sourceTree = "<group>"; };
		E1ED2741143CEB5F00D6FFBC /* TTFManager.cpp */ = {isa = PBXFileReference; fileEncoding = 4; lastKnownFileType = sourcecode.cpp.cpp; name = TTFManager.cpp; path = ../Resource/TTFManager.cpp; sourceTree = "<group>"; };
		E1ED2742143CEB5F00D6FFBC /* TTFManager.h */ = {isa = PBXFileReference; fileEncoding = 4; lastKnownFileType = sourcecode.c.h; name = TTFManager.h; path = ../Resource/TTFManager.h; sourceTree = "<group>"; };
		E1ED2743143CEB5F00D6FFBC /* WorldManager.cpp */ = {isa = PBXFileReference; fileEncoding = 4; lastKnownFileType = sourcecode.cpp.cpp; name = WorldManager.cpp; path = ../Resource/WorldManager.cpp; sourceTree = "<group>"; };
		E1ED2744143CEB5F00D6FFBC /* WorldManager.h */ = {isa = PBXFileReference; fileEncoding = 4; lastKnownFileType = sourcecode.c.h; name = WorldManager.h; path = ../Resource/WorldManager.h; sourceTree = "<group>"; };
/* End PBXFileReference section */

/* Begin PBXFrameworksBuildPhase section */
		E15FA1E5142BDF1C00CC6CE2 /* Frameworks */ = {
			isa = PBXFrameworksBuildPhase;
			buildActionMask = 2147483647;
			files = (
				E1BAD36514364B0900D7430C /* OpenGL.framework in Frameworks */,
				E15FA1EA142BDF1C00CC6CE2 /* Cocoa.framework in Frameworks */,
				E152C6501434C8E100D83C44 /* SDL.framework in Frameworks */,
				E146AA38143BAB6F00DA17E9 /* SDL_ttf.framework in Frameworks */,
				E1ED273C143CB59000D6FFBC /* SDL_image.framework in Frameworks */,
			);
			runOnlyForDeploymentPostprocessing = 0;
		};
/* End PBXFrameworksBuildPhase section */

/* Begin PBXGroup section */
		E121B0BA142BD10B00719A82 /* Scene Management */ = {
			isa = PBXGroup;
			children = (
				E121B0BB142BD11800719A82 /* Entity.cpp */,
				E121B0BC142BD11800719A82 /* Entity.h */,
				E121B0BD142BD11800719A82 /* SceneManager.cpp */,
				E121B0BE142BD11800719A82 /* SceneManager.h */,
				E1B4F32A1430D6E300A87C70 /* SceneNode.cpp */,
				E1B4F32B1430D6E300A87C70 /* SceneNode.h */,
			);
			name = "Scene Management";
			sourceTree = "<group>";
		};
		E13A3FDD142A76AD00D7EA2A /* Engine */ = {
			isa = PBXGroup;
			children = (
				E16C5AFA143A43AF0063EE8C /* Event Management */,
				E16C5AF3143A43930063EE8C /* Cameras */,
				E1BAD36C14366A6000D7430C /* Frustum.cpp */,
				E1BAD36D14366A6000D7430C /* Frustum.h */,
				E152C6421434C75E00D83C44 /* Window.cpp */,
				E152C6431434C75E00D83C44 /* Window.h */,
				E121B0BA142BD10B00719A82 /* Scene Management */,
				E1C8D2BB142BD06D00AB41E6 /* State Maintenance */,
			);
			name = Engine;
			sourceTree = "<group>";
		};
		E13A3FE2142A76CF00D7EA2A /* GitM */ = {
			isa = PBXGroup;
			children = (
				E1B4F3361431267800A87C70 /* GhostCore.cpp */,
				E1B4F3371431267800A87C70 /* GhostCore.h */,
				E1B4F3171430D67A00A87C70 /* Player.cpp */,
				E1B4F3181430D67A00A87C70 /* Player.h */,
				E1B4F3191430D67A00A87C70 /* QuadTreeSceneManager.cpp */,
				E1B4F31A1430D67A00A87C70 /* QuadTreeSceneManager.h */,
				E1B4F31B1430D67A00A87C70 /* World.cpp */,
				E1B4F31C1430D67A00A87C70 /* World.h */,
				E1CE8DD3142BE67200BBB30A /* States */,
				E13A3FE3142A76DC00D7EA2A /* main.cpp */,
			);
			name = GitM;
			sourceTree = "<group>";
		};
		E13A3FF3142A79C700D7EA2A /* Products */ = {
			isa = PBXGroup;
			children = (
				E15FA1E8142BDF1C00CC6CE2 /* GitM.app */,
			);
			name = Products;
			sourceTree = "<group>";
		};
		E13A3FF5142A79C700D7EA2A /* Frameworks */ = {
			isa = PBXGroup;
			children = (
				E1ED273B143CB59000D6FFBC /* SDL_image.framework */,
				E146AA37143BAB6F00DA17E9 /* SDL_ttf.framework */,
				E1BAD36414364B0900D7430C /* OpenGL.framework */,
				E152C64F1434C8E100D83C44 /* SDL.framework */,
				E13A3FF6142A79C700D7EA2A /* Cocoa.framework */,
				E13A3FF8142A79C700D7EA2A /* Other Frameworks */,
			);
			name = Frameworks;
			sourceTree = "<group>";
		};
		E13A3FF8142A79C700D7EA2A /* Other Frameworks */ = {
			isa = PBXGroup;
			children = (
				E13A3FF9142A79C700D7EA2A /* AppKit.framework */,
				E13A3FFA142A79C700D7EA2A /* CoreData.framework */,
				E13A3FFB142A79C700D7EA2A /* Foundation.framework */,
			);
			name = "Other Frameworks";
			sourceTree = "<group>";
		};
		E146AA30143B5E7100DA17E9 /* Resource */ = {
			isa = PBXGroup;
			children = (
				E1ED273D143CEB5F00D6FFBC /* TextureManager.cpp */,
				E1ED273E143CEB5F00D6FFBC /* TextureManager.h */,
				E1ED273F143CEB5F00D6FFBC /* ThreadedResourceManager.cpp */,
				E1ED2740143CEB5F00D6FFBC /* ThreadedResourceManager.h */,
				E1ED2741143CEB5F00D6FFBC /* TTFManager.cpp */,
				E1ED2742143CEB5F00D6FFBC /* TTFManager.h */,
				E1ED2743143CEB5F00D6FFBC /* WorldManager.cpp */,
				E1ED2744143CEB5F00D6FFBC /* WorldManager.h */,
			);
			name = Resource;
			sourceTree = "<group>";
		};
		E152C6511434C8F800D83C44 /* SDL */ = {
			isa = PBXGroup;
			children = (
				E152C6521434C8F800D83C44 /* SDLMain.h */,
				E152C6531434C8F800D83C44 /* SDLMain.m */,
			);
			path = SDL;
			sourceTree = "<group>";
		};
		E16C5AF3143A43930063EE8C /* Cameras */ = {
			isa = PBXGroup;
			children = (
				E16C5AEF143A43910063EE8C /* OrthoCamera.cpp */,
				E16C5AF0143A43910063EE8C /* OrthoCamera.h */,
				E1BAD36A14366A6000D7430C /* Camera.cpp */,
				E1BAD36B14366A6000D7430C /* Camera.h */,
			);
			name = Cameras;
			sourceTree = "<group>";
		};
		E16C5AFA143A43AF0063EE8C /* Event Management */ = {
			isa = PBXGroup;
			children = (
				E16C5AF4143A43AD0063EE8C /* EventHandler.cpp */,
				E16C5AF5143A43AD0063EE8C /* EventHandler.h */,
				E16C5AF6143A43AD0063EE8C /* WindowListener.cpp */,
				E16C5AF7143A43AD0063EE8C /* WindowListener.h */,
			);
			name = "Event Management";
			sourceTree = "<group>";
		};
		E1B4F3111430D65000A87C70 /* Base */ = {
			isa = PBXGroup;
			children = (
				E1BAD36114364A8F00D7430C /* Matrix4.cpp */,
				E1BAD36214364A8F00D7430C /* Matrix4.h */,
				E18169D41433B1E40030B8BA /* Vector2.h */,
				E1B4F3131430D66800A87C70 /* Base.h */,
				E1B4F3331431178D00A87C70 /* Log.cpp */,
				E1B4F3341431178D00A87C70 /* Log.h */,
			);
			name = Base;
			sourceTree = "<group>";
		};
		E1B4F3201430D68300A87C70 /* Render */ = {
			isa = PBXGroup;
			children = (
				E1ED272E143CB53000D6FFBC /* Font.cpp */,
				E1ED272F143CB53100D6FFBC /* Font.h */,
				E16C5AFB143A54000063EE8C /* Material.cpp */,
				E16C5AFC143A54000063EE8C /* Material.h */,
				E1B4F3211430D69200A87C70 /* Renderable.cpp */,
				E1B4F3221430D69200A87C70 /* Renderable.h */,
				E1B4F3231430D69200A87C70 /* RenderContext.cpp */,
				E1B4F3241430D69200A87C70 /* RenderContext.h */,
				E1ED2732143CB53800D6FFBC /* Texture.cpp */,
				E1ED2733143CB53800D6FFBC /* Texture.h */,
				E1BAD36714366A4C00D7430C /* Viewport.cpp */,
				E1BAD36814366A4C00D7430C /* Viewport.h */,
			);
			name = Render;
			sourceTree = "<group>";
		};
		E1C4C916142A751A004E4ACD = {
			isa = PBXGroup;
			children = (
				E1B4F3111430D65000A87C70 /* Base */,
				E1B4F3201430D68300A87C70 /* Render */,
				E13A3FDD142A76AD00D7EA2A /* Engine */,
				E146AA30143B5E7100DA17E9 /* Resource */,
				E13A3FE2142A76CF00D7EA2A /* GitM */,
				E13A3FF5142A79C700D7EA2A /* Frameworks */,
				E152C6511434C8F800D83C44 /* SDL */,
				E13A3FF3142A79C700D7EA2A /* Products */,
			);
			sourceTree = "<group>";
		};
		E1C8D2BB142BD06D00AB41E6 /* State Maintenance */ = {
			isa = PBXGroup;
			children = (
				E13A3FE0142A76C000D7EA2A /* Core.h */,
				E13A3FE1142A76C000D7EA2A /* Core.cpp */,
				E121B0B8142BD0F500719A82 /* ParentState.h */,
				E121B0B7142BD0F500719A82 /* ParentState.cpp */,
				E13A3FDE142A76C000D7EA2A /* State.h */,
				E13A3FDF142A76C000D7EA2A /* State.cpp */,
			);
			name = "State Maintenance";
			sourceTree = "<group>";
		};
		E1CE8DD3142BE67200BBB30A /* States */ = {
			isa = PBXGroup;
			children = (
				E1B4F3301430DC7F00A87C70 /* PlayingState.cpp */,
				E1B4F3311430DC7F00A87C70 /* PlayingState.h */,
				E1B4F32D1430D91400A87C70 /* LoadingState.cpp */,
				E1B4F32E1430D91400A87C70 /* LoadingState.h */,
				E13A3FE4142A76DC00D7EA2A /* GameState.h */,
				E13A3FE5142A76DC00D7EA2A /* GameState.cpp */,
			);
			name = States;
			sourceTree = "<group>";
		};
/* End PBXGroup section */

/* Begin PBXNativeTarget section */
		E15FA1E7142BDF1C00CC6CE2 /* GitM */ = {
			isa = PBXNativeTarget;
			buildConfigurationList = E15FA1FF142BDF1C00CC6CE2 /* Build configuration list for PBXNativeTarget "GitM" */;
			buildPhases = (
				E15FA1E4142BDF1C00CC6CE2 /* Sources */,
				E15FA1E5142BDF1C00CC6CE2 /* Frameworks */,
				E15FA1E6142BDF1C00CC6CE2 /* Resources */,
			);
			buildRules = (
			);
			dependencies = (
			);
			name = GitM;
			productName = GitM;
			productReference = E15FA1E8142BDF1C00CC6CE2 /* GitM.app */;
			productType = "com.apple.product-type.application";
		};
/* End PBXNativeTarget section */

/* Begin PBXProject section */
		E1C4C918142A751A004E4ACD /* Project object */ = {
			isa = PBXProject;
			buildConfigurationList = E1C4C91B142A751A004E4ACD /* Build configuration list for PBXProject "GitM" */;
			compatibilityVersion = "Xcode 3.2";
			developmentRegion = English;
			hasScannedForEncodings = 0;
			knownRegions = (
				en,
			);
			mainGroup = E1C4C916142A751A004E4ACD;
			productRefGroup = E13A3FF3142A79C700D7EA2A /* Products */;
			projectDirPath = "";
			projectRoot = "";
			targets = (
				E15FA1E7142BDF1C00CC6CE2 /* GitM */,
			);
		};
/* End PBXProject section */

/* Begin PBXResourcesBuildPhase section */
		E15FA1E6142BDF1C00CC6CE2 /* Resources */ = {
			isa = PBXResourcesBuildPhase;
			buildActionMask = 2147483647;
			files = (
			);
			runOnlyForDeploymentPostprocessing = 0;
		};
/* End PBXResourcesBuildPhase section */

/* Begin PBXSourcesBuildPhase section */
		E15FA1E4142BDF1C00CC6CE2 /* Sources */ = {
			isa = PBXSourcesBuildPhase;
			buildActionMask = 2147483647;
			files = (
				E1A471C4142BE5130062C09B /* Entity.cpp in Sources */,
				E1A471C5142BE5130062C09B /* SceneManager.cpp in Sources */,
				E1A471C6142BE5130062C09B /* Core.cpp in Sources */,
				E1A471C7142BE5130062C09B /* ParentState.cpp in Sources */,
				E1A471C8142BE5130062C09B /* State.cpp in Sources */,
				E1A471BA142BDF5B0062C09B /* main.cpp in Sources */,
				E1A471BB142BDF5B0062C09B /* GameState.cpp in Sources */,
				E1B4F31D1430D67A00A87C70 /* Player.cpp in Sources */,
				E1B4F31E1430D67A00A87C70 /* QuadTreeSceneManager.cpp in Sources */,
				E1B4F31F1430D67A00A87C70 /* World.cpp in Sources */,
				E1B4F3271430D69200A87C70 /* Renderable.cpp in Sources */,
				E1B4F3281430D69200A87C70 /* RenderContext.cpp in Sources */,
				E1B4F32C1430D6E300A87C70 /* SceneNode.cpp in Sources */,
				E1B4F32F1430D91400A87C70 /* LoadingState.cpp in Sources */,
				E1B4F3321430DC7F00A87C70 /* PlayingState.cpp in Sources */,
				E1B4F3351431178D00A87C70 /* Log.cpp in Sources */,
				E1B4F3381431267800A87C70 /* GhostCore.cpp in Sources */,
				E152C6441434C75E00D83C44 /* Window.cpp in Sources */,
				E152C6541434C8F800D83C44 /* SDLMain.m in Sources */,
				E1BAD36314364A8F00D7430C /* Matrix4.cpp in Sources */,
				E1BAD36914366A4C00D7430C /* Viewport.cpp in Sources */,
				E1BAD36E14366A6000D7430C /* Camera.cpp in Sources */,
				E1BAD36F14366A6000D7430C /* Frustum.cpp in Sources */,
				E16C5AF1143A43910063EE8C /* OrthoCamera.cpp in Sources */,
				E16C5AF8143A43AD0063EE8C /* EventHandler.cpp in Sources */,
				E16C5AF9143A43AD0063EE8C /* WindowListener.cpp in Sources */,
				E16C5AFD143A54000063EE8C /* Material.cpp in Sources */,
				E1ED2730143CB53100D6FFBC /* Font.cpp in Sources */,
				E1ED2734143CB53800D6FFBC /* Texture.cpp in Sources */,
				E1ED2745143CEB5F00D6FFBC /* TextureManager.cpp in Sources */,
				E1ED2746143CEB5F00D6FFBC /* ThreadedResourceManager.cpp in Sources */,
				E1ED2747143CEB5F00D6FFBC /* TTFManager.cpp in Sources */,
				E1ED2748143CEB5F00D6FFBC /* WorldManager.cpp in Sources */,
			);
			runOnlyForDeploymentPostprocessing = 0;
		};
/* End PBXSourcesBuildPhase section */

/* Begin XCBuildConfiguration section */
		E15FA1FD142BDF1C00CC6CE2 /* Debug */ = {
			isa = XCBuildConfiguration;
			buildSettings = {
				ALWAYS_SEARCH_USER_PATHS = NO;
				ARCHS = "$(ARCHS_STANDARD_32_64_BIT)";
				COPY_PHASE_STRIP = NO;
				FRAMEWORK_SEARCH_PATHS = (
					"$(inherited)",
					"\"$(SRCROOT)\"",
					"\"$(SRCROOT)/Frameworks\"",
				);
				GCC_C_LANGUAGE_STANDARD = gnu99;
				GCC_DYNAMIC_NO_PIC = NO;
				GCC_ENABLE_OBJC_EXCEPTIONS = YES;
				GCC_OPTIMIZATION_LEVEL = 0;
				GCC_PRECOMPILE_PREFIX_HEADER = YES;
				GCC_PREFIX_HEADER = "";
				GCC_PREPROCESSOR_DEFINITIONS = DEBUG;
				GCC_SYMBOLS_PRIVATE_EXTERN = NO;
				GCC_VERSION = com.apple.compilers.llvm.clang.1_0;
				GCC_WARN_64_TO_32_BIT_CONVERSION = YES;
				GCC_WARN_ABOUT_RETURN_TYPE = YES;
				GCC_WARN_UNUSED_VARIABLE = YES;
				HEADER_SEARCH_PATHS = "$(SRCROOT)/../**";
				INFOPLIST_FILE = "../GitM/GitM-Info.plist";
				MACOSX_DEPLOYMENT_TARGET = 10.6;
				ONLY_ACTIVE_ARCH = YES;
				PRODUCT_NAME = "$(TARGET_NAME)";
				SDKROOT = macosx;
				WRAPPER_EXTENSION = app;
			};
			name = Debug;
		};
		E15FA1FE142BDF1C00CC6CE2 /* Release */ = {
			isa = XCBuildConfiguration;
			buildSettings = {
				ALWAYS_SEARCH_USER_PATHS = NO;
				ARCHS = "$(ARCHS_STANDARD_32_64_BIT)";
				COPY_PHASE_STRIP = YES;
				DEBUG_INFORMATION_FORMAT = "dwarf-with-dsym";
				FRAMEWORK_SEARCH_PATHS = (
					"$(inherited)",
					"\"$(SRCROOT)\"",
					"\"$(SRCROOT)/Frameworks\"",
				);
				GCC_C_LANGUAGE_STANDARD = gnu99;
				GCC_ENABLE_OBJC_EXCEPTIONS = YES;
				GCC_PRECOMPILE_PREFIX_HEADER = YES;
				GCC_PREFIX_HEADER = "";
				GCC_VERSION = com.apple.compilers.llvm.clang.1_0;
				GCC_WARN_64_TO_32_BIT_CONVERSION = YES;
				GCC_WARN_ABOUT_RETURN_TYPE = YES;
				GCC_WARN_UNUSED_VARIABLE = YES;
				HEADER_SEARCH_PATHS = "$(SRCROOT)/../**";
				INFOPLIST_FILE = "../GitM/GitM-Info.plist";
				MACOSX_DEPLOYMENT_TARGET = 10.6;
				PRODUCT_NAME = "$(TARGET_NAME)";
				SDKROOT = macosx;
				WRAPPER_EXTENSION = app;
			};
			name = Release;
		};
		E1C4C91D142A751A004E4ACD /* Debug */ = {
			isa = XCBuildConfiguration;
			buildSettings = {
				HEADER_SEARCH_PATHS = (
					"$(SRCROOT)/..",
					"$(SRCROOT)",
				);
			};
			name = Debug;
		};
		E1C4C91E142A751A004E4ACD /* Release */ = {
			isa = XCBuildConfiguration;
			buildSettings = {
				HEADER_SEARCH_PATHS = (
					"$(SRCROOT)/..",
					"$(SRCROOT)",
				);
			};
			name = Release;
		};
/* End XCBuildConfiguration section */

/* Begin XCConfigurationList section */
		E15FA1FF142BDF1C00CC6CE2 /* Build configuration list for PBXNativeTarget "GitM" */ = {
			isa = XCConfigurationList;
			buildConfigurations = (
				E15FA1FD142BDF1C00CC6CE2 /* Debug */,
				E15FA1FE142BDF1C00CC6CE2 /* Release */,
			);
			defaultConfigurationIsVisible = 0;
			defaultConfigurationName = Release;
		};
		E1C4C91B142A751A004E4ACD /* Build configuration list for PBXProject "GitM" */ = {
			isa = XCConfigurationList;
			buildConfigurations = (
				E1C4C91D142A751A004E4ACD /* Debug */,
				E1C4C91E142A751A004E4ACD /* Release */,
			);
			defaultConfigurationIsVisible = 0;
			defaultConfigurationName = Release;
		};
/* End XCConfigurationList section */
	};
	rootObject = E1C4C918142A751A004E4ACD /* Project object */;
}
