// !$*UTF8*$!
{
	archiveVersion = 1;
	classes = {
	};
	objectVersion = 46;
	objects = {

/* Begin PBXBuildFile section */
		18687B2C15179A2300494D7D /* SDL_image.framework in CopyFiles */ = {isa = PBXBuildFile; fileRef = E1ED273B143CB59000D6FFBC /* SDL_image.framework */; };
		18687B2D15179A2500494D7D /* SDL_ttf.framework in CopyFiles */ = {isa = PBXBuildFile; fileRef = E146AA37143BAB6F00DA17E9 /* SDL_ttf.framework */; };
		18687B2E15179A2700494D7D /* SDL.framework in CopyFiles */ = {isa = PBXBuildFile; fileRef = E152C64F1434C8E100D83C44 /* SDL.framework */; };
		18687B3015179D6000494D7D /* OpenGL.framework in Frameworks */ = {isa = PBXBuildFile; fileRef = 18687B2F15179D6000494D7D /* OpenGL.framework */; };
		18687B3215179D6900494D7D /* AGL.framework in Frameworks */ = {isa = PBXBuildFile; fileRef = 18687B3115179D6900494D7D /* AGL.framework */; };
		E146AA38143BAB6F00DA17E9 /* SDL_ttf.framework in Frameworks */ = {isa = PBXBuildFile; fileRef = E146AA37143BAB6F00DA17E9 /* SDL_ttf.framework */; };
		E152C6501434C8E100D83C44 /* SDL.framework in Frameworks */ = {isa = PBXBuildFile; fileRef = E152C64F1434C8E100D83C44 /* SDL.framework */; };
		E152C6541434C8F800D83C44 /* SDLMain.m in Sources */ = {isa = PBXBuildFile; fileRef = E152C6531434C8F800D83C44 /* SDLMain.m */; };
		E15FA1EA142BDF1C00CC6CE2 /* Cocoa.framework in Frameworks */ = {isa = PBXBuildFile; fileRef = E13A3FF6142A79C700D7EA2A /* Cocoa.framework */; };
		E1A180F91513E7B400EA9CDB /* DebugVolume.cpp in Sources */ = {isa = PBXBuildFile; fileRef = E1A17FD31513E7B400EA9CDB /* DebugVolume.cpp */; };
		E1A180FA1513E7B400EA9CDB /* GameState.cpp in Sources */ = {isa = PBXBuildFile; fileRef = E1A17FD51513E7B400EA9CDB /* GameState.cpp */; };
		E1A180FB1513E7B400EA9CDB /* GhostCore.cpp in Sources */ = {isa = PBXBuildFile; fileRef = E1A17FD71513E7B400EA9CDB /* GhostCore.cpp */; };
		E1A180FC1513E7B400EA9CDB /* GhostWorld.cpp in Sources */ = {isa = PBXBuildFile; fileRef = E1A17FD91513E7B400EA9CDB /* GhostWorld.cpp */; };
		E1A180FE1513E7B400EA9CDB /* LoadingState.cpp in Sources */ = {isa = PBXBuildFile; fileRef = E1A17FDC1513E7B400EA9CDB /* LoadingState.cpp */; };
		E1A180FF1513E7B400EA9CDB /* main.cpp in Sources */ = {isa = PBXBuildFile; fileRef = E1A17FDE1513E7B400EA9CDB /* main.cpp */; };
		E1A181001513E7B400EA9CDB /* Platform.cpp in Sources */ = {isa = PBXBuildFile; fileRef = E1A17FDF1513E7B400EA9CDB /* Platform.cpp */; };
		E1A181011513E7B400EA9CDB /* Player.cpp in Sources */ = {isa = PBXBuildFile; fileRef = E1A17FE11513E7B400EA9CDB /* Player.cpp */; };
		E1A181021513E7B400EA9CDB /* PlayerController.cpp in Sources */ = {isa = PBXBuildFile; fileRef = E1A17FE31513E7B400EA9CDB /* PlayerController.cpp */; };
		E1A181031513E7B400EA9CDB /* PlayingState.cpp in Sources */ = {isa = PBXBuildFile; fileRef = E1A17FE51513E7B400EA9CDB /* PlayingState.cpp */; };
		E1A181041513E7B400EA9CDB /* StartingState.cpp in Sources */ = {isa = PBXBuildFile; fileRef = E1A17FE71513E7B400EA9CDB /* StartingState.cpp */; };
		E1A181051513E7B400EA9CDB /* Wall.cpp in Sources */ = {isa = PBXBuildFile; fileRef = E1A17FE91513E7B400EA9CDB /* Wall.cpp */; };
		E1A1811D1513E7B400EA9CDB /* AABB2.cpp in Sources */ = {isa = PBXBuildFile; fileRef = E1A180121513E7B400EA9CDB /* AABB2.cpp */; };
		E1A1811E1513E7B400EA9CDB /* AABB3.cpp in Sources */ = {isa = PBXBuildFile; fileRef = E1A180141513E7B400EA9CDB /* AABB3.cpp */; };
		E1A1811F1513E7B400EA9CDB /* FileSystem.cpp in Sources */ = {isa = PBXBuildFile; fileRef = E1A180191513E7B400EA9CDB /* FileSystem.cpp */; };
		E1A181201513E7B400EA9CDB /* Log.cpp in Sources */ = {isa = PBXBuildFile; fileRef = E1A1801B1513E7B400EA9CDB /* Log.cpp */; };
		E1A181211513E7B400EA9CDB /* Matrix4.cpp in Sources */ = {isa = PBXBuildFile; fileRef = E1A1801D1513E7B400EA9CDB /* Matrix4.cpp */; };
		E1A181221513E7B400EA9CDB /* PropertyMap.cpp in Sources */ = {isa = PBXBuildFile; fileRef = E1A1801F1513E7B400EA9CDB /* PropertyMap.cpp */; };
		E1A181231513E7B400EA9CDB /* Timestamp.cpp in Sources */ = {isa = PBXBuildFile; fileRef = E1A180221513E7B400EA9CDB /* Timestamp.cpp */; };
		E1A181241513E7B400EA9CDB /* Vector2.cpp in Sources */ = {isa = PBXBuildFile; fileRef = E1A180241513E7B400EA9CDB /* Vector2.cpp */; };
		E1A181251513E7B400EA9CDB /* Vector3.cpp in Sources */ = {isa = PBXBuildFile; fileRef = E1A180261513E7B400EA9CDB /* Vector3.cpp */; };
		E1A181261513E7B400EA9CDB /* Vector4.cpp in Sources */ = {isa = PBXBuildFile; fileRef = E1A180281513E7B400EA9CDB /* Vector4.cpp */; };
		E1A181271513E7B400EA9CDB /* Box2DConfig.cmake in Resources */ = {isa = PBXBuildFile; fileRef = E1A1802C1513E7B400EA9CDB /* Box2DConfig.cmake */; };
		E1A181281513E7B400EA9CDB /* CMakeLists.txt in Resources */ = {isa = PBXBuildFile; fileRef = E1A1802D1513E7B400EA9CDB /* CMakeLists.txt */; };
		E1A181291513E7B400EA9CDB /* b2BroadPhase.cpp in Sources */ = {isa = PBXBuildFile; fileRef = E1A1802F1513E7B400EA9CDB /* b2BroadPhase.cpp */; };
		E1A1812A1513E7B400EA9CDB /* b2CollideCircle.cpp in Sources */ = {isa = PBXBuildFile; fileRef = E1A180311513E7B400EA9CDB /* b2CollideCircle.cpp */; };
		E1A1812B1513E7B400EA9CDB /* b2CollideEdge.cpp in Sources */ = {isa = PBXBuildFile; fileRef = E1A180321513E7B400EA9CDB /* b2CollideEdge.cpp */; };
		E1A1812C1513E7B400EA9CDB /* b2CollidePolygon.cpp in Sources */ = {isa = PBXBuildFile; fileRef = E1A180331513E7B400EA9CDB /* b2CollidePolygon.cpp */; };
		E1A1812D1513E7B400EA9CDB /* b2Collision.cpp in Sources */ = {isa = PBXBuildFile; fileRef = E1A180341513E7B400EA9CDB /* b2Collision.cpp */; };
		E1A1812E1513E7B400EA9CDB /* b2Distance.cpp in Sources */ = {isa = PBXBuildFile; fileRef = E1A180361513E7B400EA9CDB /* b2Distance.cpp */; };
		E1A1812F1513E7B400EA9CDB /* b2DynamicTree.cpp in Sources */ = {isa = PBXBuildFile; fileRef = E1A180381513E7B400EA9CDB /* b2DynamicTree.cpp */; };
		E1A181301513E7B400EA9CDB /* b2TimeOfImpact.cpp in Sources */ = {isa = PBXBuildFile; fileRef = E1A1803A1513E7B400EA9CDB /* b2TimeOfImpact.cpp */; };
		E1A181311513E7B400EA9CDB /* b2ChainShape.cpp in Sources */ = {isa = PBXBuildFile; fileRef = E1A1803D1513E7B400EA9CDB /* b2ChainShape.cpp */; };
		E1A181321513E7B400EA9CDB /* b2CircleShape.cpp in Sources */ = {isa = PBXBuildFile; fileRef = E1A1803F1513E7B400EA9CDB /* b2CircleShape.cpp */; };
		E1A181331513E7B400EA9CDB /* b2EdgeShape.cpp in Sources */ = {isa = PBXBuildFile; fileRef = E1A180411513E7B400EA9CDB /* b2EdgeShape.cpp */; };
		E1A181341513E7B400EA9CDB /* b2PolygonShape.cpp in Sources */ = {isa = PBXBuildFile; fileRef = E1A180431513E7B400EA9CDB /* b2PolygonShape.cpp */; };
		E1A181351513E7B400EA9CDB /* b2BlockAllocator.cpp in Sources */ = {isa = PBXBuildFile; fileRef = E1A180471513E7B400EA9CDB /* b2BlockAllocator.cpp */; };
		E1A181361513E7B400EA9CDB /* b2Draw.cpp in Sources */ = {isa = PBXBuildFile; fileRef = E1A180491513E7B400EA9CDB /* b2Draw.cpp */; };
		E1A181371513E7B400EA9CDB /* b2Math.cpp in Sources */ = {isa = PBXBuildFile; fileRef = E1A1804C1513E7B400EA9CDB /* b2Math.cpp */; };
		E1A181381513E7B400EA9CDB /* b2Settings.cpp in Sources */ = {isa = PBXBuildFile; fileRef = E1A1804E1513E7B400EA9CDB /* b2Settings.cpp */; };
		E1A181391513E7B400EA9CDB /* b2StackAllocator.cpp in Sources */ = {isa = PBXBuildFile; fileRef = E1A180501513E7B400EA9CDB /* b2StackAllocator.cpp */; };
		E1A1813A1513E7B400EA9CDB /* b2Timer.cpp in Sources */ = {isa = PBXBuildFile; fileRef = E1A180521513E7B400EA9CDB /* b2Timer.cpp */; };
		E1A1813B1513E7B400EA9CDB /* b2Body.cpp in Sources */ = {isa = PBXBuildFile; fileRef = E1A180551513E7B400EA9CDB /* b2Body.cpp */; };
		E1A1813C1513E7B400EA9CDB /* b2ContactManager.cpp in Sources */ = {isa = PBXBuildFile; fileRef = E1A180571513E7B400EA9CDB /* b2ContactManager.cpp */; };
		E1A1813D1513E7B400EA9CDB /* b2Fixture.cpp in Sources */ = {isa = PBXBuildFile; fileRef = E1A180591513E7B400EA9CDB /* b2Fixture.cpp */; };
		E1A1813E1513E7B400EA9CDB /* b2Island.cpp in Sources */ = {isa = PBXBuildFile; fileRef = E1A1805B1513E7B400EA9CDB /* b2Island.cpp */; };
		E1A1813F1513E7B400EA9CDB /* b2World.cpp in Sources */ = {isa = PBXBuildFile; fileRef = E1A1805E1513E7B400EA9CDB /* b2World.cpp */; };
		E1A181401513E7B400EA9CDB /* b2WorldCallbacks.cpp in Sources */ = {isa = PBXBuildFile; fileRef = E1A180601513E7B400EA9CDB /* b2WorldCallbacks.cpp */; };
		E1A181411513E7B400EA9CDB /* b2ChainAndCircleContact.cpp in Sources */ = {isa = PBXBuildFile; fileRef = E1A180631513E7B400EA9CDB /* b2ChainAndCircleContact.cpp */; };
		E1A181421513E7B400EA9CDB /* b2ChainAndPolygonContact.cpp in Sources */ = {isa = PBXBuildFile; fileRef = E1A180651513E7B400EA9CDB /* b2ChainAndPolygonContact.cpp */; };
		E1A181431513E7B400EA9CDB /* b2CircleContact.cpp in Sources */ = {isa = PBXBuildFile; fileRef = E1A180671513E7B400EA9CDB /* b2CircleContact.cpp */; };
		E1A181441513E7B400EA9CDB /* b2Contact.cpp in Sources */ = {isa = PBXBuildFile; fileRef = E1A180691513E7B400EA9CDB /* b2Contact.cpp */; };
		E1A181451513E7B400EA9CDB /* b2ContactSolver.cpp in Sources */ = {isa = PBXBuildFile; fileRef = E1A1806B1513E7B400EA9CDB /* b2ContactSolver.cpp */; };
		E1A181461513E7B400EA9CDB /* b2EdgeAndCircleContact.cpp in Sources */ = {isa = PBXBuildFile; fileRef = E1A1806D1513E7B400EA9CDB /* b2EdgeAndCircleContact.cpp */; };
		E1A181471513E7B400EA9CDB /* b2EdgeAndPolygonContact.cpp in Sources */ = {isa = PBXBuildFile; fileRef = E1A1806F1513E7B400EA9CDB /* b2EdgeAndPolygonContact.cpp */; };
		E1A181481513E7B400EA9CDB /* b2PolygonAndCircleContact.cpp in Sources */ = {isa = PBXBuildFile; fileRef = E1A180711513E7B400EA9CDB /* b2PolygonAndCircleContact.cpp */; };
		E1A181491513E7B400EA9CDB /* b2PolygonContact.cpp in Sources */ = {isa = PBXBuildFile; fileRef = E1A180731513E7B400EA9CDB /* b2PolygonContact.cpp */; };
		E1A1814A1513E7B400EA9CDB /* b2DistanceJoint.cpp in Sources */ = {isa = PBXBuildFile; fileRef = E1A180761513E7B400EA9CDB /* b2DistanceJoint.cpp */; };
		E1A1814B1513E7B400EA9CDB /* b2FrictionJoint.cpp in Sources */ = {isa = PBXBuildFile; fileRef = E1A180781513E7B400EA9CDB /* b2FrictionJoint.cpp */; };
		E1A1814C1513E7B400EA9CDB /* b2GearJoint.cpp in Sources */ = {isa = PBXBuildFile; fileRef = E1A1807A1513E7B400EA9CDB /* b2GearJoint.cpp */; };
		E1A1814D1513E7B400EA9CDB /* b2Joint.cpp in Sources */ = {isa = PBXBuildFile; fileRef = E1A1807C1513E7B400EA9CDB /* b2Joint.cpp */; };
		E1A1814E1513E7B400EA9CDB /* b2MouseJoint.cpp in Sources */ = {isa = PBXBuildFile; fileRef = E1A1807E1513E7B400EA9CDB /* b2MouseJoint.cpp */; };
		E1A1814F1513E7B400EA9CDB /* b2PrismaticJoint.cpp in Sources */ = {isa = PBXBuildFile; fileRef = E1A180801513E7B400EA9CDB /* b2PrismaticJoint.cpp */; };
		E1A181501513E7B400EA9CDB /* b2PulleyJoint.cpp in Sources */ = {isa = PBXBuildFile; fileRef = E1A180821513E7B400EA9CDB /* b2PulleyJoint.cpp */; };
		E1A181511513E7B400EA9CDB /* b2RevoluteJoint.cpp in Sources */ = {isa = PBXBuildFile; fileRef = E1A180841513E7B400EA9CDB /* b2RevoluteJoint.cpp */; };
		E1A181521513E7B400EA9CDB /* b2RopeJoint.cpp in Sources */ = {isa = PBXBuildFile; fileRef = E1A180861513E7B400EA9CDB /* b2RopeJoint.cpp */; };
		E1A181531513E7B400EA9CDB /* b2WeldJoint.cpp in Sources */ = {isa = PBXBuildFile; fileRef = E1A180881513E7B400EA9CDB /* b2WeldJoint.cpp */; };
		E1A181541513E7B400EA9CDB /* b2WheelJoint.cpp in Sources */ = {isa = PBXBuildFile; fileRef = E1A1808A1513E7B400EA9CDB /* b2WheelJoint.cpp */; };
		E1A181551513E7B400EA9CDB /* b2Rope.cpp in Sources */ = {isa = PBXBuildFile; fileRef = E1A1808D1513E7B400EA9CDB /* b2Rope.cpp */; };
		E1A181561513E7B400EA9CDB /* Camera.cpp in Sources */ = {isa = PBXBuildFile; fileRef = E1A180901513E7B400EA9CDB /* Camera.cpp */; };
		E1A181571513E7B400EA9CDB /* ContactListener.cpp in Sources */ = {isa = PBXBuildFile; fileRef = E1A180921513E7B400EA9CDB /* ContactListener.cpp */; };
		E1A181581513E7B400EA9CDB /* Controller.cpp in Sources */ = {isa = PBXBuildFile; fileRef = E1A180941513E7B400EA9CDB /* Controller.cpp */; };
		E1A181591513E7B400EA9CDB /* Core.cpp in Sources */ = {isa = PBXBuildFile; fileRef = E1A180961513E7B400EA9CDB /* Core.cpp */; };
		E1A1815A1513E7B400EA9CDB /* Entity.cpp in Sources */ = {isa = PBXBuildFile; fileRef = E1A180981513E7B400EA9CDB /* Entity.cpp */; };
		E1A1815B1513E7B400EA9CDB /* EventHandler.cpp in Sources */ = {isa = PBXBuildFile; fileRef = E1A1809A1513E7B400EA9CDB /* EventHandler.cpp */; };
		E1A1815C1513E7B400EA9CDB /* Frustum.cpp in Sources */ = {isa = PBXBuildFile; fileRef = E1A1809C1513E7B400EA9CDB /* Frustum.cpp */; };
		E1A1815D1513E7B400EA9CDB /* IsoCamera.cpp in Sources */ = {isa = PBXBuildFile; fileRef = E1A1809E1513E7B400EA9CDB /* IsoCamera.cpp */; };
		E1A1815E1513E7B400EA9CDB /* KeyboardListener.cpp in Sources */ = {isa = PBXBuildFile; fileRef = E1A180A01513E7B400EA9CDB /* KeyboardListener.cpp */; };
		E1A1815F1513E7B400EA9CDB /* Mob.cpp in Sources */ = {isa = PBXBuildFile; fileRef = E1A180A21513E7B400EA9CDB /* Mob.cpp */; };
		E1A181601513E7B400EA9CDB /* OrthoCamera.cpp in Sources */ = {isa = PBXBuildFile; fileRef = E1A180A41513E7B400EA9CDB /* OrthoCamera.cpp */; };
		E1A181611513E7B400EA9CDB /* ParentState.cpp in Sources */ = {isa = PBXBuildFile; fileRef = E1A180A61513E7B400EA9CDB /* ParentState.cpp */; };
		E1A181621513E7B400EA9CDB /* PhysicsController.cpp in Sources */ = {isa = PBXBuildFile; fileRef = E1A180A81513E7B400EA9CDB /* PhysicsController.cpp */; };
		E1A181631513E7B400EA9CDB /* PhysicsEngine.cpp in Sources */ = {isa = PBXBuildFile; fileRef = E1A180AA1513E7B400EA9CDB /* PhysicsEngine.cpp */; };
		E1A181641513E7B400EA9CDB /* QuadTreeSceneManager.cpp in Sources */ = {isa = PBXBuildFile; fileRef = E1A180AC1513E7B400EA9CDB /* QuadTreeSceneManager.cpp */; };
		E1A181651513E7B400EA9CDB /* SceneManager.cpp in Sources */ = {isa = PBXBuildFile; fileRef = E1A180AE1513E7B400EA9CDB /* SceneManager.cpp */; };
		E1A181661513E7B400EA9CDB /* SceneNode.cpp in Sources */ = {isa = PBXBuildFile; fileRef = E1A180B01513E7B400EA9CDB /* SceneNode.cpp */; };
		E1A181671513E7B400EA9CDB /* State.cpp in Sources */ = {isa = PBXBuildFile; fileRef = E1A180B21513E7B400EA9CDB /* State.cpp */; };
		E1A181681513E7B400EA9CDB /* Window.cpp in Sources */ = {isa = PBXBuildFile; fileRef = E1A180B41513E7B400EA9CDB /* Window.cpp */; };
		E1A181691513E7B400EA9CDB /* WindowListener.cpp in Sources */ = {isa = PBXBuildFile; fileRef = E1A180B61513E7B400EA9CDB /* WindowListener.cpp */; };
		E1A1816A1513E7B400EA9CDB /* World.cpp in Sources */ = {isa = PBXBuildFile; fileRef = E1A180B81513E7B400EA9CDB /* World.cpp */; };
		E1A1816B1513E7B400EA9CDB /* ClientProvider.cpp in Sources */ = {isa = PBXBuildFile; fileRef = E1A180BB1513E7B400EA9CDB /* ClientProvider.cpp */; };
		E1A1816C1513E7B400EA9CDB /* ConnectionBuffer.cpp in Sources */ = {isa = PBXBuildFile; fileRef = E1A180BD1513E7B400EA9CDB /* ConnectionBuffer.cpp */; };
		E1A1816E1513E7B400EA9CDB /* ListenSocket.cpp in Sources */ = {isa = PBXBuildFile; fileRef = E1A180C11513E7B400EA9CDB /* ListenSocket.cpp */; };
		E1A1816F1513E7B400EA9CDB /* NetAddress.cpp in Sources */ = {isa = PBXBuildFile; fileRef = E1A180C31513E7B400EA9CDB /* NetAddress.cpp */; };
		E1A181701513E7B400EA9CDB /* Packet.cpp in Sources */ = {isa = PBXBuildFile; fileRef = E1A180C51513E7B400EA9CDB /* Packet.cpp */; };
		E1A181711513E7B400EA9CDB /* ServerProvider.cpp in Sources */ = {isa = PBXBuildFile; fileRef = E1A180C71513E7B400EA9CDB /* ServerProvider.cpp */; };
		E1A181721513E7B400EA9CDB /* SimpleUDPProvider.cpp in Sources */ = {isa = PBXBuildFile; fileRef = E1A180C91513E7B400EA9CDB /* SimpleUDPProvider.cpp */; };
		E1A181731513E7B400EA9CDB /* Socket.cpp in Sources */ = {isa = PBXBuildFile; fileRef = E1A180CB1513E7B400EA9CDB /* Socket.cpp */; };
		E1A181741513E7B400EA9CDB /* SocketedUDPProvider.cpp in Sources */ = {isa = PBXBuildFile; fileRef = E1A180CD1513E7B400EA9CDB /* SocketedUDPProvider.cpp */; };
		E1A181751513E7B400EA9CDB /* TCPBuffer.cpp in Sources */ = {isa = PBXBuildFile; fileRef = E1A180CF1513E7B400EA9CDB /* TCPBuffer.cpp */; };
		E1A181761513E7B400EA9CDB /* TCPSocket.cpp in Sources */ = {isa = PBXBuildFile; fileRef = E1A180D11513E7B400EA9CDB /* TCPSocket.cpp */; };
		E1A181771513E7B400EA9CDB /* UDPBuffer.cpp in Sources */ = {isa = PBXBuildFile; fileRef = E1A180D31513E7B400EA9CDB /* UDPBuffer.cpp */; };
		E1A181781513E7B400EA9CDB /* UDPSocket.cpp in Sources */ = {isa = PBXBuildFile; fileRef = E1A180D51513E7B400EA9CDB /* UDPSocket.cpp */; };
		E1A181791513E7B400EA9CDB /* Font.cpp in Sources */ = {isa = PBXBuildFile; fileRef = E1A180D81513E7B400EA9CDB /* Font.cpp */; };
		E1A1817A1513E7B400EA9CDB /* Material.cpp in Sources */ = {isa = PBXBuildFile; fileRef = E1A180DA1513E7B400EA9CDB /* Material.cpp */; };
		E1A1817B1513E7B400EA9CDB /* Renderable.cpp in Sources */ = {isa = PBXBuildFile; fileRef = E1A180DC1513E7B400EA9CDB /* Renderable.cpp */; };
		E1A1817C1513E7B400EA9CDB /* RenderContext.cpp in Sources */ = {isa = PBXBuildFile; fileRef = E1A180DE1513E7B400EA9CDB /* RenderContext.cpp */; };
		E1A1817D1513E7B400EA9CDB /* Texture.cpp in Sources */ = {isa = PBXBuildFile; fileRef = E1A180E01513E7B400EA9CDB /* Texture.cpp */; };
		E1A1817E1513E7B400EA9CDB /* Viewport.cpp in Sources */ = {isa = PBXBuildFile; fileRef = E1A180E21513E7B400EA9CDB /* Viewport.cpp */; };
		E1A1817F1513E7B400EA9CDB /* MaterialManager.cpp in Sources */ = {isa = PBXBuildFile; fileRef = E1A180E51513E7B400EA9CDB /* MaterialManager.cpp */; };
		E1A181801513E7B400EA9CDB /* TextureManager.cpp in Sources */ = {isa = PBXBuildFile; fileRef = E1A180E81513E7B400EA9CDB /* TextureManager.cpp */; };
		E1A181811513E7B400EA9CDB /* ThreadedResourceManager.cpp in Sources */ = {isa = PBXBuildFile; fileRef = E1A180EA1513E7B400EA9CDB /* ThreadedResourceManager.cpp */; };
		E1A181821513E7B400EA9CDB /* TTFManager.cpp in Sources */ = {isa = PBXBuildFile; fileRef = E1A180EC1513E7B400EA9CDB /* TTFManager.cpp */; };
		E1A181831513E7B400EA9CDB /* WorldManager.cpp in Sources */ = {isa = PBXBuildFile; fileRef = E1A180EE1513E7B400EA9CDB /* WorldManager.cpp */; };
		E1A59663152659AD008B4E8B /* UIElement.cpp in Sources */ = {isa = PBXBuildFile; fileRef = E1A59661152659AD008B4E8B /* UIElement.cpp */; };
		E1A59666152659B4008B4E8B /* UIManager.cpp in Sources */ = {isa = PBXBuildFile; fileRef = E1A59664152659B4008B4E8B /* UIManager.cpp */; };
		E1A59670152659D8008B4E8B /* GhastlyClient.cpp in Sources */ = {isa = PBXBuildFile; fileRef = E1A59667152659D8008B4E8B /* GhastlyClient.cpp */; };
		E1A59671152659D8008B4E8B /* GhastlyHost.cpp in Sources */ = {isa = PBXBuildFile; fileRef = E1A59669152659D8008B4E8B /* GhastlyHost.cpp */; };
		E1A59672152659D8008B4E8B /* GhastlyServer.cpp in Sources */ = {isa = PBXBuildFile; fileRef = E1A5966C152659D8008B4E8B /* GhastlyServer.cpp */; };
		E1A59673152659D8008B4E8B /* MultiConnectionProvider.cpp in Sources */ = {isa = PBXBuildFile; fileRef = E1A5966E152659D8008B4E8B /* MultiConnectionProvider.cpp */; };
		E1A59676152659F3008B4E8B /* IndexPool.cpp in Sources */ = {isa = PBXBuildFile; fileRef = E1A59674152659F2008B4E8B /* IndexPool.cpp */; };
		E1ED273C143CB59000D6FFBC /* SDL_image.framework in Frameworks */ = {isa = PBXBuildFile; fileRef = E1ED273B143CB59000D6FFBC /* SDL_image.framework */; };
/* End PBXBuildFile section */

/* Begin PBXCopyFilesBuildPhase section */
		18687B2B15179A0000494D7D /* CopyFiles */ = {
			isa = PBXCopyFilesBuildPhase;
			buildActionMask = 2147483647;
			dstPath = "";
			dstSubfolderSpec = 10;
			files = (
				18687B2C15179A2300494D7D /* SDL_image.framework in CopyFiles */,
				18687B2D15179A2500494D7D /* SDL_ttf.framework in CopyFiles */,
				18687B2E15179A2700494D7D /* SDL.framework in CopyFiles */,
			);
			runOnlyForDeploymentPostprocessing = 0;
		};
/* End PBXCopyFilesBuildPhase section */

/* Begin PBXFileReference section */
		18687B2F15179D6000494D7D /* OpenGL.framework */ = {isa = PBXFileReference; lastKnownFileType = wrapper.framework; name = OpenGL.framework; path = ../../../../../System/Library/Frameworks/OpenGL.framework; sourceTree = "<group>"; };
		18687B3115179D6900494D7D /* AGL.framework */ = {isa = PBXFileReference; lastKnownFileType = wrapper.framework; name = AGL.framework; path = ../../../../../System/Library/Frameworks/AGL.framework; sourceTree = "<group>"; };
		E13A3FF6142A79C700D7EA2A /* Cocoa.framework */ = {isa = PBXFileReference; lastKnownFileType = wrapper.framework; name = Cocoa.framework; path = System/Library/Frameworks/Cocoa.framework; sourceTree = SDKROOT; };
		E13A3FF9142A79C700D7EA2A /* AppKit.framework */ = {isa = PBXFileReference; lastKnownFileType = wrapper.framework; name = AppKit.framework; path = System/Library/Frameworks/AppKit.framework; sourceTree = SDKROOT; };
		E13A3FFA142A79C700D7EA2A /* CoreData.framework */ = {isa = PBXFileReference; lastKnownFileType = wrapper.framework; name = CoreData.framework; path = System/Library/Frameworks/CoreData.framework; sourceTree = SDKROOT; };
		E13A3FFB142A79C700D7EA2A /* Foundation.framework */ = {isa = PBXFileReference; lastKnownFileType = wrapper.framework; name = Foundation.framework; path = System/Library/Frameworks/Foundation.framework; sourceTree = SDKROOT; };
		E146AA37143BAB6F00DA17E9 /* SDL_ttf.framework */ = {isa = PBXFileReference; lastKnownFileType = wrapper.framework; name = SDL_ttf.framework; path = Frameworks/SDL_ttf.framework; sourceTree = "<group>"; };
		E152C64F1434C8E100D83C44 /* SDL.framework */ = {isa = PBXFileReference; lastKnownFileType = wrapper.framework; name = SDL.framework; path = Frameworks/SDL.framework; sourceTree = "<group>"; };
		E152C6521434C8F800D83C44 /* SDLMain.h */ = {isa = PBXFileReference; fileEncoding = 4; lastKnownFileType = sourcecode.c.h; path = SDLMain.h; sourceTree = "<group>"; };
		E152C6531434C8F800D83C44 /* SDLMain.m */ = {isa = PBXFileReference; fileEncoding = 4; lastKnownFileType = sourcecode.c.objc; path = SDLMain.m; sourceTree = "<group>"; };
		E15FA1E8142BDF1C00CC6CE2 /* GitM.app */ = {isa = PBXFileReference; explicitFileType = wrapper.application; includeInIndex = 0; path = GitM.app; sourceTree = BUILT_PRODUCTS_DIR; };
		E1A17FD31513E7B400EA9CDB /* DebugVolume.cpp */ = {isa = PBXFileReference; fileEncoding = 4; lastKnownFileType = sourcecode.cpp.cpp; path = DebugVolume.cpp; sourceTree = "<group>"; };
		E1A17FD41513E7B400EA9CDB /* DebugVolume.h */ = {isa = PBXFileReference; fileEncoding = 4; lastKnownFileType = sourcecode.c.h; path = DebugVolume.h; sourceTree = "<group>"; };
		E1A17FD51513E7B400EA9CDB /* GameState.cpp */ = {isa = PBXFileReference; fileEncoding = 4; lastKnownFileType = sourcecode.cpp.cpp; path = GameState.cpp; sourceTree = "<group>"; };
		E1A17FD61513E7B400EA9CDB /* GameState.h */ = {isa = PBXFileReference; fileEncoding = 4; lastKnownFileType = sourcecode.c.h; path = GameState.h; sourceTree = "<group>"; };
		E1A17FD71513E7B400EA9CDB /* GhostCore.cpp */ = {isa = PBXFileReference; fileEncoding = 4; lastKnownFileType = sourcecode.cpp.cpp; path = GhostCore.cpp; sourceTree = "<group>"; };
		E1A17FD81513E7B400EA9CDB /* GhostCore.h */ = {isa = PBXFileReference; fileEncoding = 4; lastKnownFileType = sourcecode.c.h; path = GhostCore.h; sourceTree = "<group>"; };
		E1A17FD91513E7B400EA9CDB /* GhostWorld.cpp */ = {isa = PBXFileReference; fileEncoding = 4; lastKnownFileType = sourcecode.cpp.cpp; path = GhostWorld.cpp; sourceTree = "<group>"; };
		E1A17FDA1513E7B400EA9CDB /* GhostWorld.h */ = {isa = PBXFileReference; fileEncoding = 4; lastKnownFileType = sourcecode.c.h; path = GhostWorld.h; sourceTree = "<group>"; };
		E1A17FDB1513E7B400EA9CDB /* GitM-Info.plist */ = {isa = PBXFileReference; fileEncoding = 4; lastKnownFileType = text.plist.xml; path = "GitM-Info.plist"; sourceTree = "<group>"; };
		E1A17FDC1513E7B400EA9CDB /* LoadingState.cpp */ = {isa = PBXFileReference; fileEncoding = 4; lastKnownFileType = sourcecode.cpp.cpp; path = LoadingState.cpp; sourceTree = "<group>"; };
		E1A17FDD1513E7B400EA9CDB /* LoadingState.h */ = {isa = PBXFileReference; fileEncoding = 4; lastKnownFileType = sourcecode.c.h; path = LoadingState.h; sourceTree = "<group>"; };
		E1A17FDE1513E7B400EA9CDB /* main.cpp */ = {isa = PBXFileReference; fileEncoding = 4; lastKnownFileType = sourcecode.cpp.cpp; path = main.cpp; sourceTree = "<group>"; };
		E1A17FDF1513E7B400EA9CDB /* Platform.cpp */ = {isa = PBXFileReference; fileEncoding = 4; lastKnownFileType = sourcecode.cpp.cpp; path = Platform.cpp; sourceTree = "<group>"; };
		E1A17FE01513E7B400EA9CDB /* Platform.h */ = {isa = PBXFileReference; fileEncoding = 4; lastKnownFileType = sourcecode.c.h; path = Platform.h; sourceTree = "<group>"; };
		E1A17FE11513E7B400EA9CDB /* Player.cpp */ = {isa = PBXFileReference; fileEncoding = 4; lastKnownFileType = sourcecode.cpp.cpp; path = Player.cpp; sourceTree = "<group>"; };
		E1A17FE21513E7B400EA9CDB /* Player.h */ = {isa = PBXFileReference; fileEncoding = 4; lastKnownFileType = sourcecode.c.h; path = Player.h; sourceTree = "<group>"; };
		E1A17FE31513E7B400EA9CDB /* PlayerController.cpp */ = {isa = PBXFileReference; fileEncoding = 4; lastKnownFileType = sourcecode.cpp.cpp; path = PlayerController.cpp; sourceTree = "<group>"; };
		E1A17FE41513E7B400EA9CDB /* PlayerController.h */ = {isa = PBXFileReference; fileEncoding = 4; lastKnownFileType = sourcecode.c.h; path = PlayerController.h; sourceTree = "<group>"; };
		E1A17FE51513E7B400EA9CDB /* PlayingState.cpp */ = {isa = PBXFileReference; fileEncoding = 4; lastKnownFileType = sourcecode.cpp.cpp; path = PlayingState.cpp; sourceTree = "<group>"; };
		E1A17FE61513E7B400EA9CDB /* PlayingState.h */ = {isa = PBXFileReference; fileEncoding = 4; lastKnownFileType = sourcecode.c.h; path = PlayingState.h; sourceTree = "<group>"; };
		E1A17FE71513E7B400EA9CDB /* StartingState.cpp */ = {isa = PBXFileReference; fileEncoding = 4; lastKnownFileType = sourcecode.cpp.cpp; path = StartingState.cpp; sourceTree = "<group>"; };
		E1A17FE81513E7B400EA9CDB /* StartingState.h */ = {isa = PBXFileReference; fileEncoding = 4; lastKnownFileType = sourcecode.c.h; path = StartingState.h; sourceTree = "<group>"; };
		E1A17FE91513E7B400EA9CDB /* Wall.cpp */ = {isa = PBXFileReference; fileEncoding = 4; lastKnownFileType = sourcecode.cpp.cpp; path = Wall.cpp; sourceTree = "<group>"; };
		E1A17FEA1513E7B400EA9CDB /* Wall.h */ = {isa = PBXFileReference; fileEncoding = 4; lastKnownFileType = sourcecode.c.h; path = Wall.h; sourceTree = "<group>"; };
		E1A180121513E7B400EA9CDB /* AABB2.cpp */ = {isa = PBXFileReference; fileEncoding = 4; lastKnownFileType = sourcecode.cpp.cpp; path = AABB2.cpp; sourceTree = "<group>"; };
		E1A180131513E7B400EA9CDB /* AABB2.h */ = {isa = PBXFileReference; fileEncoding = 4; lastKnownFileType = sourcecode.c.h; path = AABB2.h; sourceTree = "<group>"; };
		E1A180141513E7B400EA9CDB /* AABB3.cpp */ = {isa = PBXFileReference; fileEncoding = 4; lastKnownFileType = sourcecode.cpp.cpp; path = AABB3.cpp; sourceTree = "<group>"; };
		E1A180151513E7B400EA9CDB /* AABB3.h */ = {isa = PBXFileReference; fileEncoding = 4; lastKnownFileType = sourcecode.c.h; path = AABB3.h; sourceTree = "<group>"; };
		E1A180161513E7B400EA9CDB /* Assertion.h */ = {isa = PBXFileReference; fileEncoding = 4; lastKnownFileType = sourcecode.c.h; path = Assertion.h; sourceTree = "<group>"; };
		E1A180171513E7B400EA9CDB /* Base.h */ = {isa = PBXFileReference; fileEncoding = 4; lastKnownFileType = sourcecode.c.h; path = Base.h; sourceTree = "<group>"; };
		E1A180181513E7B400EA9CDB /* Color.h */ = {isa = PBXFileReference; fileEncoding = 4; lastKnownFileType = sourcecode.c.h; path = Color.h; sourceTree = "<group>"; };
		E1A180191513E7B400EA9CDB /* FileSystem.cpp */ = {isa = PBXFileReference; fileEncoding = 4; lastKnownFileType = sourcecode.cpp.cpp; path = FileSystem.cpp; sourceTree = "<group>"; };
		E1A1801A1513E7B400EA9CDB /* FileSystem.h */ = {isa = PBXFileReference; fileEncoding = 4; lastKnownFileType = sourcecode.c.h; path = FileSystem.h; sourceTree = "<group>"; };
		E1A1801B1513E7B400EA9CDB /* Log.cpp */ = {isa = PBXFileReference; fileEncoding = 4; lastKnownFileType = sourcecode.cpp.cpp; path = Log.cpp; sourceTree = "<group>"; };
		E1A1801C1513E7B400EA9CDB /* Log.h */ = {isa = PBXFileReference; fileEncoding = 4; lastKnownFileType = sourcecode.c.h; path = Log.h; sourceTree = "<group>"; };
		E1A1801D1513E7B400EA9CDB /* Matrix4.cpp */ = {isa = PBXFileReference; fileEncoding = 4; lastKnownFileType = sourcecode.cpp.cpp; path = Matrix4.cpp; sourceTree = "<group>"; };
		E1A1801E1513E7B400EA9CDB /* Matrix4.h */ = {isa = PBXFileReference; fileEncoding = 4; lastKnownFileType = sourcecode.c.h; path = Matrix4.h; sourceTree = "<group>"; };
		E1A1801F1513E7B400EA9CDB /* PropertyMap.cpp */ = {isa = PBXFileReference; fileEncoding = 4; lastKnownFileType = sourcecode.cpp.cpp; path = PropertyMap.cpp; sourceTree = "<group>"; };
		E1A180201513E7B400EA9CDB /* PropertyMap.h */ = {isa = PBXFileReference; fileEncoding = 4; lastKnownFileType = sourcecode.c.h; path = PropertyMap.h; sourceTree = "<group>"; };
		E1A180211513E7B400EA9CDB /* ResourcePool.h */ = {isa = PBXFileReference; fileEncoding = 4; lastKnownFileType = sourcecode.c.h; path = ResourcePool.h; sourceTree = "<group>"; };
		E1A180221513E7B400EA9CDB /* Timestamp.cpp */ = {isa = PBXFileReference; fileEncoding = 4; lastKnownFileType = sourcecode.cpp.cpp; path = Timestamp.cpp; sourceTree = "<group>"; };
		E1A180231513E7B400EA9CDB /* Timestamp.h */ = {isa = PBXFileReference; fileEncoding = 4; lastKnownFileType = sourcecode.c.h; path = Timestamp.h; sourceTree = "<group>"; };
		E1A180241513E7B400EA9CDB /* Vector2.cpp */ = {isa = PBXFileReference; fileEncoding = 4; lastKnownFileType = sourcecode.cpp.cpp; path = Vector2.cpp; sourceTree = "<group>"; };
		E1A180251513E7B400EA9CDB /* Vector2.h */ = {isa = PBXFileReference; fileEncoding = 4; lastKnownFileType = sourcecode.c.h; path = Vector2.h; sourceTree = "<group>"; };
		E1A180261513E7B400EA9CDB /* Vector3.cpp */ = {isa = PBXFileReference; fileEncoding = 4; lastKnownFileType = sourcecode.cpp.cpp; path = Vector3.cpp; sourceTree = "<group>"; };
		E1A180271513E7B400EA9CDB /* Vector3.h */ = {isa = PBXFileReference; fileEncoding = 4; lastKnownFileType = sourcecode.c.h; path = Vector3.h; sourceTree = "<group>"; };
		E1A180281513E7B400EA9CDB /* Vector4.cpp */ = {isa = PBXFileReference; fileEncoding = 4; lastKnownFileType = sourcecode.cpp.cpp; path = Vector4.cpp; sourceTree = "<group>"; };
		E1A180291513E7B400EA9CDB /* Vector4.h */ = {isa = PBXFileReference; fileEncoding = 4; lastKnownFileType = sourcecode.c.h; path = Vector4.h; sourceTree = "<group>"; };
		E1A1802B1513E7B400EA9CDB /* Box2D.h */ = {isa = PBXFileReference; fileEncoding = 4; lastKnownFileType = sourcecode.c.h; path = Box2D.h; sourceTree = "<group>"; };
		E1A1802C1513E7B400EA9CDB /* Box2DConfig.cmake */ = {isa = PBXFileReference; fileEncoding = 4; lastKnownFileType = text; path = Box2DConfig.cmake; sourceTree = "<group>"; };
		E1A1802D1513E7B400EA9CDB /* CMakeLists.txt */ = {isa = PBXFileReference; fileEncoding = 4; lastKnownFileType = text; path = CMakeLists.txt; sourceTree = "<group>"; };
		E1A1802F1513E7B400EA9CDB /* b2BroadPhase.cpp */ = {isa = PBXFileReference; fileEncoding = 4; lastKnownFileType = sourcecode.cpp.cpp; path = b2BroadPhase.cpp; sourceTree = "<group>"; };
		E1A180301513E7B400EA9CDB /* b2BroadPhase.h */ = {isa = PBXFileReference; fileEncoding = 4; lastKnownFileType = sourcecode.c.h; path = b2BroadPhase.h; sourceTree = "<group>"; };
		E1A180311513E7B400EA9CDB /* b2CollideCircle.cpp */ = {isa = PBXFileReference; fileEncoding = 4; lastKnownFileType = sourcecode.cpp.cpp; path = b2CollideCircle.cpp; sourceTree = "<group>"; };
		E1A180321513E7B400EA9CDB /* b2CollideEdge.cpp */ = {isa = PBXFileReference; fileEncoding = 4; lastKnownFileType = sourcecode.cpp.cpp; path = b2CollideEdge.cpp; sourceTree = "<group>"; };
		E1A180331513E7B400EA9CDB /* b2CollidePolygon.cpp */ = {isa = PBXFileReference; fileEncoding = 4; lastKnownFileType = sourcecode.cpp.cpp; path = b2CollidePolygon.cpp; sourceTree = "<group>"; };
		E1A180341513E7B400EA9CDB /* b2Collision.cpp */ = {isa = PBXFileReference; fileEncoding = 4; lastKnownFileType = sourcecode.cpp.cpp; path = b2Collision.cpp; sourceTree = "<group>"; };
		E1A180351513E7B400EA9CDB /* b2Collision.h */ = {isa = PBXFileReference; fileEncoding = 4; lastKnownFileType = sourcecode.c.h; path = b2Collision.h; sourceTree = "<group>"; };
		E1A180361513E7B400EA9CDB /* b2Distance.cpp */ = {isa = PBXFileReference; fileEncoding = 4; lastKnownFileType = sourcecode.cpp.cpp; path = b2Distance.cpp; sourceTree = "<group>"; };
		E1A180371513E7B400EA9CDB /* b2Distance.h */ = {isa = PBXFileReference; fileEncoding = 4; lastKnownFileType = sourcecode.c.h; path = b2Distance.h; sourceTree = "<group>"; };
		E1A180381513E7B400EA9CDB /* b2DynamicTree.cpp */ = {isa = PBXFileReference; fileEncoding = 4; lastKnownFileType = sourcecode.cpp.cpp; path = b2DynamicTree.cpp; sourceTree = "<group>"; };
		E1A180391513E7B400EA9CDB /* b2DynamicTree.h */ = {isa = PBXFileReference; fileEncoding = 4; lastKnownFileType = sourcecode.c.h; path = b2DynamicTree.h; sourceTree = "<group>"; };
		E1A1803A1513E7B400EA9CDB /* b2TimeOfImpact.cpp */ = {isa = PBXFileReference; fileEncoding = 4; lastKnownFileType = sourcecode.cpp.cpp; path = b2TimeOfImpact.cpp; sourceTree = "<group>"; };
		E1A1803B1513E7B400EA9CDB /* b2TimeOfImpact.h */ = {isa = PBXFileReference; fileEncoding = 4; lastKnownFileType = sourcecode.c.h; path = b2TimeOfImpact.h; sourceTree = "<group>"; };
		E1A1803D1513E7B400EA9CDB /* b2ChainShape.cpp */ = {isa = PBXFileReference; fileEncoding = 4; lastKnownFileType = sourcecode.cpp.cpp; path = b2ChainShape.cpp; sourceTree = "<group>"; };
		E1A1803E1513E7B400EA9CDB /* b2ChainShape.h */ = {isa = PBXFileReference; fileEncoding = 4; lastKnownFileType = sourcecode.c.h; path = b2ChainShape.h; sourceTree = "<group>"; };
		E1A1803F1513E7B400EA9CDB /* b2CircleShape.cpp */ = {isa = PBXFileReference; fileEncoding = 4; lastKnownFileType = sourcecode.cpp.cpp; path = b2CircleShape.cpp; sourceTree = "<group>"; };
		E1A180401513E7B400EA9CDB /* b2CircleShape.h */ = {isa = PBXFileReference; fileEncoding = 4; lastKnownFileType = sourcecode.c.h; path = b2CircleShape.h; sourceTree = "<group>"; };
		E1A180411513E7B400EA9CDB /* b2EdgeShape.cpp */ = {isa = PBXFileReference; fileEncoding = 4; lastKnownFileType = sourcecode.cpp.cpp; path = b2EdgeShape.cpp; sourceTree = "<group>"; };
		E1A180421513E7B400EA9CDB /* b2EdgeShape.h */ = {isa = PBXFileReference; fileEncoding = 4; lastKnownFileType = sourcecode.c.h; path = b2EdgeShape.h; sourceTree = "<group>"; };
		E1A180431513E7B400EA9CDB /* b2PolygonShape.cpp */ = {isa = PBXFileReference; fileEncoding = 4; lastKnownFileType = sourcecode.cpp.cpp; path = b2PolygonShape.cpp; sourceTree = "<group>"; };
		E1A180441513E7B400EA9CDB /* b2PolygonShape.h */ = {isa = PBXFileReference; fileEncoding = 4; lastKnownFileType = sourcecode.c.h; path = b2PolygonShape.h; sourceTree = "<group>"; };
		E1A180451513E7B400EA9CDB /* b2Shape.h */ = {isa = PBXFileReference; fileEncoding = 4; lastKnownFileType = sourcecode.c.h; path = b2Shape.h; sourceTree = "<group>"; };
		E1A180471513E7B400EA9CDB /* b2BlockAllocator.cpp */ = {isa = PBXFileReference; fileEncoding = 4; lastKnownFileType = sourcecode.cpp.cpp; path = b2BlockAllocator.cpp; sourceTree = "<group>"; };
		E1A180481513E7B400EA9CDB /* b2BlockAllocator.h */ = {isa = PBXFileReference; fileEncoding = 4; lastKnownFileType = sourcecode.c.h; path = b2BlockAllocator.h; sourceTree = "<group>"; };
		E1A180491513E7B400EA9CDB /* b2Draw.cpp */ = {isa = PBXFileReference; fileEncoding = 4; lastKnownFileType = sourcecode.cpp.cpp; path = b2Draw.cpp; sourceTree = "<group>"; };
		E1A1804A1513E7B400EA9CDB /* b2Draw.h */ = {isa = PBXFileReference; fileEncoding = 4; lastKnownFileType = sourcecode.c.h; path = b2Draw.h; sourceTree = "<group>"; };
		E1A1804B1513E7B400EA9CDB /* b2GrowableStack.h */ = {isa = PBXFileReference; fileEncoding = 4; lastKnownFileType = sourcecode.c.h; path = b2GrowableStack.h; sourceTree = "<group>"; };
		E1A1804C1513E7B400EA9CDB /* b2Math.cpp */ = {isa = PBXFileReference; fileEncoding = 4; lastKnownFileType = sourcecode.cpp.cpp; path = b2Math.cpp; sourceTree = "<group>"; };
		E1A1804D1513E7B400EA9CDB /* b2Math.h */ = {isa = PBXFileReference; fileEncoding = 4; lastKnownFileType = sourcecode.c.h; path = b2Math.h; sourceTree = "<group>"; };
		E1A1804E1513E7B400EA9CDB /* b2Settings.cpp */ = {isa = PBXFileReference; fileEncoding = 4; lastKnownFileType = sourcecode.cpp.cpp; path = b2Settings.cpp; sourceTree = "<group>"; };
		E1A1804F1513E7B400EA9CDB /* b2Settings.h */ = {isa = PBXFileReference; fileEncoding = 4; lastKnownFileType = sourcecode.c.h; path = b2Settings.h; sourceTree = "<group>"; };
		E1A180501513E7B400EA9CDB /* b2StackAllocator.cpp */ = {isa = PBXFileReference; fileEncoding = 4; lastKnownFileType = sourcecode.cpp.cpp; path = b2StackAllocator.cpp; sourceTree = "<group>"; };
		E1A180511513E7B400EA9CDB /* b2StackAllocator.h */ = {isa = PBXFileReference; fileEncoding = 4; lastKnownFileType = sourcecode.c.h; path = b2StackAllocator.h; sourceTree = "<group>"; };
		E1A180521513E7B400EA9CDB /* b2Timer.cpp */ = {isa = PBXFileReference; fileEncoding = 4; lastKnownFileType = sourcecode.cpp.cpp; path = b2Timer.cpp; sourceTree = "<group>"; };
		E1A180531513E7B400EA9CDB /* b2Timer.h */ = {isa = PBXFileReference; fileEncoding = 4; lastKnownFileType = sourcecode.c.h; path = b2Timer.h; sourceTree = "<group>"; };
		E1A180551513E7B400EA9CDB /* b2Body.cpp */ = {isa = PBXFileReference; fileEncoding = 4; lastKnownFileType = sourcecode.cpp.cpp; path = b2Body.cpp; sourceTree = "<group>"; };
		E1A180561513E7B400EA9CDB /* b2Body.h */ = {isa = PBXFileReference; fileEncoding = 4; lastKnownFileType = sourcecode.c.h; path = b2Body.h; sourceTree = "<group>"; };
		E1A180571513E7B400EA9CDB /* b2ContactManager.cpp */ = {isa = PBXFileReference; fileEncoding = 4; lastKnownFileType = sourcecode.cpp.cpp; path = b2ContactManager.cpp; sourceTree = "<group>"; };
		E1A180581513E7B400EA9CDB /* b2ContactManager.h */ = {isa = PBXFileReference; fileEncoding = 4; lastKnownFileType = sourcecode.c.h; path = b2ContactManager.h; sourceTree = "<group>"; };
		E1A180591513E7B400EA9CDB /* b2Fixture.cpp */ = {isa = PBXFileReference; fileEncoding = 4; lastKnownFileType = sourcecode.cpp.cpp; path = b2Fixture.cpp; sourceTree = "<group>"; };
		E1A1805A1513E7B400EA9CDB /* b2Fixture.h */ = {isa = PBXFileReference; fileEncoding = 4; lastKnownFileType = sourcecode.c.h; path = b2Fixture.h; sourceTree = "<group>"; };
		E1A1805B1513E7B400EA9CDB /* b2Island.cpp */ = {isa = PBXFileReference; fileEncoding = 4; lastKnownFileType = sourcecode.cpp.cpp; path = b2Island.cpp; sourceTree = "<group>"; };
		E1A1805C1513E7B400EA9CDB /* b2Island.h */ = {isa = PBXFileReference; fileEncoding = 4; lastKnownFileType = sourcecode.c.h; path = b2Island.h; sourceTree = "<group>"; };
		E1A1805D1513E7B400EA9CDB /* b2TimeStep.h */ = {isa = PBXFileReference; fileEncoding = 4; lastKnownFileType = sourcecode.c.h; path = b2TimeStep.h; sourceTree = "<group>"; };
		E1A1805E1513E7B400EA9CDB /* b2World.cpp */ = {isa = PBXFileReference; fileEncoding = 4; lastKnownFileType = sourcecode.cpp.cpp; path = b2World.cpp; sourceTree = "<group>"; };
		E1A1805F1513E7B400EA9CDB /* b2World.h */ = {isa = PBXFileReference; fileEncoding = 4; lastKnownFileType = sourcecode.c.h; path = b2World.h; sourceTree = "<group>"; };
		E1A180601513E7B400EA9CDB /* b2WorldCallbacks.cpp */ = {isa = PBXFileReference; fileEncoding = 4; lastKnownFileType = sourcecode.cpp.cpp; path = b2WorldCallbacks.cpp; sourceTree = "<group>"; };
		E1A180611513E7B400EA9CDB /* b2WorldCallbacks.h */ = {isa = PBXFileReference; fileEncoding = 4; lastKnownFileType = sourcecode.c.h; path = b2WorldCallbacks.h; sourceTree = "<group>"; };
		E1A180631513E7B400EA9CDB /* b2ChainAndCircleContact.cpp */ = {isa = PBXFileReference; fileEncoding = 4; lastKnownFileType = sourcecode.cpp.cpp; path = b2ChainAndCircleContact.cpp; sourceTree = "<group>"; };
		E1A180641513E7B400EA9CDB /* b2ChainAndCircleContact.h */ = {isa = PBXFileReference; fileEncoding = 4; lastKnownFileType = sourcecode.c.h; path = b2ChainAndCircleContact.h; sourceTree = "<group>"; };
		E1A180651513E7B400EA9CDB /* b2ChainAndPolygonContact.cpp */ = {isa = PBXFileReference; fileEncoding = 4; lastKnownFileType = sourcecode.cpp.cpp; path = b2ChainAndPolygonContact.cpp; sourceTree = "<group>"; };
		E1A180661513E7B400EA9CDB /* b2ChainAndPolygonContact.h */ = {isa = PBXFileReference; fileEncoding = 4; lastKnownFileType = sourcecode.c.h; path = b2ChainAndPolygonContact.h; sourceTree = "<group>"; };
		E1A180671513E7B400EA9CDB /* b2CircleContact.cpp */ = {isa = PBXFileReference; fileEncoding = 4; lastKnownFileType = sourcecode.cpp.cpp; path = b2CircleContact.cpp; sourceTree = "<group>"; };
		E1A180681513E7B400EA9CDB /* b2CircleContact.h */ = {isa = PBXFileReference; fileEncoding = 4; lastKnownFileType = sourcecode.c.h; path = b2CircleContact.h; sourceTree = "<group>"; };
		E1A180691513E7B400EA9CDB /* b2Contact.cpp */ = {isa = PBXFileReference; fileEncoding = 4; lastKnownFileType = sourcecode.cpp.cpp; path = b2Contact.cpp; sourceTree = "<group>"; };
		E1A1806A1513E7B400EA9CDB /* b2Contact.h */ = {isa = PBXFileReference; fileEncoding = 4; lastKnownFileType = sourcecode.c.h; path = b2Contact.h; sourceTree = "<group>"; };
		E1A1806B1513E7B400EA9CDB /* b2ContactSolver.cpp */ = {isa = PBXFileReference; fileEncoding = 4; lastKnownFileType = sourcecode.cpp.cpp; path = b2ContactSolver.cpp; sourceTree = "<group>"; };
		E1A1806C1513E7B400EA9CDB /* b2ContactSolver.h */ = {isa = PBXFileReference; fileEncoding = 4; lastKnownFileType = sourcecode.c.h; path = b2ContactSolver.h; sourceTree = "<group>"; };
		E1A1806D1513E7B400EA9CDB /* b2EdgeAndCircleContact.cpp */ = {isa = PBXFileReference; fileEncoding = 4; lastKnownFileType = sourcecode.cpp.cpp; path = b2EdgeAndCircleContact.cpp; sourceTree = "<group>"; };
		E1A1806E1513E7B400EA9CDB /* b2EdgeAndCircleContact.h */ = {isa = PBXFileReference; fileEncoding = 4; lastKnownFileType = sourcecode.c.h; path = b2EdgeAndCircleContact.h; sourceTree = "<group>"; };
		E1A1806F1513E7B400EA9CDB /* b2EdgeAndPolygonContact.cpp */ = {isa = PBXFileReference; fileEncoding = 4; lastKnownFileType = sourcecode.cpp.cpp; path = b2EdgeAndPolygonContact.cpp; sourceTree = "<group>"; };
		E1A180701513E7B400EA9CDB /* b2EdgeAndPolygonContact.h */ = {isa = PBXFileReference; fileEncoding = 4; lastKnownFileType = sourcecode.c.h; path = b2EdgeAndPolygonContact.h; sourceTree = "<group>"; };
		E1A180711513E7B400EA9CDB /* b2PolygonAndCircleContact.cpp */ = {isa = PBXFileReference; fileEncoding = 4; lastKnownFileType = sourcecode.cpp.cpp; path = b2PolygonAndCircleContact.cpp; sourceTree = "<group>"; };
		E1A180721513E7B400EA9CDB /* b2PolygonAndCircleContact.h */ = {isa = PBXFileReference; fileEncoding = 4; lastKnownFileType = sourcecode.c.h; path = b2PolygonAndCircleContact.h; sourceTree = "<group>"; };
		E1A180731513E7B400EA9CDB /* b2PolygonContact.cpp */ = {isa = PBXFileReference; fileEncoding = 4; lastKnownFileType = sourcecode.cpp.cpp; path = b2PolygonContact.cpp; sourceTree = "<group>"; };
		E1A180741513E7B400EA9CDB /* b2PolygonContact.h */ = {isa = PBXFileReference; fileEncoding = 4; lastKnownFileType = sourcecode.c.h; path = b2PolygonContact.h; sourceTree = "<group>"; };
		E1A180761513E7B400EA9CDB /* b2DistanceJoint.cpp */ = {isa = PBXFileReference; fileEncoding = 4; lastKnownFileType = sourcecode.cpp.cpp; path = b2DistanceJoint.cpp; sourceTree = "<group>"; };
		E1A180771513E7B400EA9CDB /* b2DistanceJoint.h */ = {isa = PBXFileReference; fileEncoding = 4; lastKnownFileType = sourcecode.c.h; path = b2DistanceJoint.h; sourceTree = "<group>"; };
		E1A180781513E7B400EA9CDB /* b2FrictionJoint.cpp */ = {isa = PBXFileReference; fileEncoding = 4; lastKnownFileType = sourcecode.cpp.cpp; path = b2FrictionJoint.cpp; sourceTree = "<group>"; };
		E1A180791513E7B400EA9CDB /* b2FrictionJoint.h */ = {isa = PBXFileReference; fileEncoding = 4; lastKnownFileType = sourcecode.c.h; path = b2FrictionJoint.h; sourceTree = "<group>"; };
		E1A1807A1513E7B400EA9CDB /* b2GearJoint.cpp */ = {isa = PBXFileReference; fileEncoding = 4; lastKnownFileType = sourcecode.cpp.cpp; path = b2GearJoint.cpp; sourceTree = "<group>"; };
		E1A1807B1513E7B400EA9CDB /* b2GearJoint.h */ = {isa = PBXFileReference; fileEncoding = 4; lastKnownFileType = sourcecode.c.h; path = b2GearJoint.h; sourceTree = "<group>"; };
		E1A1807C1513E7B400EA9CDB /* b2Joint.cpp */ = {isa = PBXFileReference; fileEncoding = 4; lastKnownFileType = sourcecode.cpp.cpp; path = b2Joint.cpp; sourceTree = "<group>"; };
		E1A1807D1513E7B400EA9CDB /* b2Joint.h */ = {isa = PBXFileReference; fileEncoding = 4; lastKnownFileType = sourcecode.c.h; path = b2Joint.h; sourceTree = "<group>"; };
		E1A1807E1513E7B400EA9CDB /* b2MouseJoint.cpp */ = {isa = PBXFileReference; fileEncoding = 4; lastKnownFileType = sourcecode.cpp.cpp; path = b2MouseJoint.cpp; sourceTree = "<group>"; };
		E1A1807F1513E7B400EA9CDB /* b2MouseJoint.h */ = {isa = PBXFileReference; fileEncoding = 4; lastKnownFileType = sourcecode.c.h; path = b2MouseJoint.h; sourceTree = "<group>"; };
		E1A180801513E7B400EA9CDB /* b2PrismaticJoint.cpp */ = {isa = PBXFileReference; fileEncoding = 4; lastKnownFileType = sourcecode.cpp.cpp; path = b2PrismaticJoint.cpp; sourceTree = "<group>"; };
		E1A180811513E7B400EA9CDB /* b2PrismaticJoint.h */ = {isa = PBXFileReference; fileEncoding = 4; lastKnownFileType = sourcecode.c.h; path = b2PrismaticJoint.h; sourceTree = "<group>"; };
		E1A180821513E7B400EA9CDB /* b2PulleyJoint.cpp */ = {isa = PBXFileReference; fileEncoding = 4; lastKnownFileType = sourcecode.cpp.cpp; path = b2PulleyJoint.cpp; sourceTree = "<group>"; };
		E1A180831513E7B400EA9CDB /* b2PulleyJoint.h */ = {isa = PBXFileReference; fileEncoding = 4; lastKnownFileType = sourcecode.c.h; path = b2PulleyJoint.h; sourceTree = "<group>"; };
		E1A180841513E7B400EA9CDB /* b2RevoluteJoint.cpp */ = {isa = PBXFileReference; fileEncoding = 4; lastKnownFileType = sourcecode.cpp.cpp; path = b2RevoluteJoint.cpp; sourceTree = "<group>"; };
		E1A180851513E7B400EA9CDB /* b2RevoluteJoint.h */ = {isa = PBXFileReference; fileEncoding = 4; lastKnownFileType = sourcecode.c.h; path = b2RevoluteJoint.h; sourceTree = "<group>"; };
		E1A180861513E7B400EA9CDB /* b2RopeJoint.cpp */ = {isa = PBXFileReference; fileEncoding = 4; lastKnownFileType = sourcecode.cpp.cpp; path = b2RopeJoint.cpp; sourceTree = "<group>"; };
		E1A180871513E7B400EA9CDB /* b2RopeJoint.h */ = {isa = PBXFileReference; fileEncoding = 4; lastKnownFileType = sourcecode.c.h; path = b2RopeJoint.h; sourceTree = "<group>"; };
		E1A180881513E7B400EA9CDB /* b2WeldJoint.cpp */ = {isa = PBXFileReference; fileEncoding = 4; lastKnownFileType = sourcecode.cpp.cpp; path = b2WeldJoint.cpp; sourceTree = "<group>"; };
		E1A180891513E7B400EA9CDB /* b2WeldJoint.h */ = {isa = PBXFileReference; fileEncoding = 4; lastKnownFileType = sourcecode.c.h; path = b2WeldJoint.h; sourceTree = "<group>"; };
		E1A1808A1513E7B400EA9CDB /* b2WheelJoint.cpp */ = {isa = PBXFileReference; fileEncoding = 4; lastKnownFileType = sourcecode.cpp.cpp; path = b2WheelJoint.cpp; sourceTree = "<group>"; };
		E1A1808B1513E7B400EA9CDB /* b2WheelJoint.h */ = {isa = PBXFileReference; fileEncoding = 4; lastKnownFileType = sourcecode.c.h; path = b2WheelJoint.h; sourceTree = "<group>"; };
		E1A1808D1513E7B400EA9CDB /* b2Rope.cpp */ = {isa = PBXFileReference; fileEncoding = 4; lastKnownFileType = sourcecode.cpp.cpp; path = b2Rope.cpp; sourceTree = "<group>"; };
		E1A1808E1513E7B400EA9CDB /* b2Rope.h */ = {isa = PBXFileReference; fileEncoding = 4; lastKnownFileType = sourcecode.c.h; path = b2Rope.h; sourceTree = "<group>"; };
		E1A180901513E7B400EA9CDB /* Camera.cpp */ = {isa = PBXFileReference; fileEncoding = 4; lastKnownFileType = sourcecode.cpp.cpp; path = Camera.cpp; sourceTree = "<group>"; };
		E1A180911513E7B400EA9CDB /* Camera.h */ = {isa = PBXFileReference; fileEncoding = 4; lastKnownFileType = sourcecode.c.h; path = Camera.h; sourceTree = "<group>"; };
		E1A180921513E7B400EA9CDB /* ContactListener.cpp */ = {isa = PBXFileReference; fileEncoding = 4; lastKnownFileType = sourcecode.cpp.cpp; path = ContactListener.cpp; sourceTree = "<group>"; };
		E1A180931513E7B400EA9CDB /* ContactListener.h */ = {isa = PBXFileReference; fileEncoding = 4; lastKnownFileType = sourcecode.c.h; path = ContactListener.h; sourceTree = "<group>"; };
		E1A180941513E7B400EA9CDB /* Controller.cpp */ = {isa = PBXFileReference; fileEncoding = 4; lastKnownFileType = sourcecode.cpp.cpp; path = Controller.cpp; sourceTree = "<group>"; };
		E1A180951513E7B400EA9CDB /* Controller.h */ = {isa = PBXFileReference; fileEncoding = 4; lastKnownFileType = sourcecode.c.h; path = Controller.h; sourceTree = "<group>"; };
		E1A180961513E7B400EA9CDB /* Core.cpp */ = {isa = PBXFileReference; fileEncoding = 4; lastKnownFileType = sourcecode.cpp.cpp; path = Core.cpp; sourceTree = "<group>"; };
		E1A180971513E7B400EA9CDB /* Core.h */ = {isa = PBXFileReference; fileEncoding = 4; lastKnownFileType = sourcecode.c.h; path = Core.h; sourceTree = "<group>"; };
		E1A180981513E7B400EA9CDB /* Entity.cpp */ = {isa = PBXFileReference; fileEncoding = 4; lastKnownFileType = sourcecode.cpp.cpp; path = Entity.cpp; sourceTree = "<group>"; };
		E1A180991513E7B400EA9CDB /* Entity.h */ = {isa = PBXFileReference; fileEncoding = 4; lastKnownFileType = sourcecode.c.h; path = Entity.h; sourceTree = "<group>"; };
		E1A1809A1513E7B400EA9CDB /* EventHandler.cpp */ = {isa = PBXFileReference; fileEncoding = 4; lastKnownFileType = sourcecode.cpp.cpp; path = EventHandler.cpp; sourceTree = "<group>"; };
		E1A1809B1513E7B400EA9CDB /* EventHandler.h */ = {isa = PBXFileReference; fileEncoding = 4; lastKnownFileType = sourcecode.c.h; path = EventHandler.h; sourceTree = "<group>"; };
		E1A1809C1513E7B400EA9CDB /* Frustum.cpp */ = {isa = PBXFileReference; fileEncoding = 4; lastKnownFileType = sourcecode.cpp.cpp; path = Frustum.cpp; sourceTree = "<group>"; };
		E1A1809D1513E7B400EA9CDB /* Frustum.h */ = {isa = PBXFileReference; fileEncoding = 4; lastKnownFileType = sourcecode.c.h; path = Frustum.h; sourceTree = "<group>"; };
		E1A1809E1513E7B400EA9CDB /* IsoCamera.cpp */ = {isa = PBXFileReference; fileEncoding = 4; lastKnownFileType = sourcecode.cpp.cpp; path = IsoCamera.cpp; sourceTree = "<group>"; };
		E1A1809F1513E7B400EA9CDB /* IsoCamera.h */ = {isa = PBXFileReference; fileEncoding = 4; lastKnownFileType = sourcecode.c.h; path = IsoCamera.h; sourceTree = "<group>"; };
		E1A180A01513E7B400EA9CDB /* KeyboardListener.cpp */ = {isa = PBXFileReference; fileEncoding = 4; lastKnownFileType = sourcecode.cpp.cpp; path = KeyboardListener.cpp; sourceTree = "<group>"; };
		E1A180A11513E7B400EA9CDB /* KeyboardListener.h */ = {isa = PBXFileReference; fileEncoding = 4; lastKnownFileType = sourcecode.c.h; path = KeyboardListener.h; sourceTree = "<group>"; };
		E1A180A21513E7B400EA9CDB /* Mob.cpp */ = {isa = PBXFileReference; fileEncoding = 4; lastKnownFileType = sourcecode.cpp.cpp; path = Mob.cpp; sourceTree = "<group>"; };
		E1A180A31513E7B400EA9CDB /* Mob.h */ = {isa = PBXFileReference; fileEncoding = 4; lastKnownFileType = sourcecode.c.h; path = Mob.h; sourceTree = "<group>"; };
		E1A180A41513E7B400EA9CDB /* OrthoCamera.cpp */ = {isa = PBXFileReference; fileEncoding = 4; lastKnownFileType = sourcecode.cpp.cpp; path = OrthoCamera.cpp; sourceTree = "<group>"; };
		E1A180A51513E7B400EA9CDB /* OrthoCamera.h */ = {isa = PBXFileReference; fileEncoding = 4; lastKnownFileType = sourcecode.c.h; path = OrthoCamera.h; sourceTree = "<group>"; };
		E1A180A61513E7B400EA9CDB /* ParentState.cpp */ = {isa = PBXFileReference; fileEncoding = 4; lastKnownFileType = sourcecode.cpp.cpp; path = ParentState.cpp; sourceTree = "<group>"; };
		E1A180A71513E7B400EA9CDB /* ParentState.h */ = {isa = PBXFileReference; fileEncoding = 4; lastKnownFileType = sourcecode.c.h; path = ParentState.h; sourceTree = "<group>"; };
		E1A180A81513E7B400EA9CDB /* PhysicsController.cpp */ = {isa = PBXFileReference; fileEncoding = 4; lastKnownFileType = sourcecode.cpp.cpp; path = PhysicsController.cpp; sourceTree = "<group>"; };
		E1A180A91513E7B400EA9CDB /* PhysicsController.h */ = {isa = PBXFileReference; fileEncoding = 4; lastKnownFileType = sourcecode.c.h; path = PhysicsController.h; sourceTree = "<group>"; };
		E1A180AA1513E7B400EA9CDB /* PhysicsEngine.cpp */ = {isa = PBXFileReference; fileEncoding = 4; lastKnownFileType = sourcecode.cpp.cpp; path = PhysicsEngine.cpp; sourceTree = "<group>"; };
		E1A180AB1513E7B400EA9CDB /* PhysicsEngine.h */ = {isa = PBXFileReference; fileEncoding = 4; lastKnownFileType = sourcecode.c.h; path = PhysicsEngine.h; sourceTree = "<group>"; };
		E1A180AC1513E7B400EA9CDB /* QuadTreeSceneManager.cpp */ = {isa = PBXFileReference; fileEncoding = 4; lastKnownFileType = sourcecode.cpp.cpp; path = QuadTreeSceneManager.cpp; sourceTree = "<group>"; };
		E1A180AD1513E7B400EA9CDB /* QuadTreeSceneManager.h */ = {isa = PBXFileReference; fileEncoding = 4; lastKnownFileType = sourcecode.c.h; path = QuadTreeSceneManager.h; sourceTree = "<group>"; };
		E1A180AE1513E7B400EA9CDB /* SceneManager.cpp */ = {isa = PBXFileReference; fileEncoding = 4; lastKnownFileType = sourcecode.cpp.cpp; path = SceneManager.cpp; sourceTree = "<group>"; };
		E1A180AF1513E7B400EA9CDB /* SceneManager.h */ = {isa = PBXFileReference; fileEncoding = 4; lastKnownFileType = sourcecode.c.h; path = SceneManager.h; sourceTree = "<group>"; };
		E1A180B01513E7B400EA9CDB /* SceneNode.cpp */ = {isa = PBXFileReference; fileEncoding = 4; lastKnownFileType = sourcecode.cpp.cpp; path = SceneNode.cpp; sourceTree = "<group>"; };
		E1A180B11513E7B400EA9CDB /* SceneNode.h */ = {isa = PBXFileReference; fileEncoding = 4; lastKnownFileType = sourcecode.c.h; path = SceneNode.h; sourceTree = "<group>"; };
		E1A180B21513E7B400EA9CDB /* State.cpp */ = {isa = PBXFileReference; fileEncoding = 4; lastKnownFileType = sourcecode.cpp.cpp; path = State.cpp; sourceTree = "<group>"; };
		E1A180B31513E7B400EA9CDB /* State.h */ = {isa = PBXFileReference; fileEncoding = 4; lastKnownFileType = sourcecode.c.h; path = State.h; sourceTree = "<group>"; };
		E1A180B41513E7B400EA9CDB /* Window.cpp */ = {isa = PBXFileReference; fileEncoding = 4; lastKnownFileType = sourcecode.cpp.cpp; path = Window.cpp; sourceTree = "<group>"; };
		E1A180B51513E7B400EA9CDB /* Window.h */ = {isa = PBXFileReference; fileEncoding = 4; lastKnownFileType = sourcecode.c.h; path = Window.h; sourceTree = "<group>"; };
		E1A180B61513E7B400EA9CDB /* WindowListener.cpp */ = {isa = PBXFileReference; fileEncoding = 4; lastKnownFileType = sourcecode.cpp.cpp; path = WindowListener.cpp; sourceTree = "<group>"; };
		E1A180B71513E7B400EA9CDB /* WindowListener.h */ = {isa = PBXFileReference; fileEncoding = 4; lastKnownFileType = sourcecode.c.h; path = WindowListener.h; sourceTree = "<group>"; };
		E1A180B81513E7B400EA9CDB /* World.cpp */ = {isa = PBXFileReference; fileEncoding = 4; lastKnownFileType = sourcecode.cpp.cpp; path = World.cpp; sourceTree = "<group>"; };
		E1A180B91513E7B400EA9CDB /* World.h */ = {isa = PBXFileReference; fileEncoding = 4; lastKnownFileType = sourcecode.c.h; path = World.h; sourceTree = "<group>"; };
		E1A180BB1513E7B400EA9CDB /* ClientProvider.cpp */ = {isa = PBXFileReference; fileEncoding = 4; lastKnownFileType = sourcecode.cpp.cpp; path = ClientProvider.cpp; sourceTree = "<group>"; };
		E1A180BC1513E7B400EA9CDB /* ClientProvider.h */ = {isa = PBXFileReference; fileEncoding = 4; lastKnownFileType = sourcecode.c.h; path = ClientProvider.h; sourceTree = "<group>"; };
		E1A180BD1513E7B400EA9CDB /* ConnectionBuffer.cpp */ = {isa = PBXFileReference; fileEncoding = 4; lastKnownFileType = sourcecode.cpp.cpp; path = ConnectionBuffer.cpp; sourceTree = "<group>"; };
		E1A180BE1513E7B400EA9CDB /* ConnectionBuffer.h */ = {isa = PBXFileReference; fileEncoding = 4; lastKnownFileType = sourcecode.c.h; path = ConnectionBuffer.h; sourceTree = "<group>"; };
		E1A180C01513E7B400EA9CDB /* ConnectionProvider.h */ = {isa = PBXFileReference; fileEncoding = 4; lastKnownFileType = sourcecode.c.h; path = ConnectionProvider.h; sourceTree = "<group>"; };
		E1A180C11513E7B400EA9CDB /* ListenSocket.cpp */ = {isa = PBXFileReference; fileEncoding = 4; lastKnownFileType = sourcecode.cpp.cpp; path = ListenSocket.cpp; sourceTree = "<group>"; };
		E1A180C21513E7B400EA9CDB /* ListenSocket.h */ = {isa = PBXFileReference; fileEncoding = 4; lastKnownFileType = sourcecode.c.h; path = ListenSocket.h; sourceTree = "<group>"; };
		E1A180C31513E7B400EA9CDB /* NetAddress.cpp */ = {isa = PBXFileReference; fileEncoding = 4; lastKnownFileType = sourcecode.cpp.cpp; path = NetAddress.cpp; sourceTree = "<group>"; };
		E1A180C41513E7B400EA9CDB /* NetAddress.h */ = {isa = PBXFileReference; fileEncoding = 4; lastKnownFileType = sourcecode.c.h; path = NetAddress.h; sourceTree = "<group>"; };
		E1A180C51513E7B400EA9CDB /* Packet.cpp */ = {isa = PBXFileReference; fileEncoding = 4; lastKnownFileType = sourcecode.cpp.cpp; path = Packet.cpp; sourceTree = "<group>"; };
		E1A180C61513E7B400EA9CDB /* Packet.h */ = {isa = PBXFileReference; fileEncoding = 4; lastKnownFileType = sourcecode.c.h; path = Packet.h; sourceTree = "<group>"; };
		E1A180C71513E7B400EA9CDB /* ServerProvider.cpp */ = {isa = PBXFileReference; fileEncoding = 4; lastKnownFileType = sourcecode.cpp.cpp; path = ServerProvider.cpp; sourceTree = "<group>"; };
		E1A180C81513E7B400EA9CDB /* ServerProvider.h */ = {isa = PBXFileReference; fileEncoding = 4; lastKnownFileType = sourcecode.c.h; path = ServerProvider.h; sourceTree = "<group>"; };
		E1A180C91513E7B400EA9CDB /* SimpleUDPProvider.cpp */ = {isa = PBXFileReference; fileEncoding = 4; lastKnownFileType = sourcecode.cpp.cpp; path = SimpleUDPProvider.cpp; sourceTree = "<group>"; };
		E1A180CA1513E7B400EA9CDB /* SimpleUDPProvider.h */ = {isa = PBXFileReference; fileEncoding = 4; lastKnownFileType = sourcecode.c.h; path = SimpleUDPProvider.h; sourceTree = "<group>"; };
		E1A180CB1513E7B400EA9CDB /* Socket.cpp */ = {isa = PBXFileReference; fileEncoding = 4; lastKnownFileType = sourcecode.cpp.cpp; path = Socket.cpp; sourceTree = "<group>"; };
		E1A180CC1513E7B400EA9CDB /* Socket.h */ = {isa = PBXFileReference; fileEncoding = 4; lastKnownFileType = sourcecode.c.h; path = Socket.h; sourceTree = "<group>"; };
		E1A180CD1513E7B400EA9CDB /* SocketedUDPProvider.cpp */ = {isa = PBXFileReference; fileEncoding = 4; lastKnownFileType = sourcecode.cpp.cpp; path = SocketedUDPProvider.cpp; sourceTree = "<group>"; };
		E1A180CE1513E7B400EA9CDB /* SocketedUDPProvider.h */ = {isa = PBXFileReference; fileEncoding = 4; lastKnownFileType = sourcecode.c.h; path = SocketedUDPProvider.h; sourceTree = "<group>"; };
		E1A180CF1513E7B400EA9CDB /* TCPBuffer.cpp */ = {isa = PBXFileReference; fileEncoding = 4; lastKnownFileType = sourcecode.cpp.cpp; path = TCPBuffer.cpp; sourceTree = "<group>"; };
		E1A180D01513E7B400EA9CDB /* TCPBuffer.h */ = {isa = PBXFileReference; fileEncoding = 4; lastKnownFileType = sourcecode.c.h; path = TCPBuffer.h; sourceTree = "<group>"; };
		E1A180D11513E7B400EA9CDB /* TCPSocket.cpp */ = {isa = PBXFileReference; fileEncoding = 4; lastKnownFileType = sourcecode.cpp.cpp; path = TCPSocket.cpp; sourceTree = "<group>"; };
		E1A180D21513E7B400EA9CDB /* TCPSocket.h */ = {isa = PBXFileReference; fileEncoding = 4; lastKnownFileType = sourcecode.c.h; path = TCPSocket.h; sourceTree = "<group>"; };
		E1A180D31513E7B400EA9CDB /* UDPBuffer.cpp */ = {isa = PBXFileReference; fileEncoding = 4; lastKnownFileType = sourcecode.cpp.cpp; path = UDPBuffer.cpp; sourceTree = "<group>"; };
		E1A180D41513E7B400EA9CDB /* UDPBuffer.h */ = {isa = PBXFileReference; fileEncoding = 4; lastKnownFileType = sourcecode.c.h; path = UDPBuffer.h; sourceTree = "<group>"; };
		E1A180D51513E7B400EA9CDB /* UDPSocket.cpp */ = {isa = PBXFileReference; fileEncoding = 4; lastKnownFileType = sourcecode.cpp.cpp; path = UDPSocket.cpp; sourceTree = "<group>"; };
		E1A180D61513E7B400EA9CDB /* UDPSocket.h */ = {isa = PBXFileReference; fileEncoding = 4; lastKnownFileType = sourcecode.c.h; path = UDPSocket.h; sourceTree = "<group>"; };
		E1A180D81513E7B400EA9CDB /* Font.cpp */ = {isa = PBXFileReference; fileEncoding = 4; lastKnownFileType = sourcecode.cpp.cpp; path = Font.cpp; sourceTree = "<group>"; };
		E1A180D91513E7B400EA9CDB /* Font.h */ = {isa = PBXFileReference; fileEncoding = 4; lastKnownFileType = sourcecode.c.h; path = Font.h; sourceTree = "<group>"; };
		E1A180DA1513E7B400EA9CDB /* Material.cpp */ = {isa = PBXFileReference; fileEncoding = 4; lastKnownFileType = sourcecode.cpp.cpp; path = Material.cpp; sourceTree = "<group>"; };
		E1A180DB1513E7B400EA9CDB /* Material.h */ = {isa = PBXFileReference; fileEncoding = 4; lastKnownFileType = sourcecode.c.h; path = Material.h; sourceTree = "<group>"; };
		E1A180DC1513E7B400EA9CDB /* Renderable.cpp */ = {isa = PBXFileReference; fileEncoding = 4; lastKnownFileType = sourcecode.cpp.cpp; path = Renderable.cpp; sourceTree = "<group>"; };
		E1A180DD1513E7B400EA9CDB /* Renderable.h */ = {isa = PBXFileReference; fileEncoding = 4; lastKnownFileType = sourcecode.c.h; path = Renderable.h; sourceTree = "<group>"; };
		E1A180DE1513E7B400EA9CDB /* RenderContext.cpp */ = {isa = PBXFileReference; fileEncoding = 4; lastKnownFileType = sourcecode.cpp.cpp; path = RenderContext.cpp; sourceTree = "<group>"; };
		E1A180DF1513E7B400EA9CDB /* RenderContext.h */ = {isa = PBXFileReference; fileEncoding = 4; lastKnownFileType = sourcecode.c.h; path = RenderContext.h; sourceTree = "<group>"; };
		E1A180E01513E7B400EA9CDB /* Texture.cpp */ = {isa = PBXFileReference; fileEncoding = 4; lastKnownFileType = sourcecode.cpp.cpp; path = Texture.cpp; sourceTree = "<group>"; };
		E1A180E11513E7B400EA9CDB /* Texture.h */ = {isa = PBXFileReference; fileEncoding = 4; lastKnownFileType = sourcecode.c.h; path = Texture.h; sourceTree = "<group>"; };
		E1A180E21513E7B400EA9CDB /* Viewport.cpp */ = {isa = PBXFileReference; fileEncoding = 4; lastKnownFileType = sourcecode.cpp.cpp; path = Viewport.cpp; sourceTree = "<group>"; };
		E1A180E31513E7B400EA9CDB /* Viewport.h */ = {isa = PBXFileReference; fileEncoding = 4; lastKnownFileType = sourcecode.c.h; path = Viewport.h; sourceTree = "<group>"; };
		E1A180E51513E7B400EA9CDB /* MaterialManager.cpp */ = {isa = PBXFileReference; fileEncoding = 4; lastKnownFileType = sourcecode.cpp.cpp; path = MaterialManager.cpp; sourceTree = "<group>"; };
		E1A180E61513E7B400EA9CDB /* MaterialManager.h */ = {isa = PBXFileReference; fileEncoding = 4; lastKnownFileType = sourcecode.c.h; path = MaterialManager.h; sourceTree = "<group>"; };
		E1A180E71513E7B400EA9CDB /* ResourceManager.h */ = {isa = PBXFileReference; fileEncoding = 4; lastKnownFileType = sourcecode.c.h; path = ResourceManager.h; sourceTree = "<group>"; };
		E1A180E81513E7B400EA9CDB /* TextureManager.cpp */ = {isa = PBXFileReference; fileEncoding = 4; lastKnownFileType = sourcecode.cpp.cpp; path = TextureManager.cpp; sourceTree = "<group>"; };
		E1A180E91513E7B400EA9CDB /* TextureManager.h */ = {isa = PBXFileReference; fileEncoding = 4; lastKnownFileType = sourcecode.c.h; path = TextureManager.h; sourceTree = "<group>"; };
		E1A180EA1513E7B400EA9CDB /* ThreadedResourceManager.cpp */ = {isa = PBXFileReference; fileEncoding = 4; lastKnownFileType = sourcecode.cpp.cpp; path = ThreadedResourceManager.cpp; sourceTree = "<group>"; };
		E1A180EB1513E7B400EA9CDB /* ThreadedResourceManager.h */ = {isa = PBXFileReference; fileEncoding = 4; lastKnownFileType = sourcecode.c.h; path = ThreadedResourceManager.h; sourceTree = "<group>"; };
		E1A180EC1513E7B400EA9CDB /* TTFManager.cpp */ = {isa = PBXFileReference; fileEncoding = 4; lastKnownFileType = sourcecode.cpp.cpp; path = TTFManager.cpp; sourceTree = "<group>"; };
		E1A180ED1513E7B400EA9CDB /* TTFManager.h */ = {isa = PBXFileReference; fileEncoding = 4; lastKnownFileType = sourcecode.c.h; path = TTFManager.h; sourceTree = "<group>"; };
		E1A180EE1513E7B400EA9CDB /* WorldManager.cpp */ = {isa = PBXFileReference; fileEncoding = 4; lastKnownFileType = sourcecode.cpp.cpp; path = WorldManager.cpp; sourceTree = "<group>"; };
		E1A180EF1513E7B400EA9CDB /* WorldManager.h */ = {isa = PBXFileReference; fileEncoding = 4; lastKnownFileType = sourcecode.c.h; path = WorldManager.h; sourceTree = "<group>"; };
		E1A59661152659AD008B4E8B /* UIElement.cpp */ = {isa = PBXFileReference; fileEncoding = 4; lastKnownFileType = sourcecode.cpp.cpp; name = UIElement.cpp; path = UI/UIElement.cpp; sourceTree = "<group>"; };
		E1A59662152659AD008B4E8B /* UIElement.h */ = {isa = PBXFileReference; fileEncoding = 4; lastKnownFileType = sourcecode.c.h; name = UIElement.h; path = UI/UIElement.h; sourceTree = "<group>"; };
		E1A59664152659B4008B4E8B /* UIManager.cpp */ = {isa = PBXFileReference; fileEncoding = 4; lastKnownFileType = sourcecode.cpp.cpp; name = UIManager.cpp; path = UI/UIManager.cpp; sourceTree = "<group>"; };
		E1A59665152659B4008B4E8B /* UIManager.h */ = {isa = PBXFileReference; fileEncoding = 4; lastKnownFileType = sourcecode.c.h; name = UIManager.h; path = UI/UIManager.h; sourceTree = "<group>"; };
		E1A59667152659D8008B4E8B /* GhastlyClient.cpp */ = {isa = PBXFileReference; fileEncoding = 4; lastKnownFileType = sourcecode.cpp.cpp; path = GhastlyClient.cpp; sourceTree = "<group>"; };
		E1A59668152659D8008B4E8B /* GhastlyClient.h */ = {isa = PBXFileReference; fileEncoding = 4; lastKnownFileType = sourcecode.c.h; path = GhastlyClient.h; sourceTree = "<group>"; };
		E1A59669152659D8008B4E8B /* GhastlyHost.cpp */ = {isa = PBXFileReference; fileEncoding = 4; lastKnownFileType = sourcecode.cpp.cpp; path = GhastlyHost.cpp; sourceTree = "<group>"; };
		E1A5966A152659D8008B4E8B /* GhastlyHost.h */ = {isa = PBXFileReference; fileEncoding = 4; lastKnownFileType = sourcecode.c.h; path = GhastlyHost.h; sourceTree = "<group>"; };
		E1A5966B152659D8008B4E8B /* GhastlyProtocol.h */ = {isa = PBXFileReference; fileEncoding = 4; lastKnownFileType = sourcecode.c.h; path = GhastlyProtocol.h; sourceTree = "<group>"; };
		E1A5966C152659D8008B4E8B /* GhastlyServer.cpp */ = {isa = PBXFileReference; fileEncoding = 4; lastKnownFileType = sourcecode.cpp.cpp; path = GhastlyServer.cpp; sourceTree = "<group>"; };
		E1A5966D152659D8008B4E8B /* GhastlyServer.h */ = {isa = PBXFileReference; fileEncoding = 4; lastKnownFileType = sourcecode.c.h; path = GhastlyServer.h; sourceTree = "<group>"; };
		E1A5966E152659D8008B4E8B /* MultiConnectionProvider.cpp */ = {isa = PBXFileReference; fileEncoding = 4; lastKnownFileType = sourcecode.cpp.cpp; path = MultiConnectionProvider.cpp; sourceTree = "<group>"; };
		E1A5966F152659D8008B4E8B /* MultiConnectionProvider.h */ = {isa = PBXFileReference; fileEncoding = 4; lastKnownFileType = sourcecode.c.h; path = MultiConnectionProvider.h; sourceTree = "<group>"; };
		E1A59674152659F2008B4E8B /* IndexPool.cpp */ = {isa = PBXFileReference; fileEncoding = 4; lastKnownFileType = sourcecode.cpp.cpp; path = IndexPool.cpp; sourceTree = "<group>"; };
		E1A59675152659F2008B4E8B /* IndexPool.h */ = {isa = PBXFileReference; fileEncoding = 4; lastKnownFileType = sourcecode.c.h; path = IndexPool.h; sourceTree = "<group>"; };
		E1ED273B143CB59000D6FFBC /* SDL_image.framework */ = {isa = PBXFileReference; lastKnownFileType = wrapper.framework; name = SDL_image.framework; path = Frameworks/SDL_image.framework; sourceTree = "<group>"; };
/* End PBXFileReference section */

/* Begin PBXFrameworksBuildPhase section */
		E15FA1E5142BDF1C00CC6CE2 /* Frameworks */ = {
			isa = PBXFrameworksBuildPhase;
			buildActionMask = 2147483647;
			files = (
				E15FA1EA142BDF1C00CC6CE2 /* Cocoa.framework in Frameworks */,
				E152C6501434C8E100D83C44 /* SDL.framework in Frameworks */,
				E146AA38143BAB6F00DA17E9 /* SDL_ttf.framework in Frameworks */,
				E1ED273C143CB59000D6FFBC /* SDL_image.framework in Frameworks */,
				18687B3015179D6000494D7D /* OpenGL.framework in Frameworks */,
				18687B3215179D6900494D7D /* AGL.framework in Frameworks */,
			);
			runOnlyForDeploymentPostprocessing = 0;
		};
/* End PBXFrameworksBuildPhase section */

/* Begin PBXGroup section */
		E13A3FF3142A79C700D7EA2A /* Products */ = {
			isa = PBXGroup;
			children = (
				E15FA1E8142BDF1C00CC6CE2 /* GitM.app */,
			);
			name = Products;
			sourceTree = "<group>";
		};
		E13A3FF5142A79C700D7EA2A /* Frameworks */ = {
			isa = PBXGroup;
			children = (
				18687B3115179D6900494D7D /* AGL.framework */,
				18687B2F15179D6000494D7D /* OpenGL.framework */,
				E1ED273B143CB59000D6FFBC /* SDL_image.framework */,
				E146AA37143BAB6F00DA17E9 /* SDL_ttf.framework */,
				E152C64F1434C8E100D83C44 /* SDL.framework */,
				E13A3FF6142A79C700D7EA2A /* Cocoa.framework */,
				E13A3FF8142A79C700D7EA2A /* Other Frameworks */,
			);
			name = Frameworks;
			sourceTree = "<group>";
		};
		E13A3FF8142A79C700D7EA2A /* Other Frameworks */ = {
			isa = PBXGroup;
			children = (
				E13A3FF9142A79C700D7EA2A /* AppKit.framework */,
				E13A3FFA142A79C700D7EA2A /* CoreData.framework */,
				E13A3FFB142A79C700D7EA2A /* Foundation.framework */,
			);
			name = "Other Frameworks";
			sourceTree = "<group>";
		};
		E152C6511434C8F800D83C44 /* SDL */ = {
			isa = PBXGroup;
			children = (
				E152C6521434C8F800D83C44 /* SDLMain.h */,
				E152C6531434C8F800D83C44 /* SDLMain.m */,
			);
			path = SDL;
			sourceTree = "<group>";
		};
		E1A17FD21513E7B400EA9CDB /* Game */ = {
			isa = PBXGroup;
			children = (
				E1A17FD31513E7B400EA9CDB /* DebugVolume.cpp */,
				E1A17FD41513E7B400EA9CDB /* DebugVolume.h */,
				E1A17FD51513E7B400EA9CDB /* GameState.cpp */,
				E1A17FD61513E7B400EA9CDB /* GameState.h */,
				E1A17FD71513E7B400EA9CDB /* GhostCore.cpp */,
				E1A17FD81513E7B400EA9CDB /* GhostCore.h */,
				E1A17FD91513E7B400EA9CDB /* GhostWorld.cpp */,
				E1A17FDA1513E7B400EA9CDB /* GhostWorld.h */,
				E1A17FDB1513E7B400EA9CDB /* GitM-Info.plist */,
				E1A17FDC1513E7B400EA9CDB /* LoadingState.cpp */,
				E1A17FDD1513E7B400EA9CDB /* LoadingState.h */,
				E1A17FDE1513E7B400EA9CDB /* main.cpp */,
				E1A17FDF1513E7B400EA9CDB /* Platform.cpp */,
				E1A17FE01513E7B400EA9CDB /* Platform.h */,
				E1A17FE11513E7B400EA9CDB /* Player.cpp */,
				E1A17FE21513E7B400EA9CDB /* Player.h */,
				E1A17FE31513E7B400EA9CDB /* PlayerController.cpp */,
				E1A17FE41513E7B400EA9CDB /* PlayerController.h */,
				E1A17FE51513E7B400EA9CDB /* PlayingState.cpp */,
				E1A17FE61513E7B400EA9CDB /* PlayingState.h */,
				E1A17FE71513E7B400EA9CDB /* StartingState.cpp */,
				E1A17FE81513E7B400EA9CDB /* StartingState.h */,
				E1A17FE91513E7B400EA9CDB /* Wall.cpp */,
				E1A17FEA1513E7B400EA9CDB /* Wall.h */,
			);
			name = Game;
			path = ../Game;
			sourceTree = "<group>";
		};
		E1A17FEB1513E7B400EA9CDB /* Ghastly */ = {
			isa = PBXGroup;
			children = (
				E1A5966015265997008B4E8B /* UI */,
				E1A180111513E7B400EA9CDB /* Base */,
				E1A1802A1513E7B400EA9CDB /* Box2D */,
				E1A1808F1513E7B400EA9CDB /* Engine */,
				E1A180BA1513E7B400EA9CDB /* Network */,
				E1A180D71513E7B400EA9CDB /* Render */,
				E1A180E41513E7B400EA9CDB /* Resource */,
			);
			name = Ghastly;
			path = ../Ghastly;
			sourceTree = "<group>";
		};
		E1A180111513E7B400EA9CDB /* Base */ = {
			isa = PBXGroup;
			children = (
				E1A59674152659F2008B4E8B /* IndexPool.cpp */,
				E1A59675152659F2008B4E8B /* IndexPool.h */,
				E1A180121513E7B400EA9CDB /* AABB2.cpp */,
				E1A180131513E7B400EA9CDB /* AABB2.h */,
				E1A180141513E7B400EA9CDB /* AABB3.cpp */,
				E1A180151513E7B400EA9CDB /* AABB3.h */,
				E1A180161513E7B400EA9CDB /* Assertion.h */,
				E1A180171513E7B400EA9CDB /* Base.h */,
				E1A180181513E7B400EA9CDB /* Color.h */,
				E1A180191513E7B400EA9CDB /* FileSystem.cpp */,
				E1A1801A1513E7B400EA9CDB /* FileSystem.h */,
				E1A1801B1513E7B400EA9CDB /* Log.cpp */,
				E1A1801C1513E7B400EA9CDB /* Log.h */,
				E1A1801D1513E7B400EA9CDB /* Matrix4.cpp */,
				E1A1801E1513E7B400EA9CDB /* Matrix4.h */,
				E1A1801F1513E7B400EA9CDB /* PropertyMap.cpp */,
				E1A180201513E7B400EA9CDB /* PropertyMap.h */,
				E1A180211513E7B400EA9CDB /* ResourcePool.h */,
				E1A180221513E7B400EA9CDB /* Timestamp.cpp */,
				E1A180231513E7B400EA9CDB /* Timestamp.h */,
				E1A180241513E7B400EA9CDB /* Vector2.cpp */,
				E1A180251513E7B400EA9CDB /* Vector2.h */,
				E1A180261513E7B400EA9CDB /* Vector3.cpp */,
				E1A180271513E7B400EA9CDB /* Vector3.h */,
				E1A180281513E7B400EA9CDB /* Vector4.cpp */,
				E1A180291513E7B400EA9CDB /* Vector4.h */,
			);
			path = Base;
			sourceTree = "<group>";
		};
		E1A1802A1513E7B400EA9CDB /* Box2D */ = {
			isa = PBXGroup;
			children = (
				E1A1802B1513E7B400EA9CDB /* Box2D.h */,
				E1A1802C1513E7B400EA9CDB /* Box2DConfig.cmake */,
				E1A1802D1513E7B400EA9CDB /* CMakeLists.txt */,
				E1A1802E1513E7B400EA9CDB /* Collision */,
				E1A180461513E7B400EA9CDB /* Common */,
				E1A180541513E7B400EA9CDB /* Dynamics */,
				E1A1808C1513E7B400EA9CDB /* Rope */,
			);
			path = Box2D;
			sourceTree = "<group>";
		};
		E1A1802E1513E7B400EA9CDB /* Collision */ = {
			isa = PBXGroup;
			children = (
				E1A1802F1513E7B400EA9CDB /* b2BroadPhase.cpp */,
				E1A180301513E7B400EA9CDB /* b2BroadPhase.h */,
				E1A180311513E7B400EA9CDB /* b2CollideCircle.cpp */,
				E1A180321513E7B400EA9CDB /* b2CollideEdge.cpp */,
				E1A180331513E7B400EA9CDB /* b2CollidePolygon.cpp */,
				E1A180341513E7B400EA9CDB /* b2Collision.cpp */,
				E1A180351513E7B400EA9CDB /* b2Collision.h */,
				E1A180361513E7B400EA9CDB /* b2Distance.cpp */,
				E1A180371513E7B400EA9CDB /* b2Distance.h */,
				E1A180381513E7B400EA9CDB /* b2DynamicTree.cpp */,
				E1A180391513E7B400EA9CDB /* b2DynamicTree.h */,
				E1A1803A1513E7B400EA9CDB /* b2TimeOfImpact.cpp */,
				E1A1803B1513E7B400EA9CDB /* b2TimeOfImpact.h */,
				E1A1803C1513E7B400EA9CDB /* Shapes */,
			);
			path = Collision;
			sourceTree = "<group>";
		};
		E1A1803C1513E7B400EA9CDB /* Shapes */ = {
			isa = PBXGroup;
			children = (
				E1A1803D1513E7B400EA9CDB /* b2ChainShape.cpp */,
				E1A1803E1513E7B400EA9CDB /* b2ChainShape.h */,
				E1A1803F1513E7B400EA9CDB /* b2CircleShape.cpp */,
				E1A180401513E7B400EA9CDB /* b2CircleShape.h */,
				E1A180411513E7B400EA9CDB /* b2EdgeShape.cpp */,
				E1A180421513E7B400EA9CDB /* b2EdgeShape.h */,
				E1A180431513E7B400EA9CDB /* b2PolygonShape.cpp */,
				E1A180441513E7B400EA9CDB /* b2PolygonShape.h */,
				E1A180451513E7B400EA9CDB /* b2Shape.h */,
			);
			path = Shapes;
			sourceTree = "<group>";
		};
		E1A180461513E7B400EA9CDB /* Common */ = {
			isa = PBXGroup;
			children = (
				E1A180471513E7B400EA9CDB /* b2BlockAllocator.cpp */,
				E1A180481513E7B400EA9CDB /* b2BlockAllocator.h */,
				E1A180491513E7B400EA9CDB /* b2Draw.cpp */,
				E1A1804A1513E7B400EA9CDB /* b2Draw.h */,
				E1A1804B1513E7B400EA9CDB /* b2GrowableStack.h */,
				E1A1804C1513E7B400EA9CDB /* b2Math.cpp */,
				E1A1804D1513E7B400EA9CDB /* b2Math.h */,
				E1A1804E1513E7B400EA9CDB /* b2Settings.cpp */,
				E1A1804F1513E7B400EA9CDB /* b2Settings.h */,
				E1A180501513E7B400EA9CDB /* b2StackAllocator.cpp */,
				E1A180511513E7B400EA9CDB /* b2StackAllocator.h */,
				E1A180521513E7B400EA9CDB /* b2Timer.cpp */,
				E1A180531513E7B400EA9CDB /* b2Timer.h */,
			);
			path = Common;
			sourceTree = "<group>";
		};
		E1A180541513E7B400EA9CDB /* Dynamics */ = {
			isa = PBXGroup;
			children = (
				E1A180551513E7B400EA9CDB /* b2Body.cpp */,
				E1A180561513E7B400EA9CDB /* b2Body.h */,
				E1A180571513E7B400EA9CDB /* b2ContactManager.cpp */,
				E1A180581513E7B400EA9CDB /* b2ContactManager.h */,
				E1A180591513E7B400EA9CDB /* b2Fixture.cpp */,
				E1A1805A1513E7B400EA9CDB /* b2Fixture.h */,
				E1A1805B1513E7B400EA9CDB /* b2Island.cpp */,
				E1A1805C1513E7B400EA9CDB /* b2Island.h */,
				E1A1805D1513E7B400EA9CDB /* b2TimeStep.h */,
				E1A1805E1513E7B400EA9CDB /* b2World.cpp */,
				E1A1805F1513E7B400EA9CDB /* b2World.h */,
				E1A180601513E7B400EA9CDB /* b2WorldCallbacks.cpp */,
				E1A180611513E7B400EA9CDB /* b2WorldCallbacks.h */,
				E1A180621513E7B400EA9CDB /* Contacts */,
				E1A180751513E7B400EA9CDB /* Joints */,
			);
			path = Dynamics;
			sourceTree = "<group>";
		};
		E1A180621513E7B400EA9CDB /* Contacts */ = {
			isa = PBXGroup;
			children = (
				E1A180631513E7B400EA9CDB /* b2ChainAndCircleContact.cpp */,
				E1A180641513E7B400EA9CDB /* b2ChainAndCircleContact.h */,
				E1A180651513E7B400EA9CDB /* b2ChainAndPolygonContact.cpp */,
				E1A180661513E7B400EA9CDB /* b2ChainAndPolygonContact.h */,
				E1A180671513E7B400EA9CDB /* b2CircleContact.cpp */,
				E1A180681513E7B400EA9CDB /* b2CircleContact.h */,
				E1A180691513E7B400EA9CDB /* b2Contact.cpp */,
				E1A1806A1513E7B400EA9CDB /* b2Contact.h */,
				E1A1806B1513E7B400EA9CDB /* b2ContactSolver.cpp */,
				E1A1806C1513E7B400EA9CDB /* b2ContactSolver.h */,
				E1A1806D1513E7B400EA9CDB /* b2EdgeAndCircleContact.cpp */,
				E1A1806E1513E7B400EA9CDB /* b2EdgeAndCircleContact.h */,
				E1A1806F1513E7B400EA9CDB /* b2EdgeAndPolygonContact.cpp */,
				E1A180701513E7B400EA9CDB /* b2EdgeAndPolygonContact.h */,
				E1A180711513E7B400EA9CDB /* b2PolygonAndCircleContact.cpp */,
				E1A180721513E7B400EA9CDB /* b2PolygonAndCircleContact.h */,
				E1A180731513E7B400EA9CDB /* b2PolygonContact.cpp */,
				E1A180741513E7B400EA9CDB /* b2PolygonContact.h */,
			);
			path = Contacts;
			sourceTree = "<group>";
		};
		E1A180751513E7B400EA9CDB /* Joints */ = {
			isa = PBXGroup;
			children = (
				E1A180761513E7B400EA9CDB /* b2DistanceJoint.cpp */,
				E1A180771513E7B400EA9CDB /* b2DistanceJoint.h */,
				E1A180781513E7B400EA9CDB /* b2FrictionJoint.cpp */,
				E1A180791513E7B400EA9CDB /* b2FrictionJoint.h */,
				E1A1807A1513E7B400EA9CDB /* b2GearJoint.cpp */,
				E1A1807B1513E7B400EA9CDB /* b2GearJoint.h */,
				E1A1807C1513E7B400EA9CDB /* b2Joint.cpp */,
				E1A1807D1513E7B400EA9CDB /* b2Joint.h */,
				E1A1807E1513E7B400EA9CDB /* b2MouseJoint.cpp */,
				E1A1807F1513E7B400EA9CDB /* b2MouseJoint.h */,
				E1A180801513E7B400EA9CDB /* b2PrismaticJoint.cpp */,
				E1A180811513E7B400EA9CDB /* b2PrismaticJoint.h */,
				E1A180821513E7B400EA9CDB /* b2PulleyJoint.cpp */,
				E1A180831513E7B400EA9CDB /* b2PulleyJoint.h */,
				E1A180841513E7B400EA9CDB /* b2RevoluteJoint.cpp */,
				E1A180851513E7B400EA9CDB /* b2RevoluteJoint.h */,
				E1A180861513E7B400EA9CDB /* b2RopeJoint.cpp */,
				E1A180871513E7B400EA9CDB /* b2RopeJoint.h */,
				E1A180881513E7B400EA9CDB /* b2WeldJoint.cpp */,
				E1A180891513E7B400EA9CDB /* b2WeldJoint.h */,
				E1A1808A1513E7B400EA9CDB /* b2WheelJoint.cpp */,
				E1A1808B1513E7B400EA9CDB /* b2WheelJoint.h */,
			);
			path = Joints;
			sourceTree = "<group>";
		};
		E1A1808C1513E7B400EA9CDB /* Rope */ = {
			isa = PBXGroup;
			children = (
				E1A1808D1513E7B400EA9CDB /* b2Rope.cpp */,
				E1A1808E1513E7B400EA9CDB /* b2Rope.h */,
			);
			path = Rope;
			sourceTree = "<group>";
		};
		E1A1808F1513E7B400EA9CDB /* Engine */ = {
			isa = PBXGroup;
			children = (
				E1A180901513E7B400EA9CDB /* Camera.cpp */,
				E1A180911513E7B400EA9CDB /* Camera.h */,
				E1A180921513E7B400EA9CDB /* ContactListener.cpp */,
				E1A180931513E7B400EA9CDB /* ContactListener.h */,
				E1A180941513E7B400EA9CDB /* Controller.cpp */,
				E1A180951513E7B400EA9CDB /* Controller.h */,
				E1A180961513E7B400EA9CDB /* Core.cpp */,
				E1A180971513E7B400EA9CDB /* Core.h */,
				E1A180981513E7B400EA9CDB /* Entity.cpp */,
				E1A180991513E7B400EA9CDB /* Entity.h */,
				E1A1809A1513E7B400EA9CDB /* EventHandler.cpp */,
				E1A1809B1513E7B400EA9CDB /* EventHandler.h */,
				E1A1809C1513E7B400EA9CDB /* Frustum.cpp */,
				E1A1809D1513E7B400EA9CDB /* Frustum.h */,
				E1A1809E1513E7B400EA9CDB /* IsoCamera.cpp */,
				E1A1809F1513E7B400EA9CDB /* IsoCamera.h */,
				E1A180A01513E7B400EA9CDB /* KeyboardListener.cpp */,
				E1A180A11513E7B400EA9CDB /* KeyboardListener.h */,
				E1A180A21513E7B400EA9CDB /* Mob.cpp */,
				E1A180A31513E7B400EA9CDB /* Mob.h */,
				E1A180A41513E7B400EA9CDB /* OrthoCamera.cpp */,
				E1A180A51513E7B400EA9CDB /* OrthoCamera.h */,
				E1A180A61513E7B400EA9CDB /* ParentState.cpp */,
				E1A180A71513E7B400EA9CDB /* ParentState.h */,
				E1A180A81513E7B400EA9CDB /* PhysicsController.cpp */,
				E1A180A91513E7B400EA9CDB /* PhysicsController.h */,
				E1A180AA1513E7B400EA9CDB /* PhysicsEngine.cpp */,
				E1A180AB1513E7B400EA9CDB /* PhysicsEngine.h */,
				E1A180AC1513E7B400EA9CDB /* QuadTreeSceneManager.cpp */,
				E1A180AD1513E7B400EA9CDB /* QuadTreeSceneManager.h */,
				E1A180AE1513E7B400EA9CDB /* SceneManager.cpp */,
				E1A180AF1513E7B400EA9CDB /* SceneManager.h */,
				E1A180B01513E7B400EA9CDB /* SceneNode.cpp */,
				E1A180B11513E7B400EA9CDB /* SceneNode.h */,
				E1A180B21513E7B400EA9CDB /* State.cpp */,
				E1A180B31513E7B400EA9CDB /* State.h */,
				E1A180B41513E7B400EA9CDB /* Window.cpp */,
				E1A180B51513E7B400EA9CDB /* Window.h */,
				E1A180B61513E7B400EA9CDB /* WindowListener.cpp */,
				E1A180B71513E7B400EA9CDB /* WindowListener.h */,
				E1A180B81513E7B400EA9CDB /* World.cpp */,
				E1A180B91513E7B400EA9CDB /* World.h */,
			);
			path = Engine;
			sourceTree = "<group>";
		};
		E1A180BA1513E7B400EA9CDB /* Network */ = {
			isa = PBXGroup;
			children = (
				E1A59667152659D8008B4E8B /* GhastlyClient.cpp */,
				E1A59668152659D8008B4E8B /* GhastlyClient.h */,
				E1A59669152659D8008B4E8B /* GhastlyHost.cpp */,
				E1A5966A152659D8008B4E8B /* GhastlyHost.h */,
				E1A5966B152659D8008B4E8B /* GhastlyProtocol.h */,
				E1A5966C152659D8008B4E8B /* GhastlyServer.cpp */,
				E1A5966D152659D8008B4E8B /* GhastlyServer.h */,
				E1A5966E152659D8008B4E8B /* MultiConnectionProvider.cpp */,
				E1A5966F152659D8008B4E8B /* MultiConnectionProvider.h */,
				E1A180BB1513E7B400EA9CDB /* ClientProvider.cpp */,
				E1A180BC1513E7B400EA9CDB /* ClientProvider.h */,
				E1A180BD1513E7B400EA9CDB /* ConnectionBuffer.cpp */,
				E1A180BE1513E7B400EA9CDB /* ConnectionBuffer.h */,
				E1A180C01513E7B400EA9CDB /* ConnectionProvider.h */,
				E1A180C11513E7B400EA9CDB /* ListenSocket.cpp */,
				E1A180C21513E7B400EA9CDB /* ListenSocket.h */,
				E1A180C31513E7B400EA9CDB /* NetAddress.cpp */,
				E1A180C41513E7B400EA9CDB /* NetAddress.h */,
				E1A180C51513E7B400EA9CDB /* Packet.cpp */,
				E1A180C61513E7B400EA9CDB /* Packet.h */,
				E1A180C71513E7B400EA9CDB /* ServerProvider.cpp */,
				E1A180C81513E7B400EA9CDB /* ServerProvider.h */,
				E1A180C91513E7B400EA9CDB /* SimpleUDPProvider.cpp */,
				E1A180CA1513E7B400EA9CDB /* SimpleUDPProvider.h */,
				E1A180CB1513E7B400EA9CDB /* Socket.cpp */,
				E1A180CC1513E7B400EA9CDB /* Socket.h */,
				E1A180CD1513E7B400EA9CDB /* SocketedUDPProvider.cpp */,
				E1A180CE1513E7B400EA9CDB /* SocketedUDPProvider.h */,
				E1A180CF1513E7B400EA9CDB /* TCPBuffer.cpp */,
				E1A180D01513E7B400EA9CDB /* TCPBuffer.h */,
				E1A180D11513E7B400EA9CDB /* TCPSocket.cpp */,
				E1A180D21513E7B400EA9CDB /* TCPSocket.h */,
				E1A180D31513E7B400EA9CDB /* UDPBuffer.cpp */,
				E1A180D41513E7B400EA9CDB /* UDPBuffer.h */,
				E1A180D51513E7B400EA9CDB /* UDPSocket.cpp */,
				E1A180D61513E7B400EA9CDB /* UDPSocket.h */,
			);
			path = Network;
			sourceTree = "<group>";
		};
		E1A180D71513E7B400EA9CDB /* Render */ = {
			isa = PBXGroup;
			children = (
				E1A180D81513E7B400EA9CDB /* Font.cpp */,
				E1A180D91513E7B400EA9CDB /* Font.h */,
				E1A180DA1513E7B400EA9CDB /* Material.cpp */,
				E1A180DB1513E7B400EA9CDB /* Material.h */,
				E1A180DC1513E7B400EA9CDB /* Renderable.cpp */,
				E1A180DD1513E7B400EA9CDB /* Renderable.h */,
				E1A180DE1513E7B400EA9CDB /* RenderContext.cpp */,
				E1A180DF1513E7B400EA9CDB /* RenderContext.h */,
				E1A180E01513E7B400EA9CDB /* Texture.cpp */,
				E1A180E11513E7B400EA9CDB /* Texture.h */,
				E1A180E21513E7B400EA9CDB /* Viewport.cpp */,
				E1A180E31513E7B400EA9CDB /* Viewport.h */,
			);
			path = Render;
			sourceTree = "<group>";
		};
		E1A180E41513E7B400EA9CDB /* Resource */ = {
			isa = PBXGroup;
			children = (
				E1A180E51513E7B400EA9CDB /* MaterialManager.cpp */,
				E1A180E61513E7B400EA9CDB /* MaterialManager.h */,
				E1A180E71513E7B400EA9CDB /* ResourceManager.h */,
				E1A180E81513E7B400EA9CDB /* TextureManager.cpp */,
				E1A180E91513E7B400EA9CDB /* TextureManager.h */,
				E1A180EA1513E7B400EA9CDB /* ThreadedResourceManager.cpp */,
				E1A180EB1513E7B400EA9CDB /* ThreadedResourceManager.h */,
				E1A180EC1513E7B400EA9CDB /* TTFManager.cpp */,
				E1A180ED1513E7B400EA9CDB /* TTFManager.h */,
				E1A180EE1513E7B400EA9CDB /* WorldManager.cpp */,
				E1A180EF1513E7B400EA9CDB /* WorldManager.h */,
			);
			path = Resource;
			sourceTree = "<group>";
		};
		E1A5966015265997008B4E8B /* UI */ = {
			isa = PBXGroup;
			children = (
				E1A59664152659B4008B4E8B /* UIManager.cpp */,
				E1A59665152659B4008B4E8B /* UIManager.h */,
				E1A59661152659AD008B4E8B /* UIElement.cpp */,
				E1A59662152659AD008B4E8B /* UIElement.h */,
			);
			name = UI;
			sourceTree = "<group>";
		};
		E1C4C916142A751A004E4ACD = {
			isa = PBXGroup;
			children = (
				E1A17FD21513E7B400EA9CDB /* Game */,
				E1A17FEB1513E7B400EA9CDB /* Ghastly */,
				E13A3FF5142A79C700D7EA2A /* Frameworks */,
				E152C6511434C8F800D83C44 /* SDL */,
				E13A3FF3142A79C700D7EA2A /* Products */,
			);
			sourceTree = "<group>";
		};
/* End PBXGroup section */

/* Begin PBXNativeTarget section */
		E15FA1E7142BDF1C00CC6CE2 /* GitM */ = {
			isa = PBXNativeTarget;
			buildConfigurationList = E15FA1FF142BDF1C00CC6CE2 /* Build configuration list for PBXNativeTarget "GitM" */;
			buildPhases = (
				E15FA1E4142BDF1C00CC6CE2 /* Sources */,
				E15FA1E5142BDF1C00CC6CE2 /* Frameworks */,
				E15FA1E6142BDF1C00CC6CE2 /* Resources */,
				18687B2B15179A0000494D7D /* CopyFiles */,
			);
			buildRules = (
			);
			dependencies = (
			);
			name = GitM;
			productName = GitM;
			productReference = E15FA1E8142BDF1C00CC6CE2 /* GitM.app */;
			productType = "com.apple.product-type.application";
		};
/* End PBXNativeTarget section */

/* Begin PBXProject section */
		E1C4C918142A751A004E4ACD /* Project object */ = {
			isa = PBXProject;
			attributes = {
				LastUpgradeCheck = 0430;
			};
			buildConfigurationList = E1C4C91B142A751A004E4ACD /* Build configuration list for PBXProject "GitM" */;
			compatibilityVersion = "Xcode 3.2";
			developmentRegion = English;
			hasScannedForEncodings = 0;
			knownRegions = (
				en,
			);
			mainGroup = E1C4C916142A751A004E4ACD;
			productRefGroup = E13A3FF3142A79C700D7EA2A /* Products */;
			projectDirPath = "";
			projectRoot = "";
			targets = (
				E15FA1E7142BDF1C00CC6CE2 /* GitM */,
			);
		};
/* End PBXProject section */

/* Begin PBXResourcesBuildPhase section */
		E15FA1E6142BDF1C00CC6CE2 /* Resources */ = {
			isa = PBXResourcesBuildPhase;
			buildActionMask = 2147483647;
			files = (
				E1A181271513E7B400EA9CDB /* Box2DConfig.cmake in Resources */,
				E1A181281513E7B400EA9CDB /* CMakeLists.txt in Resources */,
			);
			runOnlyForDeploymentPostprocessing = 0;
		};
/* End PBXResourcesBuildPhase section */

/* Begin PBXSourcesBuildPhase section */
		E15FA1E4142BDF1C00CC6CE2 /* Sources */ = {
			isa = PBXSourcesBuildPhase;
			buildActionMask = 2147483647;
			files = (
				E152C6541434C8F800D83C44 /* SDLMain.m in Sources */,
				E1A180F91513E7B400EA9CDB /* DebugVolume.cpp in Sources */,
				E1A180FA1513E7B400EA9CDB /* GameState.cpp in Sources */,
				E1A180FB1513E7B400EA9CDB /* GhostCore.cpp in Sources */,
				E1A180FC1513E7B400EA9CDB /* GhostWorld.cpp in Sources */,
				E1A180FE1513E7B400EA9CDB /* LoadingState.cpp in Sources */,
				E1A180FF1513E7B400EA9CDB /* main.cpp in Sources */,
				E1A181001513E7B400EA9CDB /* Platform.cpp in Sources */,
				E1A181011513E7B400EA9CDB /* Player.cpp in Sources */,
				E1A181021513E7B400EA9CDB /* PlayerController.cpp in Sources */,
				E1A181031513E7B400EA9CDB /* PlayingState.cpp in Sources */,
				E1A181041513E7B400EA9CDB /* StartingState.cpp in Sources */,
				E1A181051513E7B400EA9CDB /* Wall.cpp in Sources */,
				E1A1811D1513E7B400EA9CDB /* AABB2.cpp in Sources */,
				E1A1811E1513E7B400EA9CDB /* AABB3.cpp in Sources */,
				E1A1811F1513E7B400EA9CDB /* FileSystem.cpp in Sources */,
				E1A181201513E7B400EA9CDB /* Log.cpp in Sources */,
				E1A181211513E7B400EA9CDB /* Matrix4.cpp in Sources */,
				E1A181221513E7B400EA9CDB /* PropertyMap.cpp in Sources */,
				E1A181231513E7B400EA9CDB /* Timestamp.cpp in Sources */,
				E1A181241513E7B400EA9CDB /* Vector2.cpp in Sources */,
				E1A181251513E7B400EA9CDB /* Vector3.cpp in Sources */,
				E1A181261513E7B400EA9CDB /* Vector4.cpp in Sources */,
				E1A181291513E7B400EA9CDB /* b2BroadPhase.cpp in Sources */,
				E1A1812A1513E7B400EA9CDB /* b2CollideCircle.cpp in Sources */,
				E1A1812B1513E7B400EA9CDB /* b2CollideEdge.cpp in Sources */,
				E1A1812C1513E7B400EA9CDB /* b2CollidePolygon.cpp in Sources */,
				E1A1812D1513E7B400EA9CDB /* b2Collision.cpp in Sources */,
				E1A1812E1513E7B400EA9CDB /* b2Distance.cpp in Sources */,
				E1A1812F1513E7B400EA9CDB /* b2DynamicTree.cpp in Sources */,
				E1A181301513E7B400EA9CDB /* b2TimeOfImpact.cpp in Sources */,
				E1A181311513E7B400EA9CDB /* b2ChainShape.cpp in Sources */,
				E1A181321513E7B400EA9CDB /* b2CircleShape.cpp in Sources */,
				E1A181331513E7B400EA9CDB /* b2EdgeShape.cpp in Sources */,
				E1A181341513E7B400EA9CDB /* b2PolygonShape.cpp in Sources */,
				E1A181351513E7B400EA9CDB /* b2BlockAllocator.cpp in Sources */,
				E1A181361513E7B400EA9CDB /* b2Draw.cpp in Sources */,
				E1A181371513E7B400EA9CDB /* b2Math.cpp in Sources */,
				E1A181381513E7B400EA9CDB /* b2Settings.cpp in Sources */,
				E1A181391513E7B400EA9CDB /* b2StackAllocator.cpp in Sources */,
				E1A1813A1513E7B400EA9CDB /* b2Timer.cpp in Sources */,
				E1A1813B1513E7B400EA9CDB /* b2Body.cpp in Sources */,
				E1A1813C1513E7B400EA9CDB /* b2ContactManager.cpp in Sources */,
				E1A1813D1513E7B400EA9CDB /* b2Fixture.cpp in Sources */,
				E1A1813E1513E7B400EA9CDB /* b2Island.cpp in Sources */,
				E1A1813F1513E7B400EA9CDB /* b2World.cpp in Sources */,
				E1A181401513E7B400EA9CDB /* b2WorldCallbacks.cpp in Sources */,
				E1A181411513E7B400EA9CDB /* b2ChainAndCircleContact.cpp in Sources */,
				E1A181421513E7B400EA9CDB /* b2ChainAndPolygonContact.cpp in Sources */,
				E1A181431513E7B400EA9CDB /* b2CircleContact.cpp in Sources */,
				E1A181441513E7B400EA9CDB /* b2Contact.cpp in Sources */,
				E1A181451513E7B400EA9CDB /* b2ContactSolver.cpp in Sources */,
				E1A181461513E7B400EA9CDB /* b2EdgeAndCircleContact.cpp in Sources */,
				E1A181471513E7B400EA9CDB /* b2EdgeAndPolygonContact.cpp in Sources */,
				E1A181481513E7B400EA9CDB /* b2PolygonAndCircleContact.cpp in Sources */,
				E1A181491513E7B400EA9CDB /* b2PolygonContact.cpp in Sources */,
				E1A1814A1513E7B400EA9CDB /* b2DistanceJoint.cpp in Sources */,
				E1A1814B1513E7B400EA9CDB /* b2FrictionJoint.cpp in Sources */,
				E1A1814C1513E7B400EA9CDB /* b2GearJoint.cpp in Sources */,
				E1A1814D1513E7B400EA9CDB /* b2Joint.cpp in Sources */,
				E1A1814E1513E7B400EA9CDB /* b2MouseJoint.cpp in Sources */,
				E1A1814F1513E7B400EA9CDB /* b2PrismaticJoint.cpp in Sources */,
				E1A181501513E7B400EA9CDB /* b2PulleyJoint.cpp in Sources */,
				E1A181511513E7B400EA9CDB /* b2RevoluteJoint.cpp in Sources */,
				E1A181521513E7B400EA9CDB /* b2RopeJoint.cpp in Sources */,
				E1A181531513E7B400EA9CDB /* b2WeldJoint.cpp in Sources */,
				E1A181541513E7B400EA9CDB /* b2WheelJoint.cpp in Sources */,
				E1A181551513E7B400EA9CDB /* b2Rope.cpp in Sources */,
				E1A181561513E7B400EA9CDB /* Camera.cpp in Sources */,
				E1A181571513E7B400EA9CDB /* ContactListener.cpp in Sources */,
				E1A181581513E7B400EA9CDB /* Controller.cpp in Sources */,
				E1A181591513E7B400EA9CDB /* Core.cpp in Sources */,
				E1A1815A1513E7B400EA9CDB /* Entity.cpp in Sources */,
				E1A1815B1513E7B400EA9CDB /* EventHandler.cpp in Sources */,
				E1A1815C1513E7B400EA9CDB /* Frustum.cpp in Sources */,
				E1A1815D1513E7B400EA9CDB /* IsoCamera.cpp in Sources */,
				E1A1815E1513E7B400EA9CDB /* KeyboardListener.cpp in Sources */,
				E1A1815F1513E7B400EA9CDB /* Mob.cpp in Sources */,
				E1A181601513E7B400EA9CDB /* OrthoCamera.cpp in Sources */,
				E1A181611513E7B400EA9CDB /* ParentState.cpp in Sources */,
				E1A181621513E7B400EA9CDB /* PhysicsController.cpp in Sources */,
				E1A181631513E7B400EA9CDB /* PhysicsEngine.cpp in Sources */,
				E1A181641513E7B400EA9CDB /* QuadTreeSceneManager.cpp in Sources */,
				E1A181651513E7B400EA9CDB /* SceneManager.cpp in Sources */,
				E1A181661513E7B400EA9CDB /* SceneNode.cpp in Sources */,
				E1A181671513E7B400EA9CDB /* State.cpp in Sources */,
				E1A181681513E7B400EA9CDB /* Window.cpp in Sources */,
				E1A181691513E7B400EA9CDB /* WindowListener.cpp in Sources */,
				E1A1816A1513E7B400EA9CDB /* World.cpp in Sources */,
				E1A1816B1513E7B400EA9CDB /* ClientProvider.cpp in Sources */,
				E1A1816C1513E7B400EA9CDB /* ConnectionBuffer.cpp in Sources */,
				E1A1816E1513E7B400EA9CDB /* ListenSocket.cpp in Sources */,
				E1A1816F1513E7B400EA9CDB /* NetAddress.cpp in Sources */,
				E1A181701513E7B400EA9CDB /* Packet.cpp in Sources */,
				E1A181711513E7B400EA9CDB /* ServerProvider.cpp in Sources */,
				E1A181721513E7B400EA9CDB /* SimpleUDPProvider.cpp in Sources */,
				E1A181731513E7B400EA9CDB /* Socket.cpp in Sources */,
				E1A181741513E7B400EA9CDB /* SocketedUDPProvider.cpp in Sources */,
				E1A181751513E7B400EA9CDB /* TCPBuffer.cpp in Sources */,
				E1A181761513E7B400EA9CDB /* TCPSocket.cpp in Sources */,
				E1A181771513E7B400EA9CDB /* UDPBuffer.cpp in Sources */,
				E1A181781513E7B400EA9CDB /* UDPSocket.cpp in Sources */,
				E1A181791513E7B400EA9CDB /* Font.cpp in Sources */,
				E1A1817A1513E7B400EA9CDB /* Material.cpp in Sources */,
				E1A1817B1513E7B400EA9CDB /* Renderable.cpp in Sources */,
				E1A1817C1513E7B400EA9CDB /* RenderContext.cpp in Sources */,
				E1A1817D1513E7B400EA9CDB /* Texture.cpp in Sources */,
				E1A1817E1513E7B400EA9CDB /* Viewport.cpp in Sources */,
				E1A1817F1513E7B400EA9CDB /* MaterialManager.cpp in Sources */,
				E1A181801513E7B400EA9CDB /* TextureManager.cpp in Sources */,
				E1A181811513E7B400EA9CDB /* ThreadedResourceManager.cpp in Sources */,
				E1A181821513E7B400EA9CDB /* TTFManager.cpp in Sources */,
				E1A181831513E7B400EA9CDB /* WorldManager.cpp in Sources */,
				E1A59663152659AD008B4E8B /* UIElement.cpp in Sources */,
				E1A59666152659B4008B4E8B /* UIManager.cpp in Sources */,
				E1A59670152659D8008B4E8B /* GhastlyClient.cpp in Sources */,
				E1A59671152659D8008B4E8B /* GhastlyHost.cpp in Sources */,
				E1A59672152659D8008B4E8B /* GhastlyServer.cpp in Sources */,
				E1A59673152659D8008B4E8B /* MultiConnectionProvider.cpp in Sources */,
				E1A59676152659F3008B4E8B /* IndexPool.cpp in Sources */,
			);
			runOnlyForDeploymentPostprocessing = 0;
		};
/* End PBXSourcesBuildPhase section */

/* Begin XCBuildConfiguration section */
		E15FA1FD142BDF1C00CC6CE2 /* Debug */ = {
			isa = XCBuildConfiguration;
			buildSettings = {
				ALWAYS_SEARCH_USER_PATHS = NO;
				ARCHS = "$(ARCHS_STANDARD_32_64_BIT)";
				COPY_PHASE_STRIP = NO;
				FRAMEWORK_SEARCH_PATHS = (
					"$(inherited)",
					"\"$(SRCROOT)\"",
					"\"$(SRCROOT)/Frameworks\"",
				);
				GCC_C_LANGUAGE_STANDARD = gnu99;
				GCC_DYNAMIC_NO_PIC = NO;
				GCC_ENABLE_OBJC_EXCEPTIONS = YES;
				GCC_OPTIMIZATION_LEVEL = 0;
				GCC_PRECOMPILE_PREFIX_HEADER = YES;
				GCC_PREFIX_HEADER = "";
				GCC_PREPROCESSOR_DEFINITIONS = DEBUG;
				GCC_SYMBOLS_PRIVATE_EXTERN = NO;
				GCC_VERSION = com.apple.compilers.llvm.clang.1_0;
				GCC_WARN_64_TO_32_BIT_CONVERSION = YES;
				GCC_WARN_ABOUT_RETURN_TYPE = YES;
				GCC_WARN_UNUSED_VARIABLE = YES;
				HEADER_SEARCH_PATHS = "$(SRCROOT)/../**";
				INFOPLIST_FILE = "../Game/GitM-Info.plist";
				MACOSX_DEPLOYMENT_TARGET = 10.6;
				ONLY_ACTIVE_ARCH = YES;
				PRODUCT_NAME = "$(TARGET_NAME)";
				SDKROOT = macosx;
				WRAPPER_EXTENSION = app;
			};
			name = Debug;
		};
		E15FA1FE142BDF1C00CC6CE2 /* Release */ = {
			isa = XCBuildConfiguration;
			buildSettings = {
				ALWAYS_SEARCH_USER_PATHS = NO;
				ARCHS = "$(ARCHS_STANDARD_32_64_BIT)";
				COPY_PHASE_STRIP = YES;
				DEBUG_INFORMATION_FORMAT = "dwarf-with-dsym";
				FRAMEWORK_SEARCH_PATHS = (
					"$(inherited)",
					"\"$(SRCROOT)\"",
					"\"$(SRCROOT)/Frameworks\"",
				);
				GCC_C_LANGUAGE_STANDARD = gnu99;
				GCC_ENABLE_OBJC_EXCEPTIONS = YES;
				GCC_PRECOMPILE_PREFIX_HEADER = YES;
				GCC_PREFIX_HEADER = "";
				GCC_VERSION = com.apple.compilers.llvm.clang.1_0;
				GCC_WARN_64_TO_32_BIT_CONVERSION = YES;
				GCC_WARN_ABOUT_RETURN_TYPE = YES;
				GCC_WARN_UNUSED_VARIABLE = YES;
				HEADER_SEARCH_PATHS = "$(SRCROOT)/../**";
				INFOPLIST_FILE = "../Game/GitM-Info.plist";
				MACOSX_DEPLOYMENT_TARGET = 10.6;
				PRODUCT_NAME = "$(TARGET_NAME)";
				SDKROOT = macosx;
				WRAPPER_EXTENSION = app;
			};
			name = Release;
		};
		E1C4C91D142A751A004E4ACD /* Debug */ = {
			isa = XCBuildConfiguration;
			buildSettings = {
				HEADER_SEARCH_PATHS = (
					"$(SRCROOT)/..",
					"$(SRCROOT)",
				);
			};
			name = Debug;
		};
		E1C4C91E142A751A004E4ACD /* Release */ = {
			isa = XCBuildConfiguration;
			buildSettings = {
				HEADER_SEARCH_PATHS = (
					"$(SRCROOT)/..",
					"$(SRCROOT)",
				);
			};
			name = Release;
		};
/* End XCBuildConfiguration section */

/* Begin XCConfigurationList section */
		E15FA1FF142BDF1C00CC6CE2 /* Build configuration list for PBXNativeTarget "GitM" */ = {
			isa = XCConfigurationList;
			buildConfigurations = (
				E15FA1FD142BDF1C00CC6CE2 /* Debug */,
				E15FA1FE142BDF1C00CC6CE2 /* Release */,
			);
			defaultConfigurationIsVisible = 0;
			defaultConfigurationName = Release;
		};
		E1C4C91B142A751A004E4ACD /* Build configuration list for PBXProject "GitM" */ = {
			isa = XCConfigurationList;
			buildConfigurations = (
				E1C4C91D142A751A004E4ACD /* Debug */,
				E1C4C91E142A751A004E4ACD /* Release */,
			);
			defaultConfigurationIsVisible = 0;
			defaultConfigurationName = Release;
		};
/* End XCConfigurationList section */
	};
	rootObject = E1C4C918142A751A004E4ACD /* Project object */;
}
